
Microsoft Visual Studio Solution File, Format Version 12.00
# Visual Studio Version 17
VisualStudioVersion = 17.8.34330.188
MinimumVisualStudioVersion = 10.0.40219.1
Project("{2150E333-8FDC-42A3-9474-1A3956D46DE8}") = "Examples", "Examples", "{67975BED-EA57-4D56-8C1F-C06E6BF3ED09}"
EndProject
Project("{8BC9CEB8-8B4A-11D0-8D11-00A0C91BC942}") = "Engine_Windows", "BUILD\Engine_Windows.vcxproj", "{D86799C4-9D93-4981-93B7-48C219D40915}"
EndProject
Project("{2150E333-8FDC-42A3-9474-1A3956D46DE8}") = "Engine Build", "Engine Build", "{72F7CF71-5EAA-4BC7-B937-6270571D9EDA}"
EndProject
Project("{8BC9CEB8-8B4A-11D0-8D11-00A0C91BC942}") = "Engine_SOURCE", "EngineCore\Engine_SOURCE.vcxitems", "{D8D9BFE0-037D-43C2-A0E4-C5E88B21BFEA}"
EndProject
Project("{8BC9CEB8-8B4A-11D0-8D11-00A0C91BC942}") = "PluginSample001", "Examples\PluginSample001\PluginSample001.vcxproj", "{E2D2C7BC-B88E-4340-B334-AC845CBAFCE8}"
	ProjectSection(ProjectDependencies) = postProject
		{D86799C4-9D93-4981-93B7-48C219D40915} = {D86799C4-9D93-4981-93B7-48C219D40915}
	EndProjectSection
EndProject
Project("{2150E333-8FDC-42A3-9474-1A3956D46DE8}") = "Modules (Essential)", "Modules (Essential)", "{C2134175-EEFE-47EA-BAE5-EC589D70946F}"
EndProject
Project("{8BC9CEB8-8B4A-11D0-8D11-00A0C91BC942}") = "Sample01", "Examples\Sample001\Sample01.vcxproj", "{9F316E83-5AE5-4939-A723-305A94F48005}"
	ProjectSection(ProjectDependencies) = postProject
		{D86799C4-9D93-4981-93B7-48C219D40915} = {D86799C4-9D93-4981-93B7-48C219D40915}
	EndProjectSection
EndProject
Project("{2150E333-8FDC-42A3-9474-1A3956D46DE8}") = "Shader Engines", "Shader Engines", "{821B90CB-C36E-4340-92E5-531178151C02}"
EndProject
Project("{2150E333-8FDC-42A3-9474-1A3956D46DE8}") = "Built-in Plugins", "Built-in Plugins", "{D5932B66-320A-4FA8-9E0D-C1FD4EF88E04}"
EndProject
Project("{8BC9CEB8-8B4A-11D0-8D11-00A0C91BC942}") = "Sample02", "Examples\Sample002\Sample02.vcxproj", "{29DA1FC3-1674-4897-A72D-E81317C187B8}"
	ProjectSection(ProjectDependencies) = postProject
		{D86799C4-9D93-4981-93B7-48C219D40915} = {D86799C4-9D93-4981-93B7-48C219D40915}
	EndProjectSection
EndProject
Project("{2150E333-8FDC-42A3-9474-1A3956D46DE8}") = "Engine-Plugin Samples", "Engine-Plugin Samples", "{8963E175-6D53-4024-B1A3-DD44CF101C8E}"
EndProject
Project("{2150E333-8FDC-42A3-9474-1A3956D46DE8}") = "App Samples", "App Samples", "{F05634C6-F77E-4974-A625-B1E15D835B50}"
EndProject
Project("{8BC9CEB8-8B4A-11D0-8D11-00A0C91BC942}") = "imgui", "Examples\imgui\imgui.vcxitems", "{79B2551B-DCB4-44B1-BC67-B61C76686FE5}"
EndProject
Project("{2150E333-8FDC-42A3-9474-1A3956D46DE8}") = "win32api", "win32api", "{862B0E62-36BF-41FF-A762-440D556D2B0D}"
EndProject
Project("{2150E333-8FDC-42A3-9474-1A3956D46DE8}") = "win32imgui(DX12)", "win32imgui(DX12)", "{0A297EDD-E998-4D81-A886-F244FE4D7DA0}"
EndProject
Project("{8BC9CEB8-8B4A-11D0-8D11-00A0C91BC942}") = "AssetIO", "EnginePlugins\AssetIO\AssetIO.vcxproj", "{034C33F7-BE75-401B-93BC-84EED7401570}"
	ProjectSection(ProjectDependencies) = postProject
		{D86799C4-9D93-4981-93B7-48C219D40915} = {D86799C4-9D93-4981-93B7-48C219D40915}
	EndProjectSection
EndProject
Project("{8BC9CEB8-8B4A-11D0-8D11-00A0C91BC942}") = "Sample03", "Examples\Sample003\Sample03.vcxproj", "{AEBF5849-4D10-46E4-A6AE-6536DBCC5B0F}"
	ProjectSection(ProjectDependencies) = postProject
		{D86799C4-9D93-4981-93B7-48C219D40915} = {D86799C4-9D93-4981-93B7-48C219D40915}
	EndProjectSection
EndProject
Project("{2150E333-8FDC-42A3-9474-1A3956D46DE8}") = "Graphics Backends (Essential)", "Graphics Backends (Essential)", "{84C866AA-AE3A-4BBE-B89D-50A9EC3A1987}"
EndProject
Project("{8BC9CEB8-8B4A-11D0-8D11-00A0C91BC942}") = "GBackendDX11", "GraphicsBackends\GBackendDX11.vcxproj", "{FDBCF2F5-2AEC-428B-A825-F248208DF02A}"
	ProjectSection(ProjectDependencies) = postProject
		{D86799C4-9D93-4981-93B7-48C219D40915} = {D86799C4-9D93-4981-93B7-48C219D40915}
	EndProjectSection
EndProject
Project("{8BC9CEB8-8B4A-11D0-8D11-00A0C91BC942}") = "GBackendDX12", "GraphicsBackends\GBackendDX12.vcxproj", "{EF13217F-7B13-4A3E-AD08-FBC2A599919B}"
	ProjectSection(ProjectDependencies) = postProject
		{D86799C4-9D93-4981-93B7-48C219D40915} = {D86799C4-9D93-4981-93B7-48C219D40915}
	EndProjectSection
EndProject
Project("{8BC9CEB8-8B4A-11D0-8D11-00A0C91BC942}") = "GBackendVulkan", "GraphicsBackends\GBackendVulkan.vcxproj", "{AEA4A101-A572-47BA-897D-E6FE45566F65}"
	ProjectSection(ProjectDependencies) = postProject
		{D86799C4-9D93-4981-93B7-48C219D40915} = {D86799C4-9D93-4981-93B7-48C219D40915}
	EndProjectSection
EndProject
Project("{8BC9CEB8-8B4A-11D0-8D11-00A0C91BC942}") = "ShaderEngine", "EngineShaders\ShaderEngine\ShaderEngine.vcxproj", "{55DE2782-27C3-4804-AA00-59326800DA3B}"
	ProjectSection(ProjectDependencies) = postProject
		{D86799C4-9D93-4981-93B7-48C219D40915} = {D86799C4-9D93-4981-93B7-48C219D40915}
	EndProjectSection
EndProject
Project("{8BC9CEB8-8B4A-11D0-8D11-00A0C91BC942}") = "ModernShaders", "EngineShaders\Shaders\ModernShaders.vcxitems", "{FD7A4774-0A05-4E2B-BF88-B8A8E688E116}"
EndProject
Project("{8BC9CEB8-8B4A-11D0-8D11-00A0C91BC942}") = "Sample04", "Examples\Sample004\Sample04.vcxproj", "{B5405B8A-91B9-4ADD-8301-9E68D539AE60}"
	ProjectSection(ProjectDependencies) = postProject
		{D86799C4-9D93-4981-93B7-48C219D40915} = {D86799C4-9D93-4981-93B7-48C219D40915}
	EndProjectSection
EndProject
Project("{8BC9CEB8-8B4A-11D0-8D11-00A0C91BC942}") = "Install", "BUILD\InstallPackage\Install.vcxproj", "{441820A9-D7E4-48C0-BF2D-E246966C2C9C}"
EndProject
Project("{8BC9CEB8-8B4A-11D0-8D11-00A0C91BC942}") = "Sample05", "Examples\Sample005\Sample05.vcxproj", "{1F9DB875-B2AA-4B56-8BEC-0075885B42DF}"
EndProject
Project("{8BC9CEB8-8B4A-11D0-8D11-00A0C91BC942}") = "Sample06", "Examples\Sample006\Sample06.vcxproj", "{E4434610-A9FA-4C06-B5F1-089F13624ABE}"
EndProject
Project("{8BC9CEB8-8B4A-11D0-8D11-00A0C91BC942}") = "Sample07", "Examples\Sample007\Sample07.vcxproj", "{EF98E3D7-A70B-415F-A78F-30D478DE4942}"
EndProject
Project("{8BC9CEB8-8B4A-11D0-8D11-00A0C91BC942}") = "Sample08", "Examples\Sample008\Sample08.vcxproj", "{D11747AD-93E5-453B-B359-373BCFC32954}"
EndProject
Project("{8BC9CEB8-8B4A-11D0-8D11-00A0C91BC942}") = "Sample09", "Examples\Sample009\Sample09.vcxproj", "{95A3F877-DA1E-4948-9A33-B92BA0C4CF8B}"
EndProject
Project("{8BC9CEB8-8B4A-11D0-8D11-00A0C91BC942}") = "Sample10", "Examples\Sample010\Sample10.vcxproj", "{D80F4293-1AA1-47E6-BB55-3A61182EBFDE}"
EndProject
Project("{8BC9CEB8-8B4A-11D0-8D11-00A0C91BC942}") = "Sample11", "Examples\Sample011\Sample11.vcxproj", "{8722BE17-11D9-4F65-B19D-53EED0745EC1}"
EndProject
Global
	GlobalSection(SolutionConfigurationPlatforms) = preSolution
		Debug_MT|x64 = Debug_MT|x64
		Debug_MT|x86 = Debug_MT|x86
		Debug|x64 = Debug|x64
		Debug|x86 = Debug|x86
		Release_MT|x64 = Release_MT|x64
		Release_MT|x86 = Release_MT|x86
		Release|x64 = Release|x64
		Release|x86 = Release|x86
	EndGlobalSection
	GlobalSection(ProjectConfigurationPlatforms) = postSolution
		{D86799C4-9D93-4981-93B7-48C219D40915}.Debug_MT|x64.ActiveCfg = Debug_MT|x64
		{D86799C4-9D93-4981-93B7-48C219D40915}.Debug_MT|x64.Build.0 = Debug_MT|x64
		{D86799C4-9D93-4981-93B7-48C219D40915}.Debug_MT|x86.ActiveCfg = Debug_MT|x64
		{D86799C4-9D93-4981-93B7-48C219D40915}.Debug_MT|x86.Build.0 = Debug_MT|x64
		{D86799C4-9D93-4981-93B7-48C219D40915}.Debug|x64.ActiveCfg = Debug|x64
		{D86799C4-9D93-4981-93B7-48C219D40915}.Debug|x64.Build.0 = Debug|x64
		{D86799C4-9D93-4981-93B7-48C219D40915}.Debug|x86.ActiveCfg = Debug|x64
		{D86799C4-9D93-4981-93B7-48C219D40915}.Debug|x86.Build.0 = Debug|x64
		{D86799C4-9D93-4981-93B7-48C219D40915}.Release_MT|x64.ActiveCfg = Release_MT|x64
		{D86799C4-9D93-4981-93B7-48C219D40915}.Release_MT|x64.Build.0 = Release_MT|x64
		{D86799C4-9D93-4981-93B7-48C219D40915}.Release_MT|x86.ActiveCfg = Release_MT|x64
		{D86799C4-9D93-4981-93B7-48C219D40915}.Release_MT|x86.Build.0 = Release_MT|x64
		{D86799C4-9D93-4981-93B7-48C219D40915}.Release|x64.ActiveCfg = Release|x64
		{D86799C4-9D93-4981-93B7-48C219D40915}.Release|x64.Build.0 = Release|x64
		{D86799C4-9D93-4981-93B7-48C219D40915}.Release|x86.ActiveCfg = Release|x64
		{D86799C4-9D93-4981-93B7-48C219D40915}.Release|x86.Build.0 = Release|x64
		{E2D2C7BC-B88E-4340-B334-AC845CBAFCE8}.Debug_MT|x64.ActiveCfg = Debug_MT|x64
		{E2D2C7BC-B88E-4340-B334-AC845CBAFCE8}.Debug_MT|x64.Build.0 = Debug_MT|x64
		{E2D2C7BC-B88E-4340-B334-AC845CBAFCE8}.Debug_MT|x86.ActiveCfg = Debug|Win32
		{E2D2C7BC-B88E-4340-B334-AC845CBAFCE8}.Debug_MT|x86.Build.0 = Debug|Win32
		{E2D2C7BC-B88E-4340-B334-AC845CBAFCE8}.Debug|x64.ActiveCfg = Debug|x64
		{E2D2C7BC-B88E-4340-B334-AC845CBAFCE8}.Debug|x64.Build.0 = Debug|x64
		{E2D2C7BC-B88E-4340-B334-AC845CBAFCE8}.Debug|x86.ActiveCfg = Debug|Win32
		{E2D2C7BC-B88E-4340-B334-AC845CBAFCE8}.Debug|x86.Build.0 = Debug|Win32
		{E2D2C7BC-B88E-4340-B334-AC845CBAFCE8}.Release_MT|x64.ActiveCfg = Release|x64
		{E2D2C7BC-B88E-4340-B334-AC845CBAFCE8}.Release_MT|x64.Build.0 = Release|x64
		{E2D2C7BC-B88E-4340-B334-AC845CBAFCE8}.Release_MT|x86.ActiveCfg = Release|Win32
		{E2D2C7BC-B88E-4340-B334-AC845CBAFCE8}.Release_MT|x86.Build.0 = Release|Win32
		{E2D2C7BC-B88E-4340-B334-AC845CBAFCE8}.Release|x64.ActiveCfg = Release|x64
		{E2D2C7BC-B88E-4340-B334-AC845CBAFCE8}.Release|x64.Build.0 = Release|x64
		{E2D2C7BC-B88E-4340-B334-AC845CBAFCE8}.Release|x86.ActiveCfg = Release|Win32
		{E2D2C7BC-B88E-4340-B334-AC845CBAFCE8}.Release|x86.Build.0 = Release|Win32
		{9F316E83-5AE5-4939-A723-305A94F48005}.Debug_MT|x64.ActiveCfg = Debug_MT|x64
		{9F316E83-5AE5-4939-A723-305A94F48005}.Debug_MT|x64.Build.0 = Debug_MT|x64
		{9F316E83-5AE5-4939-A723-305A94F48005}.Debug_MT|x86.ActiveCfg = Debug|Win32
		{9F316E83-5AE5-4939-A723-305A94F48005}.Debug_MT|x86.Build.0 = Debug|Win32
		{9F316E83-5AE5-4939-A723-305A94F48005}.Debug|x64.ActiveCfg = Debug|x64
		{9F316E83-5AE5-4939-A723-305A94F48005}.Debug|x64.Build.0 = Debug|x64
		{9F316E83-5AE5-4939-A723-305A94F48005}.Debug|x86.ActiveCfg = Debug|Win32
		{9F316E83-5AE5-4939-A723-305A94F48005}.Debug|x86.Build.0 = Debug|Win32
		{9F316E83-5AE5-4939-A723-305A94F48005}.Release_MT|x64.ActiveCfg = Release|x64
		{9F316E83-5AE5-4939-A723-305A94F48005}.Release_MT|x64.Build.0 = Release|x64
		{9F316E83-5AE5-4939-A723-305A94F48005}.Release_MT|x86.ActiveCfg = Release|Win32
		{9F316E83-5AE5-4939-A723-305A94F48005}.Release_MT|x86.Build.0 = Release|Win32
		{9F316E83-5AE5-4939-A723-305A94F48005}.Release|x64.ActiveCfg = Release|x64
		{9F316E83-5AE5-4939-A723-305A94F48005}.Release|x64.Build.0 = Release|x64
		{9F316E83-5AE5-4939-A723-305A94F48005}.Release|x86.ActiveCfg = Release|Win32
		{9F316E83-5AE5-4939-A723-305A94F48005}.Release|x86.Build.0 = Release|Win32
		{29DA1FC3-1674-4897-A72D-E81317C187B8}.Debug_MT|x64.ActiveCfg = Debug_MT|x64
		{29DA1FC3-1674-4897-A72D-E81317C187B8}.Debug_MT|x64.Build.0 = Debug_MT|x64
		{29DA1FC3-1674-4897-A72D-E81317C187B8}.Debug_MT|x86.ActiveCfg = Debug|Win32
		{29DA1FC3-1674-4897-A72D-E81317C187B8}.Debug_MT|x86.Build.0 = Debug|Win32
		{29DA1FC3-1674-4897-A72D-E81317C187B8}.Debug|x64.ActiveCfg = Debug|x64
		{29DA1FC3-1674-4897-A72D-E81317C187B8}.Debug|x64.Build.0 = Debug|x64
		{29DA1FC3-1674-4897-A72D-E81317C187B8}.Debug|x86.ActiveCfg = Debug|Win32
		{29DA1FC3-1674-4897-A72D-E81317C187B8}.Debug|x86.Build.0 = Debug|Win32
		{29DA1FC3-1674-4897-A72D-E81317C187B8}.Release_MT|x64.ActiveCfg = Release|x64
		{29DA1FC3-1674-4897-A72D-E81317C187B8}.Release_MT|x64.Build.0 = Release|x64
		{29DA1FC3-1674-4897-A72D-E81317C187B8}.Release_MT|x86.ActiveCfg = Release|Win32
		{29DA1FC3-1674-4897-A72D-E81317C187B8}.Release_MT|x86.Build.0 = Release|Win32
		{29DA1FC3-1674-4897-A72D-E81317C187B8}.Release|x64.ActiveCfg = Release|x64
		{29DA1FC3-1674-4897-A72D-E81317C187B8}.Release|x64.Build.0 = Release|x64
		{29DA1FC3-1674-4897-A72D-E81317C187B8}.Release|x86.ActiveCfg = Release|Win32
		{29DA1FC3-1674-4897-A72D-E81317C187B8}.Release|x86.Build.0 = Release|Win32
		{034C33F7-BE75-401B-93BC-84EED7401570}.Debug_MT|x64.ActiveCfg = Debug_MT|x64
		{034C33F7-BE75-401B-93BC-84EED7401570}.Debug_MT|x64.Build.0 = Debug_MT|x64
		{034C33F7-BE75-401B-93BC-84EED7401570}.Debug_MT|x86.ActiveCfg = Debug_MT|Win32
		{034C33F7-BE75-401B-93BC-84EED7401570}.Debug_MT|x86.Build.0 = Debug_MT|Win32
		{034C33F7-BE75-401B-93BC-84EED7401570}.Debug|x64.ActiveCfg = Debug|x64
		{034C33F7-BE75-401B-93BC-84EED7401570}.Debug|x64.Build.0 = Debug|x64
		{034C33F7-BE75-401B-93BC-84EED7401570}.Debug|x86.ActiveCfg = Debug|Win32
		{034C33F7-BE75-401B-93BC-84EED7401570}.Debug|x86.Build.0 = Debug|Win32
		{034C33F7-BE75-401B-93BC-84EED7401570}.Release_MT|x64.ActiveCfg = Release|x64
		{034C33F7-BE75-401B-93BC-84EED7401570}.Release_MT|x64.Build.0 = Release|x64
		{034C33F7-BE75-401B-93BC-84EED7401570}.Release_MT|x86.ActiveCfg = Release|Win32
		{034C33F7-BE75-401B-93BC-84EED7401570}.Release_MT|x86.Build.0 = Release|Win32
		{034C33F7-BE75-401B-93BC-84EED7401570}.Release|x64.ActiveCfg = Release|x64
		{034C33F7-BE75-401B-93BC-84EED7401570}.Release|x64.Build.0 = Release|x64
		{034C33F7-BE75-401B-93BC-84EED7401570}.Release|x86.ActiveCfg = Release|Win32
		{034C33F7-BE75-401B-93BC-84EED7401570}.Release|x86.Build.0 = Release|Win32
		{AEBF5849-4D10-46E4-A6AE-6536DBCC5B0F}.Debug_MT|x64.ActiveCfg = Debug_MT|x64
		{AEBF5849-4D10-46E4-A6AE-6536DBCC5B0F}.Debug_MT|x64.Build.0 = Debug_MT|x64
		{AEBF5849-4D10-46E4-A6AE-6536DBCC5B0F}.Debug_MT|x86.ActiveCfg = Debug_MT|Win32
		{AEBF5849-4D10-46E4-A6AE-6536DBCC5B0F}.Debug_MT|x86.Build.0 = Debug_MT|Win32
		{AEBF5849-4D10-46E4-A6AE-6536DBCC5B0F}.Debug|x64.ActiveCfg = Debug|x64
		{AEBF5849-4D10-46E4-A6AE-6536DBCC5B0F}.Debug|x64.Build.0 = Debug|x64
		{AEBF5849-4D10-46E4-A6AE-6536DBCC5B0F}.Debug|x86.ActiveCfg = Debug|Win32
		{AEBF5849-4D10-46E4-A6AE-6536DBCC5B0F}.Debug|x86.Build.0 = Debug|Win32
		{AEBF5849-4D10-46E4-A6AE-6536DBCC5B0F}.Release_MT|x64.ActiveCfg = Release|x64
		{AEBF5849-4D10-46E4-A6AE-6536DBCC5B0F}.Release_MT|x64.Build.0 = Release|x64
		{AEBF5849-4D10-46E4-A6AE-6536DBCC5B0F}.Release_MT|x86.ActiveCfg = Release|Win32
		{AEBF5849-4D10-46E4-A6AE-6536DBCC5B0F}.Release_MT|x86.Build.0 = Release|Win32
		{AEBF5849-4D10-46E4-A6AE-6536DBCC5B0F}.Release|x64.ActiveCfg = Release|x64
		{AEBF5849-4D10-46E4-A6AE-6536DBCC5B0F}.Release|x64.Build.0 = Release|x64
		{AEBF5849-4D10-46E4-A6AE-6536DBCC5B0F}.Release|x86.ActiveCfg = Release|Win32
		{AEBF5849-4D10-46E4-A6AE-6536DBCC5B0F}.Release|x86.Build.0 = Release|Win32
		{FDBCF2F5-2AEC-428B-A825-F248208DF02A}.Debug_MT|x64.ActiveCfg = Debug_MT|x64
		{FDBCF2F5-2AEC-428B-A825-F248208DF02A}.Debug_MT|x64.Build.0 = Debug_MT|x64
		{FDBCF2F5-2AEC-428B-A825-F248208DF02A}.Debug_MT|x86.ActiveCfg = Debug_MT|Win32
		{FDBCF2F5-2AEC-428B-A825-F248208DF02A}.Debug_MT|x86.Build.0 = Debug_MT|Win32
		{FDBCF2F5-2AEC-428B-A825-F248208DF02A}.Debug|x64.ActiveCfg = Debug|x64
		{FDBCF2F5-2AEC-428B-A825-F248208DF02A}.Debug|x64.Build.0 = Debug|x64
		{FDBCF2F5-2AEC-428B-A825-F248208DF02A}.Debug|x86.ActiveCfg = Debug|Win32
		{FDBCF2F5-2AEC-428B-A825-F248208DF02A}.Debug|x86.Build.0 = Debug|Win32
		{FDBCF2F5-2AEC-428B-A825-F248208DF02A}.Release_MT|x64.ActiveCfg = Release|x64
		{FDBCF2F5-2AEC-428B-A825-F248208DF02A}.Release_MT|x64.Build.0 = Release|x64
		{FDBCF2F5-2AEC-428B-A825-F248208DF02A}.Release_MT|x86.ActiveCfg = Release|Win32
		{FDBCF2F5-2AEC-428B-A825-F248208DF02A}.Release_MT|x86.Build.0 = Release|Win32
		{FDBCF2F5-2AEC-428B-A825-F248208DF02A}.Release|x64.ActiveCfg = Release|x64
		{FDBCF2F5-2AEC-428B-A825-F248208DF02A}.Release|x64.Build.0 = Release|x64
		{FDBCF2F5-2AEC-428B-A825-F248208DF02A}.Release|x86.ActiveCfg = Release|Win32
		{FDBCF2F5-2AEC-428B-A825-F248208DF02A}.Release|x86.Build.0 = Release|Win32
		{EF13217F-7B13-4A3E-AD08-FBC2A599919B}.Debug_MT|x64.ActiveCfg = Debug_MT|x64
		{EF13217F-7B13-4A3E-AD08-FBC2A599919B}.Debug_MT|x64.Build.0 = Debug_MT|x64
		{EF13217F-7B13-4A3E-AD08-FBC2A599919B}.Debug_MT|x86.ActiveCfg = Debug_MT|Win32
		{EF13217F-7B13-4A3E-AD08-FBC2A599919B}.Debug_MT|x86.Build.0 = Debug_MT|Win32
		{EF13217F-7B13-4A3E-AD08-FBC2A599919B}.Debug|x64.ActiveCfg = Debug|x64
		{EF13217F-7B13-4A3E-AD08-FBC2A599919B}.Debug|x64.Build.0 = Debug|x64
		{EF13217F-7B13-4A3E-AD08-FBC2A599919B}.Debug|x86.ActiveCfg = Debug|Win32
		{EF13217F-7B13-4A3E-AD08-FBC2A599919B}.Debug|x86.Build.0 = Debug|Win32
		{EF13217F-7B13-4A3E-AD08-FBC2A599919B}.Release_MT|x64.ActiveCfg = Release|x64
		{EF13217F-7B13-4A3E-AD08-FBC2A599919B}.Release_MT|x64.Build.0 = Release|x64
		{EF13217F-7B13-4A3E-AD08-FBC2A599919B}.Release_MT|x86.ActiveCfg = Release|Win32
		{EF13217F-7B13-4A3E-AD08-FBC2A599919B}.Release_MT|x86.Build.0 = Release|Win32
		{EF13217F-7B13-4A3E-AD08-FBC2A599919B}.Release|x64.ActiveCfg = Release|x64
		{EF13217F-7B13-4A3E-AD08-FBC2A599919B}.Release|x64.Build.0 = Release|x64
		{EF13217F-7B13-4A3E-AD08-FBC2A599919B}.Release|x86.ActiveCfg = Release|Win32
		{EF13217F-7B13-4A3E-AD08-FBC2A599919B}.Release|x86.Build.0 = Release|Win32
		{AEA4A101-A572-47BA-897D-E6FE45566F65}.Debug_MT|x64.ActiveCfg = Debug_MT|x64
		{AEA4A101-A572-47BA-897D-E6FE45566F65}.Debug_MT|x64.Build.0 = Debug_MT|x64
		{AEA4A101-A572-47BA-897D-E6FE45566F65}.Debug_MT|x86.ActiveCfg = Debug_MT|Win32
		{AEA4A101-A572-47BA-897D-E6FE45566F65}.Debug_MT|x86.Build.0 = Debug_MT|Win32
		{AEA4A101-A572-47BA-897D-E6FE45566F65}.Debug|x64.ActiveCfg = Debug|x64
		{AEA4A101-A572-47BA-897D-E6FE45566F65}.Debug|x64.Build.0 = Debug|x64
		{AEA4A101-A572-47BA-897D-E6FE45566F65}.Debug|x86.ActiveCfg = Debug|Win32
		{AEA4A101-A572-47BA-897D-E6FE45566F65}.Debug|x86.Build.0 = Debug|Win32
		{AEA4A101-A572-47BA-897D-E6FE45566F65}.Release_MT|x64.ActiveCfg = Release|x64
		{AEA4A101-A572-47BA-897D-E6FE45566F65}.Release_MT|x64.Build.0 = Release|x64
		{AEA4A101-A572-47BA-897D-E6FE45566F65}.Release_MT|x86.ActiveCfg = Release|Win32
		{AEA4A101-A572-47BA-897D-E6FE45566F65}.Release_MT|x86.Build.0 = Release|Win32
		{AEA4A101-A572-47BA-897D-E6FE45566F65}.Release|x64.ActiveCfg = Release|x64
		{AEA4A101-A572-47BA-897D-E6FE45566F65}.Release|x64.Build.0 = Release|x64
		{AEA4A101-A572-47BA-897D-E6FE45566F65}.Release|x86.ActiveCfg = Release|Win32
		{AEA4A101-A572-47BA-897D-E6FE45566F65}.Release|x86.Build.0 = Release|Win32
		{55DE2782-27C3-4804-AA00-59326800DA3B}.Debug_MT|x64.ActiveCfg = Debug_MT|x64
		{55DE2782-27C3-4804-AA00-59326800DA3B}.Debug_MT|x64.Build.0 = Debug_MT|x64
		{55DE2782-27C3-4804-AA00-59326800DA3B}.Debug_MT|x86.ActiveCfg = Debug_MT|Win32
		{55DE2782-27C3-4804-AA00-59326800DA3B}.Debug_MT|x86.Build.0 = Debug_MT|Win32
		{55DE2782-27C3-4804-AA00-59326800DA3B}.Debug|x64.ActiveCfg = Debug|x64
		{55DE2782-27C3-4804-AA00-59326800DA3B}.Debug|x64.Build.0 = Debug|x64
		{55DE2782-27C3-4804-AA00-59326800DA3B}.Debug|x86.ActiveCfg = Debug|Win32
		{55DE2782-27C3-4804-AA00-59326800DA3B}.Debug|x86.Build.0 = Debug|Win32
		{55DE2782-27C3-4804-AA00-59326800DA3B}.Release_MT|x64.ActiveCfg = Release|x64
		{55DE2782-27C3-4804-AA00-59326800DA3B}.Release_MT|x64.Build.0 = Release|x64
		{55DE2782-27C3-4804-AA00-59326800DA3B}.Release_MT|x86.ActiveCfg = Release|Win32
		{55DE2782-27C3-4804-AA00-59326800DA3B}.Release_MT|x86.Build.0 = Release|Win32
		{55DE2782-27C3-4804-AA00-59326800DA3B}.Release|x64.ActiveCfg = Release|x64
		{55DE2782-27C3-4804-AA00-59326800DA3B}.Release|x64.Build.0 = Release|x64
		{55DE2782-27C3-4804-AA00-59326800DA3B}.Release|x86.ActiveCfg = Release|Win32
		{55DE2782-27C3-4804-AA00-59326800DA3B}.Release|x86.Build.0 = Release|Win32
		{B5405B8A-91B9-4ADD-8301-9E68D539AE60}.Debug_MT|x64.ActiveCfg = Debug_MT|x64
		{B5405B8A-91B9-4ADD-8301-9E68D539AE60}.Debug_MT|x64.Build.0 = Debug_MT|x64
		{B5405B8A-91B9-4ADD-8301-9E68D539AE60}.Debug_MT|x86.ActiveCfg = Debug_MT|Win32
		{B5405B8A-91B9-4ADD-8301-9E68D539AE60}.Debug_MT|x86.Build.0 = Debug_MT|Win32
		{B5405B8A-91B9-4ADD-8301-9E68D539AE60}.Debug|x64.ActiveCfg = Debug|x64
		{B5405B8A-91B9-4ADD-8301-9E68D539AE60}.Debug|x64.Build.0 = Debug|x64
		{B5405B8A-91B9-4ADD-8301-9E68D539AE60}.Debug|x86.ActiveCfg = Debug|Win32
		{B5405B8A-91B9-4ADD-8301-9E68D539AE60}.Debug|x86.Build.0 = Debug|Win32
		{B5405B8A-91B9-4ADD-8301-9E68D539AE60}.Release_MT|x64.ActiveCfg = Release|x64
		{B5405B8A-91B9-4ADD-8301-9E68D539AE60}.Release_MT|x64.Build.0 = Release|x64
		{B5405B8A-91B9-4ADD-8301-9E68D539AE60}.Release_MT|x86.ActiveCfg = Release|Win32
		{B5405B8A-91B9-4ADD-8301-9E68D539AE60}.Release_MT|x86.Build.0 = Release|Win32
		{B5405B8A-91B9-4ADD-8301-9E68D539AE60}.Release|x64.ActiveCfg = Release|x64
		{B5405B8A-91B9-4ADD-8301-9E68D539AE60}.Release|x64.Build.0 = Release|x64
		{B5405B8A-91B9-4ADD-8301-9E68D539AE60}.Release|x86.ActiveCfg = Release|Win32
		{B5405B8A-91B9-4ADD-8301-9E68D539AE60}.Release|x86.Build.0 = Release|Win32
		{441820A9-D7E4-48C0-BF2D-E246966C2C9C}.Debug_MT|x64.ActiveCfg = Debug|x64
		{441820A9-D7E4-48C0-BF2D-E246966C2C9C}.Debug_MT|x64.Build.0 = Debug|x64
		{441820A9-D7E4-48C0-BF2D-E246966C2C9C}.Debug_MT|x86.ActiveCfg = Debug|Win32
		{441820A9-D7E4-48C0-BF2D-E246966C2C9C}.Debug_MT|x86.Build.0 = Debug|Win32
		{441820A9-D7E4-48C0-BF2D-E246966C2C9C}.Debug|x64.ActiveCfg = Debug|x64
		{441820A9-D7E4-48C0-BF2D-E246966C2C9C}.Debug|x64.Build.0 = Debug|x64
		{441820A9-D7E4-48C0-BF2D-E246966C2C9C}.Debug|x86.ActiveCfg = Debug|Win32
		{441820A9-D7E4-48C0-BF2D-E246966C2C9C}.Debug|x86.Build.0 = Debug|Win32
		{441820A9-D7E4-48C0-BF2D-E246966C2C9C}.Release_MT|x64.ActiveCfg = Release|x64
		{441820A9-D7E4-48C0-BF2D-E246966C2C9C}.Release_MT|x64.Build.0 = Release|x64
		{441820A9-D7E4-48C0-BF2D-E246966C2C9C}.Release_MT|x86.ActiveCfg = Release|Win32
		{441820A9-D7E4-48C0-BF2D-E246966C2C9C}.Release_MT|x86.Build.0 = Release|Win32
		{441820A9-D7E4-48C0-BF2D-E246966C2C9C}.Release|x64.ActiveCfg = Release|x64
		{441820A9-D7E4-48C0-BF2D-E246966C2C9C}.Release|x64.Build.0 = Release|x64
		{441820A9-D7E4-48C0-BF2D-E246966C2C9C}.Release|x86.ActiveCfg = Release|Win32
		{441820A9-D7E4-48C0-BF2D-E246966C2C9C}.Release|x86.Build.0 = Release|Win32
		{1F9DB875-B2AA-4B56-8BEC-0075885B42DF}.Debug_MT|x64.ActiveCfg = Debug_MT|x64
		{1F9DB875-B2AA-4B56-8BEC-0075885B42DF}.Debug_MT|x64.Build.0 = Debug_MT|x64
		{1F9DB875-B2AA-4B56-8BEC-0075885B42DF}.Debug_MT|x86.ActiveCfg = Debug_MT|Win32
		{1F9DB875-B2AA-4B56-8BEC-0075885B42DF}.Debug_MT|x86.Build.0 = Debug_MT|Win32
		{1F9DB875-B2AA-4B56-8BEC-0075885B42DF}.Debug|x64.ActiveCfg = Debug|x64
		{1F9DB875-B2AA-4B56-8BEC-0075885B42DF}.Debug|x64.Build.0 = Debug|x64
		{1F9DB875-B2AA-4B56-8BEC-0075885B42DF}.Debug|x86.ActiveCfg = Debug|Win32
		{1F9DB875-B2AA-4B56-8BEC-0075885B42DF}.Debug|x86.Build.0 = Debug|Win32
		{1F9DB875-B2AA-4B56-8BEC-0075885B42DF}.Release_MT|x64.ActiveCfg = Release|x64
		{1F9DB875-B2AA-4B56-8BEC-0075885B42DF}.Release_MT|x64.Build.0 = Release|x64
		{1F9DB875-B2AA-4B56-8BEC-0075885B42DF}.Release_MT|x86.ActiveCfg = Release|Win32
		{1F9DB875-B2AA-4B56-8BEC-0075885B42DF}.Release_MT|x86.Build.0 = Release|Win32
		{1F9DB875-B2AA-4B56-8BEC-0075885B42DF}.Release|x64.ActiveCfg = Release|x64
		{1F9DB875-B2AA-4B56-8BEC-0075885B42DF}.Release|x64.Build.0 = Release|x64
		{1F9DB875-B2AA-4B56-8BEC-0075885B42DF}.Release|x86.ActiveCfg = Release|Win32
		{1F9DB875-B2AA-4B56-8BEC-0075885B42DF}.Release|x86.Build.0 = Release|Win32
		{E4434610-A9FA-4C06-B5F1-089F13624ABE}.Debug_MT|x64.ActiveCfg = Debug_MT|x64
		{E4434610-A9FA-4C06-B5F1-089F13624ABE}.Debug_MT|x64.Build.0 = Debug_MT|x64
		{E4434610-A9FA-4C06-B5F1-089F13624ABE}.Debug_MT|x86.ActiveCfg = Debug_MT|Win32
		{E4434610-A9FA-4C06-B5F1-089F13624ABE}.Debug_MT|x86.Build.0 = Debug_MT|Win32
		{E4434610-A9FA-4C06-B5F1-089F13624ABE}.Debug|x64.ActiveCfg = Debug|x64
		{E4434610-A9FA-4C06-B5F1-089F13624ABE}.Debug|x64.Build.0 = Debug|x64
		{E4434610-A9FA-4C06-B5F1-089F13624ABE}.Debug|x86.ActiveCfg = Debug|Win32
		{E4434610-A9FA-4C06-B5F1-089F13624ABE}.Debug|x86.Build.0 = Debug|Win32
		{E4434610-A9FA-4C06-B5F1-089F13624ABE}.Release_MT|x64.ActiveCfg = Release|x64
		{E4434610-A9FA-4C06-B5F1-089F13624ABE}.Release_MT|x64.Build.0 = Release|x64
		{E4434610-A9FA-4C06-B5F1-089F13624ABE}.Release_MT|x86.ActiveCfg = Release|Win32
		{E4434610-A9FA-4C06-B5F1-089F13624ABE}.Release_MT|x86.Build.0 = Release|Win32
		{E4434610-A9FA-4C06-B5F1-089F13624ABE}.Release|x64.ActiveCfg = Release|x64
		{E4434610-A9FA-4C06-B5F1-089F13624ABE}.Release|x64.Build.0 = Release|x64
		{E4434610-A9FA-4C06-B5F1-089F13624ABE}.Release|x86.ActiveCfg = Release|Win32
		{E4434610-A9FA-4C06-B5F1-089F13624ABE}.Release|x86.Build.0 = Release|Win32
		{EF98E3D7-A70B-415F-A78F-30D478DE4942}.Debug_MT|x64.ActiveCfg = Debug_MT|x64
		{EF98E3D7-A70B-415F-A78F-30D478DE4942}.Debug_MT|x64.Build.0 = Debug_MT|x64
		{EF98E3D7-A70B-415F-A78F-30D478DE4942}.Debug_MT|x86.ActiveCfg = Debug_MT|Win32
		{EF98E3D7-A70B-415F-A78F-30D478DE4942}.Debug_MT|x86.Build.0 = Debug_MT|Win32
		{EF98E3D7-A70B-415F-A78F-30D478DE4942}.Debug|x64.ActiveCfg = Debug|x64
		{EF98E3D7-A70B-415F-A78F-30D478DE4942}.Debug|x64.Build.0 = Debug|x64
		{EF98E3D7-A70B-415F-A78F-30D478DE4942}.Debug|x86.ActiveCfg = Debug|Win32
		{EF98E3D7-A70B-415F-A78F-30D478DE4942}.Debug|x86.Build.0 = Debug|Win32
		{EF98E3D7-A70B-415F-A78F-30D478DE4942}.Release_MT|x64.ActiveCfg = Release|x64
		{EF98E3D7-A70B-415F-A78F-30D478DE4942}.Release_MT|x64.Build.0 = Release|x64
		{EF98E3D7-A70B-415F-A78F-30D478DE4942}.Release_MT|x86.ActiveCfg = Release|Win32
		{EF98E3D7-A70B-415F-A78F-30D478DE4942}.Release_MT|x86.Build.0 = Release|Win32
		{EF98E3D7-A70B-415F-A78F-30D478DE4942}.Release|x64.ActiveCfg = Release|x64
		{EF98E3D7-A70B-415F-A78F-30D478DE4942}.Release|x64.Build.0 = Release|x64
		{EF98E3D7-A70B-415F-A78F-30D478DE4942}.Release|x86.ActiveCfg = Release|Win32
		{EF98E3D7-A70B-415F-A78F-30D478DE4942}.Release|x86.Build.0 = Release|Win32
		{D11747AD-93E5-453B-B359-373BCFC32954}.Debug_MT|x64.ActiveCfg = Debug_MT|x64
		{D11747AD-93E5-453B-B359-373BCFC32954}.Debug_MT|x64.Build.0 = Debug_MT|x64
		{D11747AD-93E5-453B-B359-373BCFC32954}.Debug_MT|x86.ActiveCfg = Debug_MT|Win32
		{D11747AD-93E5-453B-B359-373BCFC32954}.Debug_MT|x86.Build.0 = Debug_MT|Win32
		{D11747AD-93E5-453B-B359-373BCFC32954}.Debug|x64.ActiveCfg = Debug|x64
		{D11747AD-93E5-453B-B359-373BCFC32954}.Debug|x64.Build.0 = Debug|x64
		{D11747AD-93E5-453B-B359-373BCFC32954}.Debug|x86.ActiveCfg = Debug|Win32
		{D11747AD-93E5-453B-B359-373BCFC32954}.Debug|x86.Build.0 = Debug|Win32
		{D11747AD-93E5-453B-B359-373BCFC32954}.Release_MT|x64.ActiveCfg = Release|x64
		{D11747AD-93E5-453B-B359-373BCFC32954}.Release_MT|x64.Build.0 = Release|x64
		{D11747AD-93E5-453B-B359-373BCFC32954}.Release_MT|x86.ActiveCfg = Release|Win32
		{D11747AD-93E5-453B-B359-373BCFC32954}.Release_MT|x86.Build.0 = Release|Win32
		{D11747AD-93E5-453B-B359-373BCFC32954}.Release|x64.ActiveCfg = Release|x64
		{D11747AD-93E5-453B-B359-373BCFC32954}.Release|x64.Build.0 = Release|x64
		{D11747AD-93E5-453B-B359-373BCFC32954}.Release|x86.ActiveCfg = Release|Win32
		{D11747AD-93E5-453B-B359-373BCFC32954}.Release|x86.Build.0 = Release|Win32
		{95A3F877-DA1E-4948-9A33-B92BA0C4CF8B}.Debug_MT|x64.ActiveCfg = Debug_MT|x64
		{95A3F877-DA1E-4948-9A33-B92BA0C4CF8B}.Debug_MT|x64.Build.0 = Debug_MT|x64
		{95A3F877-DA1E-4948-9A33-B92BA0C4CF8B}.Debug_MT|x86.ActiveCfg = Debug_MT|Win32
		{95A3F877-DA1E-4948-9A33-B92BA0C4CF8B}.Debug_MT|x86.Build.0 = Debug_MT|Win32
		{95A3F877-DA1E-4948-9A33-B92BA0C4CF8B}.Debug|x64.ActiveCfg = Debug|x64
		{95A3F877-DA1E-4948-9A33-B92BA0C4CF8B}.Debug|x64.Build.0 = Debug|x64
		{95A3F877-DA1E-4948-9A33-B92BA0C4CF8B}.Debug|x86.ActiveCfg = Debug|Win32
		{95A3F877-DA1E-4948-9A33-B92BA0C4CF8B}.Debug|x86.Build.0 = Debug|Win32
		{95A3F877-DA1E-4948-9A33-B92BA0C4CF8B}.Release_MT|x64.ActiveCfg = Release|x64
		{95A3F877-DA1E-4948-9A33-B92BA0C4CF8B}.Release_MT|x64.Build.0 = Release|x64
		{95A3F877-DA1E-4948-9A33-B92BA0C4CF8B}.Release_MT|x86.ActiveCfg = Release|Win32
		{95A3F877-DA1E-4948-9A33-B92BA0C4CF8B}.Release_MT|x86.Build.0 = Release|Win32
		{95A3F877-DA1E-4948-9A33-B92BA0C4CF8B}.Release|x64.ActiveCfg = Release|x64
		{95A3F877-DA1E-4948-9A33-B92BA0C4CF8B}.Release|x64.Build.0 = Release|x64
		{95A3F877-DA1E-4948-9A33-B92BA0C4CF8B}.Release|x86.ActiveCfg = Release|Win32
		{95A3F877-DA1E-4948-9A33-B92BA0C4CF8B}.Release|x86.Build.0 = Release|Win32
		{D80F4293-1AA1-47E6-BB55-3A61182EBFDE}.Debug_MT|x64.ActiveCfg = Debug_MT|x64
		{D80F4293-1AA1-47E6-BB55-3A61182EBFDE}.Debug_MT|x64.Build.0 = Debug_MT|x64
		{D80F4293-1AA1-47E6-BB55-3A61182EBFDE}.Debug_MT|x86.ActiveCfg = Debug_MT|Win32
		{D80F4293-1AA1-47E6-BB55-3A61182EBFDE}.Debug_MT|x86.Build.0 = Debug_MT|Win32
		{D80F4293-1AA1-47E6-BB55-3A61182EBFDE}.Debug|x64.ActiveCfg = Debug|x64
		{D80F4293-1AA1-47E6-BB55-3A61182EBFDE}.Debug|x64.Build.0 = Debug|x64
		{D80F4293-1AA1-47E6-BB55-3A61182EBFDE}.Debug|x86.ActiveCfg = Debug|Win32
		{D80F4293-1AA1-47E6-BB55-3A61182EBFDE}.Debug|x86.Build.0 = Debug|Win32
		{D80F4293-1AA1-47E6-BB55-3A61182EBFDE}.Release_MT|x64.ActiveCfg = Release|x64
		{D80F4293-1AA1-47E6-BB55-3A61182EBFDE}.Release_MT|x64.Build.0 = Release|x64
		{D80F4293-1AA1-47E6-BB55-3A61182EBFDE}.Release_MT|x86.ActiveCfg = Release|Win32
		{D80F4293-1AA1-47E6-BB55-3A61182EBFDE}.Release_MT|x86.Build.0 = Release|Win32
		{D80F4293-1AA1-47E6-BB55-3A61182EBFDE}.Release|x64.ActiveCfg = Release|x64
		{D80F4293-1AA1-47E6-BB55-3A61182EBFDE}.Release|x64.Build.0 = Release|x64
		{D80F4293-1AA1-47E6-BB55-3A61182EBFDE}.Release|x86.ActiveCfg = Release|Win32
		{D80F4293-1AA1-47E6-BB55-3A61182EBFDE}.Release|x86.Build.0 = Release|Win32
		{8722BE17-11D9-4F65-B19D-53EED0745EC1}.Debug_MT|x64.ActiveCfg = Debug_MT|x64
		{8722BE17-11D9-4F65-B19D-53EED0745EC1}.Debug_MT|x64.Build.0 = Debug_MT|x64
		{8722BE17-11D9-4F65-B19D-53EED0745EC1}.Debug_MT|x86.ActiveCfg = Debug_MT|Win32
		{8722BE17-11D9-4F65-B19D-53EED0745EC1}.Debug_MT|x86.Build.0 = Debug_MT|Win32
		{8722BE17-11D9-4F65-B19D-53EED0745EC1}.Debug|x64.ActiveCfg = Debug|x64
		{8722BE17-11D9-4F65-B19D-53EED0745EC1}.Debug|x64.Build.0 = Debug|x64
		{8722BE17-11D9-4F65-B19D-53EED0745EC1}.Debug|x86.ActiveCfg = Debug|Win32
		{8722BE17-11D9-4F65-B19D-53EED0745EC1}.Debug|x86.Build.0 = Debug|Win32
		{8722BE17-11D9-4F65-B19D-53EED0745EC1}.Release_MT|x64.ActiveCfg = Release|x64
		{8722BE17-11D9-4F65-B19D-53EED0745EC1}.Release_MT|x64.Build.0 = Release|x64
		{8722BE17-11D9-4F65-B19D-53EED0745EC1}.Release_MT|x86.ActiveCfg = Release|Win32
		{8722BE17-11D9-4F65-B19D-53EED0745EC1}.Release_MT|x86.Build.0 = Release|Win32
		{8722BE17-11D9-4F65-B19D-53EED0745EC1}.Release|x64.ActiveCfg = Release|x64
		{8722BE17-11D9-4F65-B19D-53EED0745EC1}.Release|x64.Build.0 = Release|x64
		{8722BE17-11D9-4F65-B19D-53EED0745EC1}.Release|x86.ActiveCfg = Release|Win32
		{8722BE17-11D9-4F65-B19D-53EED0745EC1}.Release|x86.Build.0 = Release|Win32
	EndGlobalSection
	GlobalSection(SolutionProperties) = preSolution
		HideSolutionNode = FALSE
	EndGlobalSection
	GlobalSection(NestedProjects) = preSolution
		{D86799C4-9D93-4981-93B7-48C219D40915} = {72F7CF71-5EAA-4BC7-B937-6270571D9EDA}
		{E2D2C7BC-B88E-4340-B334-AC845CBAFCE8} = {8963E175-6D53-4024-B1A3-DD44CF101C8E}
		{9F316E83-5AE5-4939-A723-305A94F48005} = {862B0E62-36BF-41FF-A762-440D556D2B0D}
		{821B90CB-C36E-4340-92E5-531178151C02} = {C2134175-EEFE-47EA-BAE5-EC589D70946F}
		{D5932B66-320A-4FA8-9E0D-C1FD4EF88E04} = {C2134175-EEFE-47EA-BAE5-EC589D70946F}
		{29DA1FC3-1674-4897-A72D-E81317C187B8} = {0A297EDD-E998-4D81-A886-F244FE4D7DA0}
		{8963E175-6D53-4024-B1A3-DD44CF101C8E} = {67975BED-EA57-4D56-8C1F-C06E6BF3ED09}
		{F05634C6-F77E-4974-A625-B1E15D835B50} = {67975BED-EA57-4D56-8C1F-C06E6BF3ED09}
		{79B2551B-DCB4-44B1-BC67-B61C76686FE5} = {67975BED-EA57-4D56-8C1F-C06E6BF3ED09}
		{862B0E62-36BF-41FF-A762-440D556D2B0D} = {F05634C6-F77E-4974-A625-B1E15D835B50}
		{0A297EDD-E998-4D81-A886-F244FE4D7DA0} = {F05634C6-F77E-4974-A625-B1E15D835B50}
		{034C33F7-BE75-401B-93BC-84EED7401570} = {D5932B66-320A-4FA8-9E0D-C1FD4EF88E04}
		{AEBF5849-4D10-46E4-A6AE-6536DBCC5B0F} = {0A297EDD-E998-4D81-A886-F244FE4D7DA0}
		{FDBCF2F5-2AEC-428B-A825-F248208DF02A} = {84C866AA-AE3A-4BBE-B89D-50A9EC3A1987}
		{EF13217F-7B13-4A3E-AD08-FBC2A599919B} = {84C866AA-AE3A-4BBE-B89D-50A9EC3A1987}
		{AEA4A101-A572-47BA-897D-E6FE45566F65} = {84C866AA-AE3A-4BBE-B89D-50A9EC3A1987}
		{55DE2782-27C3-4804-AA00-59326800DA3B} = {821B90CB-C36E-4340-92E5-531178151C02}
		{FD7A4774-0A05-4E2B-BF88-B8A8E688E116} = {821B90CB-C36E-4340-92E5-531178151C02}
		{B5405B8A-91B9-4ADD-8301-9E68D539AE60} = {0A297EDD-E998-4D81-A886-F244FE4D7DA0}
		{441820A9-D7E4-48C0-BF2D-E246966C2C9C} = {72F7CF71-5EAA-4BC7-B937-6270571D9EDA}
		{1F9DB875-B2AA-4B56-8BEC-0075885B42DF} = {0A297EDD-E998-4D81-A886-F244FE4D7DA0}
		{E4434610-A9FA-4C06-B5F1-089F13624ABE} = {0A297EDD-E998-4D81-A886-F244FE4D7DA0}
		{EF98E3D7-A70B-415F-A78F-30D478DE4942} = {0A297EDD-E998-4D81-A886-F244FE4D7DA0}
		{D11747AD-93E5-453B-B359-373BCFC32954} = {0A297EDD-E998-4D81-A886-F244FE4D7DA0}
		{95A3F877-DA1E-4948-9A33-B92BA0C4CF8B} = {0A297EDD-E998-4D81-A886-F244FE4D7DA0}
		{D80F4293-1AA1-47E6-BB55-3A61182EBFDE} = {0A297EDD-E998-4D81-A886-F244FE4D7DA0}
		{8722BE17-11D9-4F65-B19D-53EED0745EC1} = {0A297EDD-E998-4D81-A886-F244FE4D7DA0}
	EndGlobalSection
	GlobalSection(ExtensibilityGlobals) = postSolution
		SolutionGuid = {36089187-3D11-4B2A-975E-DF87A5E77426}
	EndGlobalSection
	GlobalSection(SharedMSBuildProjectFiles) = preSolution
		Examples\imgui\imgui.vcxitems*{1f9db875-b2aa-4b56-8bec-0075885b42df}*SharedItemsImports = 4
		Examples\imgui\imgui.vcxitems*{29da1fc3-1674-4897-a72d-e81317c187b8}*SharedItemsImports = 4
		Examples\imgui\imgui.vcxitems*{79b2551b-dcb4-44b1-bc67-b61c76686fe5}*SharedItemsImports = 9
		Examples\imgui\imgui.vcxitems*{8722be17-11d9-4f65-b19d-53eed0745ec1}*SharedItemsImports = 4
		Examples\imgui\imgui.vcxitems*{95a3f877-da1e-4948-9a33-b92ba0c4cf8b}*SharedItemsImports = 4
		Examples\imgui\imgui.vcxitems*{aebf5849-4d10-46e4-a6ae-6536dbcc5b0f}*SharedItemsImports = 4
		Examples\imgui\imgui.vcxitems*{b5405b8a-91b9-4add-8301-9e68d539ae60}*SharedItemsImports = 4
		Examples\imgui\imgui.vcxitems*{d11747ad-93e5-453b-b359-373bcfc32954}*SharedItemsImports = 4
		Examples\imgui\imgui.vcxitems*{d80f4293-1aa1-47e6-bb55-3a61182ebfde}*SharedItemsImports = 4
		EngineCore\Engine_SOURCE.vcxitems*{d86799c4-9d93-4981-93b7-48c219d40915}*SharedItemsImports = 4
		EngineCore\Engine_SOURCE.vcxitems*{d8d9bfe0-037d-43c2-a0e4-c5e88b21bfea}*SharedItemsImports = 9
		Examples\imgui\imgui.vcxitems*{e4434610-a9fa-4c06-b5f1-089f13624abe}*SharedItemsImports = 4
		Examples\imgui\imgui.vcxitems*{ef98e3d7-a70b-415f-a78f-30d478de4942}*SharedItemsImports = 4
		EngineShaders\Shaders\ModernShaders.vcxitems*{fd7a4774-0a05-4e2b-bf88-b8a8e688e116}*SharedItemsImports = 9
	EndGlobalSection
EndGlobal
