
Microsoft Visual Studio Solution File, Format Version 12.00
# Visual Studio Version 17
VisualStudioVersion = 17.8.34330.188
MinimumVisualStudioVersion = 10.0.40219.1
Project("{8BC9CEB8-8B4A-11D0-8D11-00A0C91BC942}") = "Startup", "Startup\Startup.vcxproj", "{E6996B15-A296-4C69-90EA-7F1787FF69DC}"
EndProject
Project("{8BC9CEB8-8B4A-11D0-8D11-00A0C91BC942}") = "OfflineShaderCompiler", "Engine\OfflineShaderCompiler.vcxproj", "{3B74A7FE-CED7-4723-8824-AC708A865B98}"
EndProject
Project("{8BC9CEB8-8B4A-11D0-8D11-00A0C91BC942}") = "Engine_SOURCE", "Engine\Engine_SOURCE.vcxitems", "{EE40CE42-7583-4534-ADA2-4BA4FA298681}"
EndProject
Project("{8BC9CEB8-8B4A-11D0-8D11-00A0C91BC942}") = "Engine_Windows", "Engine\Engine_Windows.vcxproj", "{D86799C4-9D93-4981-93B7-48C219D40915}"
EndProject
Global
	GlobalSection(SolutionConfigurationPlatforms) = preSolution
		Debug|x64 = Debug|x64
		Debug|x86 = Debug|x86
		Release|x64 = Release|x64
		Release|x86 = Release|x86
	EndGlobalSection
	GlobalSection(ProjectConfigurationPlatforms) = postSolution
		{E6996B15-A296-4C69-90EA-7F1787FF69DC}.Debug|x64.ActiveCfg = Debug|x64
		{E6996B15-A296-4C69-90EA-7F1787FF69DC}.Debug|x64.Build.0 = Debug|x64
		{E6996B15-A296-4C69-90EA-7F1787FF69DC}.Debug|x86.ActiveCfg = Debug|Win32
		{E6996B15-A296-4C69-90EA-7F1787FF69DC}.Debug|x86.Build.0 = Debug|Win32
		{E6996B15-A296-4C69-90EA-7F1787FF69DC}.Release|x64.ActiveCfg = Release|x64
		{E6996B15-A296-4C69-90EA-7F1787FF69DC}.Release|x64.Build.0 = Release|x64
		{E6996B15-A296-4C69-90EA-7F1787FF69DC}.Release|x86.ActiveCfg = Release|Win32
		{E6996B15-A296-4C69-90EA-7F1787FF69DC}.Release|x86.Build.0 = Release|Win32
		{3B74A7FE-CED7-4723-8824-AC708A865B98}.Debug|x64.ActiveCfg = Debug|x64
		{3B74A7FE-CED7-4723-8824-AC708A865B98}.Debug|x64.Build.0 = Debug|x64
		{3B74A7FE-CED7-4723-8824-AC708A865B98}.Debug|x86.ActiveCfg = Debug|x64
		{3B74A7FE-CED7-4723-8824-AC708A865B98}.Debug|x86.Build.0 = Debug|x64
		{3B74A7FE-CED7-4723-8824-AC708A865B98}.Release|x64.ActiveCfg = Release|x64
		{3B74A7FE-CED7-4723-8824-AC708A865B98}.Release|x64.Build.0 = Release|x64
		{3B74A7FE-CED7-4723-8824-AC708A865B98}.Release|x86.ActiveCfg = Release|x64
		{3B74A7FE-CED7-4723-8824-AC708A865B98}.Release|x86.Build.0 = Release|x64
		{D86799C4-9D93-4981-93B7-48C219D40915}.Debug|x64.ActiveCfg = Debug|x64
		{D86799C4-9D93-4981-93B7-48C219D40915}.Debug|x64.Build.0 = Debug|x64
		{D86799C4-9D93-4981-93B7-48C219D40915}.Debug|x86.ActiveCfg = Debug|x64
		{D86799C4-9D93-4981-93B7-48C219D40915}.Debug|x86.Build.0 = Debug|x64
		{D86799C4-9D93-4981-93B7-48C219D40915}.Release|x64.ActiveCfg = Release|x64
		{D86799C4-9D93-4981-93B7-48C219D40915}.Release|x64.Build.0 = Release|x64
		{D86799C4-9D93-4981-93B7-48C219D40915}.Release|x86.ActiveCfg = Release|x64
		{D86799C4-9D93-4981-93B7-48C219D40915}.Release|x86.Build.0 = Release|x64
	EndGlobalSection
	GlobalSection(SolutionProperties) = preSolution
		HideSolutionNode = FALSE
	EndGlobalSection
	GlobalSection(ExtensibilityGlobals) = postSolution
		SolutionGuid = {36089187-3D11-4B2A-975E-DF87A5E77426}
	EndGlobalSection
	GlobalSection(SharedMSBuildProjectFiles) = preSolution
		Engine\Engine_SOURCE.vcxitems*{d86799c4-9d93-4981-93b7-48c219d40915}*SharedItemsImports = 4
		Engine\Engine_SOURCE.vcxitems*{ee40ce42-7583-4534-ada2-4ba4fa298681}*SharedItemsImports = 9
	EndGlobalSection
EndGlobal
