<?xml version="1.0" encoding="utf-8"?>
<Project ToolsVersion="4.0" xmlns="http://schemas.microsoft.com/developer/msbuild/2003">
  <ItemGroup>
    <Filter Include="APIs">
      <UniqueIdentifier>{a0a2efd9-10a7-4132-a7b9-70f1c577debb}</UniqueIdentifier>
    </Filter>
  </ItemGroup>
  <ItemGroup>
    <ClCompile Include="PluginInterfaceMeshIO.cpp">
      <Filter>APIs</Filter>
    </ClCompile>
  </ItemGroup>
  <ItemGroup>
    <ClInclude Include="PluginInterfaceMeshIO.h">
      <Filter>APIs</Filter>
    </ClInclude>
  </ItemGroup>
</Project>