<?xml version="1.0" encoding="utf-8"?>
<Project ToolsVersion="4.0" xmlns="http://schemas.microsoft.com/developer/msbuild/2003">
  <ItemGroup>
    <Filter Include="Private">
      <UniqueIdentifier>{1a093e89-4ea5-494e-b350-5d7a98289aba}</UniqueIdentifier>
    </Filter>
    <Filter Include="Public">
      <UniqueIdentifier>{a0a2efd9-10a7-4132-a7b9-70f1c577debb}</UniqueIdentifier>
    </Filter>
  </ItemGroup>
  <ItemGroup>
    <ClCompile Include="MeshIO.cpp">
      <Filter>Public</Filter>
    </ClCompile>
    <ClCompile Include="ModelImporter_OBJ.cpp">
      <Filter>Private</Filter>
    </ClCompile>
  </ItemGroup>
  <ItemGroup>
    <ClInclude Include="MeshIO.h">
      <Filter>Public</Filter>
    </ClInclude>
    <ClInclude Include="tiny_obj_loader.h">
      <Filter>Private</Filter>
    </ClInclude>
  </ItemGroup>
</Project>