<?xml version="1.0" encoding="utf-8"?>
<Project ToolsVersion="4.0" xmlns="http://schemas.microsoft.com/developer/msbuild/2003">
  <ItemGroup>
    <Filter Include="UTILITY">
      <UniqueIdentifier>{fd4f5329-f357-4486-b34c-7401d8d9f761}</UniqueIdentifier>
    </Filter>
    <Filter Include="ENGINE">
      <UniqueIdentifier>{2d30408b-f788-42a8-9648-41561036e10a}</UniqueIdentifier>
    </Filter>
    <Filter Include="ENGINE\Common">
      <UniqueIdentifier>{3c39405f-ec30-4b72-9c32-68aefb4fb7a5}</UniqueIdentifier>
    </Filter>
    <Filter Include="ENGINE\Graphics">
      <UniqueIdentifier>{3d5f1098-95e6-4baa-9e39-864be28a5b64}</UniqueIdentifier>
    </Filter>
    <Filter Include="ENGINE\Helpers">
      <UniqueIdentifier>{4342ecc7-471b-4218-9acb-2b5b8e2e10f2}</UniqueIdentifier>
    </Filter>
    <Filter Include="ENGINE\Network">
      <UniqueIdentifier>{c5d86df2-c519-488e-a98a-ba1eab3d19c3}</UniqueIdentifier>
    </Filter>
    <Filter Include="ENGINE\Physics">
      <UniqueIdentifier>{711ea8c7-2455-4557-9e8d-663ed7cc4684}</UniqueIdentifier>
    </Filter>
    <Filter Include="ENGINE\Input">
      <UniqueIdentifier>{88972c7f-23ab-41db-8699-87d96c59b09c}</UniqueIdentifier>
    </Filter>
    <Filter Include="ENGINE\Tools">
      <UniqueIdentifier>{5ac4a1c9-91a8-4d52-9cd6-6139a848a2f3}</UniqueIdentifier>
    </Filter>
    <Filter Include="ENGINE\Graphics\API">
      <UniqueIdentifier>{4cb4ddc4-c5a9-483b-b6cf-2c4382340e7a}</UniqueIdentifier>
    </Filter>
    <Filter Include="ENGINE\System">
      <UniqueIdentifier>{f9156b5b-9cc8-436c-9faa-536f7dce4f27}</UniqueIdentifier>
    </Filter>
    <Filter Include="ENGINE\High level interface">
      <UniqueIdentifier>{a25b4076-72bb-4c78-8bc1-84c59a8984fd}</UniqueIdentifier>
    </Filter>
    <Filter Include="ENGINE\Video">
      <UniqueIdentifier>{7cb35feb-169d-4eb9-b90c-61418a8e99df}</UniqueIdentifier>
    </Filter>
    <Filter Include="ENGINE\Audio">
      <UniqueIdentifier>{eeb02a15-d162-4b42-8411-d882a53d938b}</UniqueIdentifier>
    </Filter>
  </ItemGroup>
  <ItemGroup>
    <ClInclude Include="$(MSBuildThisFileDirectory)vzVersion.h">
      <Filter>ENGINE</Filter>
    </ClInclude>
    <ClInclude Include="$(MSBuildThisFileDirectory)CommonInclude.h">
      <Filter>ENGINE\Common</Filter>
    </ClInclude>
    <ClInclude Include="$(MSBuildThisFileDirectory)vzEngine.h">
      <Filter>ENGINE\Common</Filter>
    </ClInclude>
    <ClInclude Include="$(MSBuildThisFileDirectory)vzApplication.h">
      <Filter>ENGINE\High level interface</Filter>
    </ClInclude>
    <ClInclude Include="$(MSBuildThisFileDirectory)vzImage.h">
      <Filter>ENGINE\Graphics</Filter>
    </ClInclude>
    <ClInclude Include="$(MSBuildThisFileDirectory)vzEmittedParticle.h">
      <Filter>ENGINE\Graphics</Filter>
    </ClInclude>
    <ClInclude Include="$(MSBuildThisFileDirectory)vzRenderer.h">
      <Filter>ENGINE\Graphics</Filter>
    </ClInclude>
    <ClInclude Include="$(MSBuildThisFileDirectory)vzSprite.h">
      <Filter>ENGINE\Graphics</Filter>
    </ClInclude>
    <ClInclude Include="$(MSBuildThisFileDirectory)vzFont.h">
      <Filter>ENGINE\Graphics</Filter>
    </ClInclude>
    <ClInclude Include="$(MSBuildThisFileDirectory)vzEnums.h">
      <Filter>ENGINE\Graphics</Filter>
    </ClInclude>
    <ClInclude Include="$(MSBuildThisFileDirectory)vzColor.h">
      <Filter>ENGINE\Helpers</Filter>
    </ClInclude>
    <ClInclude Include="$(MSBuildThisFileDirectory)vzMath.h">
      <Filter>ENGINE\Helpers</Filter>
    </ClInclude>
    <ClInclude Include="$(MSBuildThisFileDirectory)vzRandom.h">
      <Filter>ENGINE\Helpers</Filter>
    </ClInclude>
    <ClInclude Include="$(MSBuildThisFileDirectory)vzTimer.h">
      <Filter>ENGINE\Helpers</Filter>
    </ClInclude>
    <ClInclude Include="$(MSBuildThisFileDirectory)vzTextureHelper.h">
      <Filter>ENGINE\Graphics</Filter>
    </ClInclude>
    <ClInclude Include="$(MSBuildThisFileDirectory)vzHelper.h">
      <Filter>ENGINE\Helpers</Filter>
    </ClInclude>
    <ClInclude Include="$(MSBuildThisFileDirectory)vzResourceManager.h">
      <Filter>ENGINE\Helpers</Filter>
    </ClInclude>
    <ClInclude Include="$(MSBuildThisFileDirectory)vzFadeManager.h">
      <Filter>ENGINE\Helpers</Filter>
    </ClInclude>
    <ClInclude Include="$(MSBuildThisFileDirectory)vzRawInput.h">
      <Filter>ENGINE\Input</Filter>
    </ClInclude>
    <ClInclude Include="$(MSBuildThisFileDirectory)vzBacklog.h">
      <Filter>ENGINE\Tools</Filter>
    </ClInclude>
    <ClInclude Include="$(MSBuildThisFileDirectory)vzArchive.h">
      <Filter>ENGINE\Helpers</Filter>
    </ClInclude>
    <ClInclude Include="$(MSBuildThisFileDirectory)vzSpinLock.h">
      <Filter>ENGINE\Helpers</Filter>
    </ClInclude>
    <ClInclude Include="$(MSBuildThisFileDirectory)vzRectPacker.h">
      <Filter>ENGINE\Helpers</Filter>
    </ClInclude>
    <ClInclude Include="$(MSBuildThisFileDirectory)vzGraphicsDevice.h">
      <Filter>ENGINE\Graphics\API</Filter>
    </ClInclude>
    <ClInclude Include="$(MSBuildThisFileDirectory)vzFFTGenerator.h">
      <Filter>ENGINE\Graphics</Filter>
    </ClInclude>
    <ClInclude Include="$(MSBuildThisFileDirectory)vzOcean.h">
      <Filter>ENGINE\Graphics</Filter>
    </ClInclude>
    <ClInclude Include="$(MSBuildThisFileDirectory)vzGraphicsDevice_DX12.h">
      <Filter>ENGINE\Graphics\API</Filter>
    </ClInclude>
    <ClInclude Include="$(MSBuildThisFileDirectory)Utility\d3dx12.h">
      <Filter>UTILITY</Filter>
    </ClInclude>
    <ClInclude Include="$(MSBuildThisFileDirectory)vzGraphicsDevice_Vulkan.h">
      <Filter>ENGINE\Graphics\API</Filter>
    </ClInclude>
    <ClInclude Include="$(MSBuildThisFileDirectory)Utility\stb_image.h">
      <Filter>UTILITY</Filter>
    </ClInclude>
    <ClInclude Include="$(MSBuildThisFileDirectory)vzArguments.h">
      <Filter>ENGINE\Helpers</Filter>
    </ClInclude>
    <ClInclude Include="$(MSBuildThisFileDirectory)vzGPUSortLib.h">
      <Filter>ENGINE\Graphics</Filter>
    </ClInclude>
    <ClInclude Include="$(MSBuildThisFileDirectory)Utility\stb_image_write.h">
      <Filter>UTILITY</Filter>
    </ClInclude>
    <ClInclude Include="$(MSBuildThisFileDirectory)vzECS.h">
      <Filter>ENGINE\System</Filter>
    </ClInclude>
    <ClInclude Include="$(MSBuildThisFileDirectory)vzPhysics.h">
      <Filter>ENGINE\Physics</Filter>
    </ClInclude>
    <ClInclude Include="$(MSBuildThisFileDirectory)vzGPUBVH.h">
      <Filter>ENGINE\Graphics</Filter>
    </ClInclude>
    <ClInclude Include="$(MSBuildThisFileDirectory)Utility\stb_truetype.h">
      <Filter>UTILITY</Filter>
    </ClInclude>
    <ClInclude Include="$(MSBuildThisFileDirectory)vzRenderPath.h">
      <Filter>ENGINE\High level interface</Filter>
    </ClInclude>
    <ClInclude Include="$(MSBuildThisFileDirectory)vzRenderPath2D.h">
      <Filter>ENGINE\High level interface</Filter>
    </ClInclude>
    <ClInclude Include="$(MSBuildThisFileDirectory)vzRenderPath3D.h">
      <Filter>ENGINE\High level interface</Filter>
    </ClInclude>
    <ClInclude Include="$(MSBuildThisFileDirectory)vzLoadingScreen.h">
      <Filter>ENGINE\High level interface</Filter>
    </ClInclude>
    <ClInclude Include="$(MSBuildThisFileDirectory)vzJobSystem.h">
      <Filter>ENGINE\System</Filter>
    </ClInclude>
    <ClInclude Include="$(MSBuildThisFileDirectory)vzInitializer.h">
      <Filter>ENGINE\System</Filter>
    </ClInclude>
    <ClInclude Include="$(MSBuildThisFileDirectory)vzPrimitive.h">
      <Filter>ENGINE\Helpers</Filter>
    </ClInclude>
    <ClInclude Include="$(MSBuildThisFileDirectory)vzNetwork.h">
      <Filter>ENGINE\Network</Filter>
    </ClInclude>
    <ClInclude Include="$(MSBuildThisFileDirectory)Utility\tinyddsloader.h">
      <Filter>UTILITY</Filter>
    </ClInclude>
    <ClInclude Include="$(MSBuildThisFileDirectory)Utility\vk_mem_alloc.h">
      <Filter>UTILITY</Filter>
    </ClInclude>
    <ClInclude Include="$(MSBuildThisFileDirectory)Utility\D3D12MemAlloc.h">
      <Filter>UTILITY</Filter>
    </ClInclude>
    <ClInclude Include="$(MSBuildThisFileDirectory)vzInput.h">
      <Filter>ENGINE\Input</Filter>
    </ClInclude>
    <ClInclude Include="$(MSBuildThisFileDirectory)vzScene.h">
      <Filter>ENGINE\System</Filter>
    </ClInclude>
    <ClInclude Include="$(MSBuildThisFileDirectory)vzScene_Decl.h">
      <Filter>ENGINE\System</Filter>
    </ClInclude>
    <ClInclude Include="$(MSBuildThisFileDirectory)vzPlatform.h">
      <Filter>ENGINE\System</Filter>
    </ClInclude>
    <ClInclude Include="$(MSBuildThisFileDirectory)vzProfiler.h">
      <Filter>ENGINE\Tools</Filter>
    </ClInclude>
    <ClInclude Include="$(MSBuildThisFileDirectory)vzGraphics.h">
      <Filter>ENGINE\Graphics\API</Filter>
    </ClInclude>
    <ClInclude Include="$(MSBuildThisFileDirectory)vzSpriteFont.h">
      <Filter>ENGINE\Graphics</Filter>
    </ClInclude>
    <ClInclude Include="$(MSBuildThisFileDirectory)Utility\DirectXCollision.h">
      <Filter>UTILITY</Filter>
    </ClInclude>
    <ClInclude Include="$(MSBuildThisFileDirectory)Utility\DirectXColors.h">
      <Filter>UTILITY</Filter>
    </ClInclude>
    <ClInclude Include="$(MSBuildThisFileDirectory)Utility\DirectXMath.h">
      <Filter>UTILITY</Filter>
    </ClInclude>
    <ClInclude Include="$(MSBuildThisFileDirectory)Utility\DirectXPackedVector.h">
      <Filter>UTILITY</Filter>
    </ClInclude>
    <ClInclude Include="$(MSBuildThisFileDirectory)Utility\sal.h">
      <Filter>UTILITY</Filter>
    </ClInclude>
    <ClInclude Include="$(MSBuildThisFileDirectory)Utility\DirectXMathCommon.h">
      <Filter>UTILITY</Filter>
    </ClInclude>
    <ClInclude Include="$(MSBuildThisFileDirectory)Utility\GLSL.std.450.h">
      <Filter>UTILITY</Filter>
    </ClInclude>
    <ClInclude Include="$(MSBuildThisFileDirectory)vzEventHandler.h">
      <Filter>ENGINE\System</Filter>
    </ClInclude>
    <ClInclude Include="$(MSBuildThisFileDirectory)vzSDLInput.h">
      <Filter>ENGINE\Input</Filter>
    </ClInclude>
    <ClInclude Include="$(MSBuildThisFileDirectory)Utility\spirv_reflect.h">
      <Filter>UTILITY</Filter>
    </ClInclude>
    <ClInclude Include="$(MSBuildThisFileDirectory)Utility\include\spirv\unified1\spirv.h">
      <Filter>UTILITY</Filter>
    </ClInclude>
    <ClInclude Include="$(MSBuildThisFileDirectory)Utility\volk.h">
      <Filter>UTILITY</Filter>
    </ClInclude>
    <ClInclude Include="$(MSBuildThisFileDirectory)Utility\liberation_sans.h">
      <Filter>UTILITY</Filter>
    </ClInclude>
    <ClInclude Include="$(MSBuildThisFileDirectory)vzShaderCompiler.h">
      <Filter>ENGINE\Graphics\API</Filter>
    </ClInclude>
    <ClInclude Include="$(MSBuildThisFileDirectory)Utility\dxcapi.h">
      <Filter>UTILITY</Filter>
    </ClInclude>
    <ClInclude Include="$(MSBuildThisFileDirectory)vzCanvas.h">
      <Filter>ENGINE\System</Filter>
    </ClInclude>
    <ClInclude Include="$(MSBuildThisFileDirectory)vzRenderPath3D_PathTracing.h">
      <Filter>ENGINE\High level interface</Filter>
    </ClInclude>
    <ClInclude Include="$(MSBuildThisFileDirectory)Utility\flat_hash_map.hpp">
      <Filter>UTILITY</Filter>
    </ClInclude>
    <ClInclude Include="$(MSBuildThisFileDirectory)vzUnorderedSet.h">
      <Filter>ENGINE\Helpers</Filter>
    </ClInclude>
    <ClInclude Include="$(MSBuildThisFileDirectory)vzUnorderedMap.h">
      <Filter>ENGINE\Helpers</Filter>
    </ClInclude>
    <ClInclude Include="$(MSBuildThisFileDirectory)vzVector.h">
      <Filter>ENGINE\Helpers</Filter>
    </ClInclude>
    <ClInclude Include="$(MSBuildThisFileDirectory)vzGUI.h">
      <Filter>ENGINE\System</Filter>
    </ClInclude>
    <ClInclude Include="$(MSBuildThisFileDirectory)vzNoise.h">
      <Filter>ENGINE\Helpers</Filter>
    </ClInclude>
    <ClInclude Include="$(MSBuildThisFileDirectory)vzConfig.h">
      <Filter>ENGINE\Helpers</Filter>
    </ClInclude>
    <ClInclude Include="$(MSBuildThisFileDirectory)vzScene_Components.h">
      <Filter>ENGINE\System</Filter>
    </ClInclude>
    <ClInclude Include="$(MSBuildThisFileDirectory)vzBVH.h">
      <Filter>ENGINE\Helpers</Filter>
    </ClInclude>
    <ClInclude Include="$(MSBuildThisFileDirectory)vzLocalization.h">
      <Filter>ENGINE\Helpers</Filter>
    </ClInclude>
    <ClInclude Include="$(MSBuildThisFileDirectory)Utility\pugiconfig.hpp">
      <Filter>UTILITY</Filter>
    </ClInclude>
    <ClInclude Include="$(MSBuildThisFileDirectory)Utility\pugixml.hpp">
      <Filter>UTILITY</Filter>
    </ClInclude>
    <ClInclude Include="$(MSBuildThisFileDirectory)Utility\minimp4.h">
      <Filter>UTILITY</Filter>
    </ClInclude>
    <ClInclude Include="$(MSBuildThisFileDirectory)vzVideo.h">
      <Filter>ENGINE\Video</Filter>
    </ClInclude>
    <ClInclude Include="$(MSBuildThisFileDirectory)Utility\h264.h">
      <Filter>UTILITY</Filter>
    </ClInclude>
    <ClInclude Include="$(MSBuildThisFileDirectory)Utility\dxva.h">
      <Filter>UTILITY</Filter>
    </ClInclude>
    <ClInclude Include="$(MSBuildThisFileDirectory)Utility\dds_write.h">
      <Filter>UTILITY</Filter>
    </ClInclude>
    <ClInclude Include="$(MSBuildThisFileDirectory)Utility\lodepng.h">
      <Filter>UTILITY</Filter>
    </ClInclude>
    <ClInclude Include="$(MSBuildThisFileDirectory)vzVoxelGrid.h">
      <Filter>ENGINE\Helpers</Filter>
    </ClInclude>
    <ClInclude Include="$(MSBuildThisFileDirectory)vzPathQuery.h">
      <Filter>ENGINE\Helpers</Filter>
    </ClInclude>
    <ClInclude Include="$(MSBuildThisFileDirectory)vzAudio.h">
      <Filter>ENGINE\Audio</Filter>
    </ClInclude>
    <ClInclude Include="$(MSBuildThisFileDirectory)VizEngineAPIs.h" />
    <ClInclude Include="$(MSBuildThisFileDirectory)VizComponentAPIs.h" />
    <ClInclude Include="$(MSBuildThisFileDirectory)vzArcBall.h">
      <Filter>ENGINE\Helpers</Filter>
    </ClInclude>
  </ItemGroup>
  <ItemGroup>
    <ClCompile Include="$(MSBuildThisFileDirectory)vzVersion.cpp">
      <Filter>ENGINE</Filter>
    </ClCompile>
    <ClCompile Include="$(MSBuildThisFileDirectory)vzApplication.cpp">
      <Filter>ENGINE\High level interface</Filter>
    </ClCompile>
    <ClCompile Include="$(MSBuildThisFileDirectory)vzImage.cpp">
      <Filter>ENGINE\Graphics</Filter>
    </ClCompile>
    <ClCompile Include="$(MSBuildThisFileDirectory)vzRenderer.cpp">
      <Filter>ENGINE\Graphics</Filter>
    </ClCompile>
    <ClCompile Include="$(MSBuildThisFileDirectory)vzSprite.cpp">
      <Filter>ENGINE\Graphics</Filter>
    </ClCompile>
    <ClCompile Include="$(MSBuildThisFileDirectory)vzFont.cpp">
      <Filter>ENGINE\Graphics</Filter>
    </ClCompile>
    <ClCompile Include="$(MSBuildThisFileDirectory)vzMath.cpp">
      <Filter>ENGINE\Helpers</Filter>
    </ClCompile>
    <ClCompile Include="$(MSBuildThisFileDirectory)vzRandom.cpp">
      <Filter>ENGINE\Helpers</Filter>
    </ClCompile>
    <ClCompile Include="$(MSBuildThisFileDirectory)vzTextureHelper.cpp">
      <Filter>ENGINE\Graphics</Filter>
    </ClCompile>
    <ClCompile Include="$(MSBuildThisFileDirectory)vzHelper.cpp">
      <Filter>ENGINE\Helpers</Filter>
    </ClCompile>
    <ClCompile Include="$(MSBuildThisFileDirectory)vzResourceManager.cpp">
      <Filter>ENGINE\Helpers</Filter>
    </ClCompile>
    <ClCompile Include="$(MSBuildThisFileDirectory)vzFadeManager.cpp">
      <Filter>ENGINE\Helpers</Filter>
    </ClCompile>
    <ClCompile Include="$(MSBuildThisFileDirectory)vzRawInput.cpp">
      <Filter>ENGINE\Input</Filter>
    </ClCompile>
    <ClCompile Include="$(MSBuildThisFileDirectory)vzBacklog.cpp">
      <Filter>ENGINE\Tools</Filter>
    </ClCompile>
    <ClCompile Include="$(MSBuildThisFileDirectory)vzArchive.cpp">
      <Filter>ENGINE\Helpers</Filter>
    </ClCompile>
    <ClCompile Include="$(MSBuildThisFileDirectory)vzFFTGenerator.cpp">
      <Filter>ENGINE\Graphics</Filter>
    </ClCompile>
    <ClCompile Include="$(MSBuildThisFileDirectory)vzOcean.cpp">
      <Filter>ENGINE\Graphics</Filter>
    </ClCompile>
    <ClCompile Include="$(MSBuildThisFileDirectory)vzGraphicsDevice_DX12.cpp">
      <Filter>ENGINE\Graphics\API</Filter>
    </ClCompile>
    <ClCompile Include="$(MSBuildThisFileDirectory)vzGraphicsDevice_Vulkan.cpp">
      <Filter>ENGINE\Graphics\API</Filter>
    </ClCompile>
    <ClCompile Include="$(MSBuildThisFileDirectory)vzArguments.cpp">
      <Filter>ENGINE\Helpers</Filter>
    </ClCompile>
    <ClCompile Include="$(MSBuildThisFileDirectory)vzGPUSortLib.cpp">
      <Filter>ENGINE\Graphics</Filter>
    </ClCompile>
    <ClCompile Include="$(MSBuildThisFileDirectory)Utility\utility_common.cpp">
      <Filter>UTILITY</Filter>
    </ClCompile>
    <ClCompile Include="$(MSBuildThisFileDirectory)vzPhysics_Bullet.cpp">
      <Filter>ENGINE\Physics</Filter>
    </ClCompile>
    <ClCompile Include="$(MSBuildThisFileDirectory)vzGPUBVH.cpp">
      <Filter>ENGINE\Graphics</Filter>
    </ClCompile>
    <ClCompile Include="$(MSBuildThisFileDirectory)vzRenderPath2D.cpp">
      <Filter>ENGINE\High level interface</Filter>
    </ClCompile>
    <ClCompile Include="$(MSBuildThisFileDirectory)vzRenderPath3D.cpp">
      <Filter>ENGINE\High level interface</Filter>
    </ClCompile>
    <ClCompile Include="$(MSBuildThisFileDirectory)vzRenderPath3D_PathTracing.cpp">
      <Filter>ENGINE\High level interface</Filter>
    </ClCompile>
    <ClCompile Include="$(MSBuildThisFileDirectory)vzLoadingScreen.cpp">
      <Filter>ENGINE\High level interface</Filter>
    </ClCompile>
    <ClCompile Include="$(MSBuildThisFileDirectory)vzJobSystem.cpp">
      <Filter>ENGINE\System</Filter>
    </ClCompile>
    <ClCompile Include="$(MSBuildThisFileDirectory)vzInitializer.cpp">
      <Filter>ENGINE\System</Filter>
    </ClCompile>
    <ClCompile Include="$(MSBuildThisFileDirectory)vzPrimitive.cpp">
      <Filter>ENGINE\Helpers</Filter>
    </ClCompile>
    <ClCompile Include="$(MSBuildThisFileDirectory)vzNetwork_Windows.cpp">
      <Filter>ENGINE\Network</Filter>
    </ClCompile>
    <ClCompile Include="$(MSBuildThisFileDirectory)vzNetwork_UWP.cpp">
      <Filter>ENGINE\Network</Filter>
    </ClCompile>
    <ClCompile Include="$(MSBuildThisFileDirectory)vzInput.cpp">
      <Filter>ENGINE\Input</Filter>
    </ClCompile>
    <ClCompile Include="$(MSBuildThisFileDirectory)vzScene.cpp">
      <Filter>ENGINE\System</Filter>
    </ClCompile>
    <ClCompile Include="$(MSBuildThisFileDirectory)vzScene_Serializers.cpp">
      <Filter>ENGINE\System</Filter>
    </ClCompile>
    <ClCompile Include="$(MSBuildThisFileDirectory)vzProfiler.cpp">
      <Filter>ENGINE\Tools</Filter>
    </ClCompile>
    <ClCompile Include="$(MSBuildThisFileDirectory)vzSpriteFont.cpp">
      <Filter>ENGINE\Graphics</Filter>
    </ClCompile>
    <ClCompile Include="$(MSBuildThisFileDirectory)vzNetwork_Linux.cpp">
      <Filter>ENGINE\Network</Filter>
    </ClCompile>
    <ClCompile Include="$(MSBuildThisFileDirectory)vzEventHandler.cpp">
      <Filter>ENGINE\System</Filter>
    </ClCompile>
    <ClCompile Include="$(MSBuildThisFileDirectory)vzSDLInput.cpp">
      <Filter>ENGINE\Input</Filter>
    </ClCompile>
    <ClCompile Include="$(MSBuildThisFileDirectory)Utility\stb_vorbis.c">
      <Filter>UTILITY</Filter>
    </ClCompile>
    <ClCompile Include="$(MSBuildThisFileDirectory)Utility\spirv_reflect.c">
      <Filter>UTILITY</Filter>
    </ClCompile>
    <ClCompile Include="$(MSBuildThisFileDirectory)vzShaderCompiler.cpp">
      <Filter>ENGINE\Graphics\API</Filter>
    </ClCompile>
    <ClCompile Include="$(MSBuildThisFileDirectory)Utility\samplerBlueNoiseErrorDistribution_128x128_OptimizedFor_2d2d2d2d_1spp.cpp">
      <Filter>UTILITY</Filter>
    </ClCompile>
    <ClCompile Include="$(MSBuildThisFileDirectory)vzGUI.cpp">
      <Filter>ENGINE\System</Filter>
    </ClCompile>
    <ClCompile Include="$(MSBuildThisFileDirectory)vzConfig.cpp">
      <Filter>ENGINE\Helpers</Filter>
    </ClCompile>
    <ClCompile Include="$(MSBuildThisFileDirectory)vzScene_Components.cpp">
      <Filter>ENGINE\System</Filter>
    </ClCompile>
    <ClCompile Include="$(MSBuildThisFileDirectory)vzLocalization.cpp">
      <Filter>ENGINE\Helpers</Filter>
    </ClCompile>
    <ClCompile Include="$(MSBuildThisFileDirectory)Utility\pugixml.cpp">
      <Filter>UTILITY</Filter>
    </ClCompile>
    <ClCompile Include="$(MSBuildThisFileDirectory)vzVideo.cpp">
      <Filter>ENGINE\Video</Filter>
    </ClCompile>
    <ClCompile Include="$(MSBuildThisFileDirectory)Utility\lodepng.cpp">
      <Filter>UTILITY</Filter>
    </ClCompile>
    <ClCompile Include="$(MSBuildThisFileDirectory)vzVoxelGrid.cpp">
      <Filter>ENGINE\Helpers</Filter>
    </ClCompile>
    <ClCompile Include="$(MSBuildThisFileDirectory)vzPathQuery.cpp">
      <Filter>ENGINE\Helpers</Filter>
    </ClCompile>
    <ClCompile Include="$(MSBuildThisFileDirectory)vzAudio.cpp">
      <Filter>ENGINE\Audio</Filter>
    </ClCompile>
    <ClCompile Include="$(MSBuildThisFileDirectory)VizEngineAPIs.cpp" />
    <ClCompile Include="$(MSBuildThisFileDirectory)vzEmittedParticle.cpp">
      <Filter>ENGINE\Graphics\API</Filter>
    </ClCompile>
  </ItemGroup>
  <ItemGroup>
    <None Include="$(MSBuildThisFileDirectory)Utility\DirectXCollision.inl">
      <Filter>UTILITY</Filter>
    </None>
    <None Include="$(MSBuildThisFileDirectory)Utility\DirectXMathConvert.inl">
      <Filter>UTILITY</Filter>
    </None>
    <None Include="$(MSBuildThisFileDirectory)Utility\DirectXMathMatrix.inl">
      <Filter>UTILITY</Filter>
    </None>
    <None Include="$(MSBuildThisFileDirectory)Utility\DirectXMathMisc.inl">
      <Filter>UTILITY</Filter>
    </None>
    <None Include="$(MSBuildThisFileDirectory)Utility\DirectXMathVector.inl">
      <Filter>UTILITY</Filter>
    </None>
    <None Include="$(MSBuildThisFileDirectory)Utility\DirectXPackedVector.inl">
      <Filter>UTILITY</Filter>
    </None>
  </ItemGroup>
</Project>