<?xml version="1.0" encoding="utf-8"?>
<Project ToolsVersion="4.0" xmlns="http://schemas.microsoft.com/developer/msbuild/2003">
  <ItemGroup>
    <Filter Include="CommonHF">
      <UniqueIdentifier>{f92570bb-a5e3-4b03-ad7a-99124815d443}</UniqueIdentifier>
    </Filter>
    <Filter Include="Batch %28root%29">
      <UniqueIdentifier>{87ef205b-9f03-4c75-9fa3-a0a1c697c1b2}</UniqueIdentifier>
    </Filter>
    <Filter Include="Common %28root%29">
      <UniqueIdentifier>{7a984d49-29e9-4f9b-99f8-db65d12cf319}</UniqueIdentifier>
    </Filter>
    <Filter Include="Interop %28root%29">
      <UniqueIdentifier>{cba31e7b-f882-4efc-af50-f0d4f29c7e3e}</UniqueIdentifier>
    </Filter>
    <Filter Include="Libs">
      <UniqueIdentifier>{06159dd3-469f-4d2e-a561-53b813393e9b}</UniqueIdentifier>
    </Filter>
    <Filter Include="Libs\compressonator">
      <UniqueIdentifier>{9106b2c4-88fd-4372-a67e-9cb38c6df995}</UniqueIdentifier>
    </Filter>
    <Filter Include="Raster-Pipeline Shaders">
      <UniqueIdentifier>{580a4773-9b45-44e9-bc46-568927e883eb}</UniqueIdentifier>
    </Filter>
    <Filter Include="Raster-Pipeline Shaders\PS">
      <UniqueIdentifier>{89e1659f-8e03-4d4a-b866-7b4c7876f0fa}</UniqueIdentifier>
    </Filter>
    <Filter Include="Raster-Pipeline Shaders\VS">
      <UniqueIdentifier>{23dbb783-f920-42dd-a8a6-112587b07d22}</UniqueIdentifier>
    </Filter>
    <Filter Include="Compute Shaders">
      <UniqueIdentifier>{0f5fb1ae-0d32-499f-9eb3-6d8216475cb8}</UniqueIdentifier>
    </Filter>
    <Filter Include="Compute Shaders\BVH">
      <UniqueIdentifier>{5ff7c468-3d5d-438d-b157-ac26eb2c27ff}</UniqueIdentifier>
    </Filter>
    <Filter Include="Compute Shaders\Image Processing">
      <UniqueIdentifier>{7d9b7f4b-184e-46b9-8d47-735b89a929e0}</UniqueIdentifier>
    </Filter>
    <Filter Include="Compute Shaders\Post Processing Chains">
      <UniqueIdentifier>{21abd7c3-f90c-4f2b-9534-2540d1b1f2ad}</UniqueIdentifier>
    </Filter>
    <Filter Include="Compute Shaders\Rendering Processing">
      <UniqueIdentifier>{6102899b-4381-4401-a7f2-224a8f01e5b0}</UniqueIdentifier>
    </Filter>
    <Filter Include="Compute Shaders\Sort">
      <UniqueIdentifier>{a5a2778b-82d4-4c44-94fa-644126055662}</UniqueIdentifier>
    </Filter>
    <Filter Include="Compute Shaders\Direct Volumes">
      <UniqueIdentifier>{8ff856cc-1a39-4b5e-abcb-42eb66603b6c}</UniqueIdentifier>
    </Filter>
    <Filter Include="Raster-Pipeline Shaders\GS">
      <UniqueIdentifier>{37a809a9-c201-4850-b1b6-6a94c0608a54}</UniqueIdentifier>
    </Filter>
    <Filter Include="Compute Shaders\GaussianSplatting">
      <UniqueIdentifier>{2bf53637-c604-4224-a0ae-0db64ec8abc9}</UniqueIdentifier>
    </Filter>
    <Filter Include="Compute Shaders\GaussianSplatting\unused">
      <UniqueIdentifier>{4e3a4ae9-1f1f-44cf-8ea8-7a71cb1fe5c6}</UniqueIdentifier>
    </Filter>
    <Filter Include="CommonHF\Shapes">
      <UniqueIdentifier>{970ec47b-8b03-4890-9f1f-2eddbdaf6c75}</UniqueIdentifier>
    </Filter>
    <Filter Include="Compute Shaders\ScrrenSpace">
      <UniqueIdentifier>{a92a93e8-bd5a-4826-8922-dc995d29627c}</UniqueIdentifier>
    </Filter>
    <Filter Include="Compute Shaders\RayTracing">
      <UniqueIdentifier>{17ed1a06-a7fc-4525-9ea4-d6b27ccab6e2}</UniqueIdentifier>
    </Filter>
    <Filter Include="FFX Packages">
      <UniqueIdentifier>{112876f8-d58b-4e5d-98c8-f001963d896e}</UniqueIdentifier>
    </Filter>
    <Filter Include="FFX Packages\ffx-fsr2">
      <UniqueIdentifier>{f358f62b-9d66-4d04-9e76-48072703d5c5}</UniqueIdentifier>
    </Filter>
    <Filter Include="FFX Packages\ffx-shadows-dnsr">
      <UniqueIdentifier>{fcb41e9f-0596-4282-8a0c-516b6d8f7951}</UniqueIdentifier>
    </Filter>
  </ItemGroup>
  <ItemGroup>
    <None Include="$(MSBuildThisFileDirectory)compile.bat">
      <Filter>Batch %28root%29</Filter>
    </None>
    <None Include="$(MSBuildThisFileDirectory)PixelPacking_R11G11B10.hlsli">
      <Filter>Common %28root%29</Filter>
    </None>
    <None Include="$(MSBuildThisFileDirectory)PixelPacking_RGBE.hlsli">
      <Filter>Common %28root%29</Filter>
    </None>
    <None Include="$(MSBuildThisFileDirectory)ColorSpaceUtility.hlsli">
      <Filter>Common %28root%29</Filter>
    </None>
    <None Include="$(MSBuildThisFileDirectory)Globals.hlsli">
      <Filter>Common %28root%29</Filter>
    </None>
    <None Include="$(MSBuildThisFileDirectory)CommonHF\shadowHF.hlsli">
      <Filter>CommonHF</Filter>
    </None>
    <None Include="$(MSBuildThisFileDirectory)CommonHF\surfaceHF.hlsli">
      <Filter>CommonHF</Filter>
    </None>
    <None Include="$(MSBuildThisFileDirectory)CommonHF\voxelConeTracingHF.hlsli">
      <Filter>CommonHF</Filter>
    </None>
    <None Include="$(MSBuildThisFileDirectory)CommonHF\bc6h.hlsli">
      <Filter>CommonHF</Filter>
    </None>
    <None Include="$(MSBuildThisFileDirectory)CommonHF\blockCompress.hlsli">
      <Filter>CommonHF</Filter>
    </None>
    <None Include="$(MSBuildThisFileDirectory)CommonHF\brdf.hlsli">
      <Filter>CommonHF</Filter>
    </None>
    <None Include="$(MSBuildThisFileDirectory)CommonHF\cullingShaderHF.hlsli">
      <Filter>CommonHF</Filter>
    </None>
    <None Include="$(MSBuildThisFileDirectory)CommonHF\dvrHF.hlsli">
      <Filter>CommonHF</Filter>
    </None>
    <None Include="$(MSBuildThisFileDirectory)CommonHF\fogHF.hlsli">
      <Filter>CommonHF</Filter>
    </None>
    <None Include="$(MSBuildThisFileDirectory)CommonHF\imageHF.hlsli">
      <Filter>CommonHF</Filter>
    </None>
    <None Include="$(MSBuildThisFileDirectory)CommonHF\lightingHF.hlsli">
      <Filter>CommonHF</Filter>
    </None>
    <None Include="$(MSBuildThisFileDirectory)CommonHF\objectHF.hlsli">
      <Filter>CommonHF</Filter>
    </None>
    <None Include="$(MSBuildThisFileDirectory)CommonHF\raytracingHF.hlsli">
      <Filter>CommonHF</Filter>
    </None>
    <None Include="$(MSBuildThisFileDirectory)CommonHF\shadingHF.hlsli">
      <Filter>CommonHF</Filter>
    </None>
    <None Include="$(MSBuildThisFileDirectory)CommonHF\objectRayHF.hlsli">
      <Filter>CommonHF</Filter>
    </None>
    <None Include="$(MSBuildThisFileDirectory)CommonHF\zfragmentHF.hlsli">
      <Filter>CommonHF</Filter>
    </None>
    <None Include="$(MSBuildThisFileDirectory)CommonHF\kbufferHF.hlsli">
      <Filter>CommonHF</Filter>
    </None>
    <None Include="$(MSBuildThisFileDirectory)CommonHF\curvedSlicerHF.hlsli">
      <Filter>CommonHF</Filter>
    </None>
    <None Include="$(MSBuildThisFileDirectory)CommonHF\gaussianSplattingHF.hlsli">
      <Filter>CommonHF</Filter>
    </None>
    <None Include="$(MSBuildThisFileDirectory)CommonHF\volumetricLightHF.hlsli">
      <Filter>CommonHF</Filter>
    </None>
    <None Include="$(MSBuildThisFileDirectory)CommonHF\circle.hlsli">
      <Filter>CommonHF\Shapes</Filter>
    </None>
    <None Include="$(MSBuildThisFileDirectory)CommonHF\cone.hlsli">
      <Filter>CommonHF\Shapes</Filter>
    </None>
    <None Include="$(MSBuildThisFileDirectory)CommonHF\icosphere.hlsli">
      <Filter>CommonHF\Shapes</Filter>
    </None>
    <None Include="$(MSBuildThisFileDirectory)CommonHF\uvsphere.hlsli">
      <Filter>CommonHF\Shapes</Filter>
    </None>
    <None Include="$(MSBuildThisFileDirectory)CommonHF\skyHF.hlsli">
      <Filter>CommonHF</Filter>
    </None>
    <None Include="$(MSBuildThisFileDirectory)CommonHF\skyAtmosphere.hlsli">
      <Filter>CommonHF</Filter>
    </None>
    <None Include="$(MSBuildThisFileDirectory)CommonHF\stochasticSSRHF.hlsli">
      <Filter>CommonHF</Filter>
    </None>
    <None Include="$(MSBuildThisFileDirectory)CommonHF\capsuleShadowHF.hlsli">
      <Filter>CommonHF</Filter>
    </None>
    <None Include="$(MSBuildThisFileDirectory)CommonHF\voxelHF.hlsli">
      <Filter>CommonHF</Filter>
    </None>
    <None Include="$(MSBuildThisFileDirectory)CommonHF\volumetricCloudsHF.hlsli">
      <Filter>CommonHF</Filter>
    </None>
    <None Include="$(MSBuildThisFileDirectory)CommonHF\cube.hlsli">
      <Filter>CommonHF\Shapes</Filter>
    </None>
  </ItemGroup>
  <ItemGroup>
    <ClInclude Include="$(MSBuildThisFileDirectory)ShaderInterop_GaussianSplatting.h">
      <Filter>Interop %28root%29</Filter>
    </ClInclude>
    <ClInclude Include="$(MSBuildThisFileDirectory)ShaderInterop_Image.h">
      <Filter>Interop %28root%29</Filter>
    </ClInclude>
    <ClInclude Include="$(MSBuildThisFileDirectory)ShaderInterop_Postprocess.h">
      <Filter>Interop %28root%29</Filter>
    </ClInclude>
    <ClInclude Include="$(MSBuildThisFileDirectory)ShaderInterop_Raytracing.h">
      <Filter>Interop %28root%29</Filter>
    </ClInclude>
    <ClInclude Include="$(MSBuildThisFileDirectory)ShaderInterop_SurfelGI.h">
      <Filter>Interop %28root%29</Filter>
    </ClInclude>
    <ClInclude Include="$(MSBuildThisFileDirectory)ShaderInterop_VXGI.h">
      <Filter>Interop %28root%29</Filter>
    </ClInclude>
    <ClInclude Include="$(MSBuildThisFileDirectory)ShaderInterop.h">
      <Filter>Interop %28root%29</Filter>
    </ClInclude>
    <ClInclude Include="$(MSBuildThisFileDirectory)ShaderInterop_BVH.h">
      <Filter>Interop %28root%29</Filter>
    </ClInclude>
    <ClInclude Include="$(MSBuildThisFileDirectory)ShaderInterop_DDGI.h">
      <Filter>Interop %28root%29</Filter>
    </ClInclude>
    <ClInclude Include="$(MSBuildThisFileDirectory)ShaderInterop_DVR.h">
      <Filter>Interop %28root%29</Filter>
    </ClInclude>
    <ClInclude Include="$(MSBuildThisFileDirectory)ShaderInterop_GPUSortLib.h">
      <Filter>Interop %28root%29</Filter>
    </ClInclude>
    <ClInclude Include="$(MSBuildThisFileDirectory)compressonator\bcn_common_kernel.h">
      <Filter>Libs\compressonator</Filter>
    </ClInclude>
    <ClInclude Include="$(MSBuildThisFileDirectory)compressonator\common_def.h">
      <Filter>Libs\compressonator</Filter>
    </ClInclude>
    <ClInclude Include="$(MSBuildThisFileDirectory)compressonator\bcn_common_api.h">
      <Filter>Libs\compressonator</Filter>
    </ClInclude>
    <ClInclude Include="$(MSBuildThisFileDirectory)ShaderInterop_FSR2.h">
      <Filter>Interop %28root%29</Filter>
    </ClInclude>
    <ClInclude Include="$(MSBuildThisFileDirectory)ShaderInterop_Font.h">
      <Filter>Interop %28root%29</Filter>
    </ClInclude>
    <ClInclude Include="$(MSBuildThisFileDirectory)ShaderInterop_Environment.h">
      <Filter>Interop %28root%29</Filter>
    </ClInclude>
    <ClInclude Include="$(MSBuildThisFileDirectory)ffx-fsr2\ffx_common_types.h">
      <Filter>FFX Packages\ffx-fsr2</Filter>
    </ClInclude>
    <ClInclude Include="$(MSBuildThisFileDirectory)ffx-fsr2\ffx_core.h">
      <Filter>FFX Packages\ffx-fsr2</Filter>
    </ClInclude>
    <ClInclude Include="$(MSBuildThisFileDirectory)ffx-fsr2\ffx_core_cpu.h">
      <Filter>FFX Packages\ffx-fsr2</Filter>
    </ClInclude>
    <ClInclude Include="$(MSBuildThisFileDirectory)ffx-fsr2\ffx_core_gpu_common.h">
      <Filter>FFX Packages\ffx-fsr2</Filter>
    </ClInclude>
    <ClInclude Include="$(MSBuildThisFileDirectory)ffx-fsr2\ffx_core_gpu_common_half.h">
      <Filter>FFX Packages\ffx-fsr2</Filter>
    </ClInclude>
    <ClInclude Include="$(MSBuildThisFileDirectory)ffx-fsr2\ffx_core_hlsl.h">
      <Filter>FFX Packages\ffx-fsr2</Filter>
    </ClInclude>
    <ClInclude Include="$(MSBuildThisFileDirectory)ffx-fsr2\ffx_core_portability.h">
      <Filter>FFX Packages\ffx-fsr2</Filter>
    </ClInclude>
    <ClInclude Include="$(MSBuildThisFileDirectory)ffx-fsr2\ffx_fsr1.h">
      <Filter>FFX Packages\ffx-fsr2</Filter>
    </ClInclude>
    <ClInclude Include="$(MSBuildThisFileDirectory)ffx-fsr2\ffx_fsr2_accumulate.h">
      <Filter>FFX Packages\ffx-fsr2</Filter>
    </ClInclude>
    <ClInclude Include="$(MSBuildThisFileDirectory)ffx-fsr2\ffx_fsr2_callbacks_hlsl.h">
      <Filter>FFX Packages\ffx-fsr2</Filter>
    </ClInclude>
    <ClInclude Include="$(MSBuildThisFileDirectory)ffx-fsr2\ffx_fsr2_common.h">
      <Filter>FFX Packages\ffx-fsr2</Filter>
    </ClInclude>
    <ClInclude Include="$(MSBuildThisFileDirectory)ffx-fsr2\ffx_fsr2_compute_luminance_pyramid.h">
      <Filter>FFX Packages\ffx-fsr2</Filter>
    </ClInclude>
    <ClInclude Include="$(MSBuildThisFileDirectory)ffx-fsr2\ffx_fsr2_depth_clip.h">
      <Filter>FFX Packages\ffx-fsr2</Filter>
    </ClInclude>
    <ClInclude Include="$(MSBuildThisFileDirectory)ffx-fsr2\ffx_fsr2_lock.h">
      <Filter>FFX Packages\ffx-fsr2</Filter>
    </ClInclude>
    <ClInclude Include="$(MSBuildThisFileDirectory)ffx-fsr2\ffx_fsr2_postprocess_lock_status.h">
      <Filter>FFX Packages\ffx-fsr2</Filter>
    </ClInclude>
    <ClInclude Include="$(MSBuildThisFileDirectory)ffx-fsr2\ffx_fsr2_prepare_input_color.h">
      <Filter>FFX Packages\ffx-fsr2</Filter>
    </ClInclude>
    <ClInclude Include="$(MSBuildThisFileDirectory)ffx-fsr2\ffx_fsr2_rcas.h">
      <Filter>FFX Packages\ffx-fsr2</Filter>
    </ClInclude>
    <ClInclude Include="$(MSBuildThisFileDirectory)ffx-fsr2\ffx_fsr2_reconstruct_dilated_velocity_and_previous_depth.h">
      <Filter>FFX Packages\ffx-fsr2</Filter>
    </ClInclude>
    <ClInclude Include="$(MSBuildThisFileDirectory)ffx-fsr2\ffx_fsr2_reproject.h">
      <Filter>FFX Packages\ffx-fsr2</Filter>
    </ClInclude>
    <ClInclude Include="$(MSBuildThisFileDirectory)ffx-fsr2\ffx_fsr2_resources.h">
      <Filter>FFX Packages\ffx-fsr2</Filter>
    </ClInclude>
    <ClInclude Include="$(MSBuildThisFileDirectory)ffx-fsr2\ffx_fsr2_sample.h">
      <Filter>FFX Packages\ffx-fsr2</Filter>
    </ClInclude>
    <ClInclude Include="$(MSBuildThisFileDirectory)ffx-fsr2\ffx_fsr2_upsample.h">
      <Filter>FFX Packages\ffx-fsr2</Filter>
    </ClInclude>
    <ClInclude Include="$(MSBuildThisFileDirectory)ffx-fsr2\ffx_spd.h">
      <Filter>FFX Packages\ffx-fsr2</Filter>
    </ClInclude>
    <ClInclude Include="$(MSBuildThisFileDirectory)ffx-shadows-dnsr\ffx_denoiser_shadows_filter.h">
      <Filter>FFX Packages\ffx-shadows-dnsr</Filter>
    </ClInclude>
    <ClInclude Include="$(MSBuildThisFileDirectory)ffx-shadows-dnsr\ffx_denoiser_shadows_prepare.h">
      <Filter>FFX Packages\ffx-shadows-dnsr</Filter>
    </ClInclude>
    <ClInclude Include="$(MSBuildThisFileDirectory)ffx-shadows-dnsr\ffx_denoiser_shadows_tileclassification.h">
      <Filter>FFX Packages\ffx-shadows-dnsr</Filter>
    </ClInclude>
    <ClInclude Include="$(MSBuildThisFileDirectory)ffx-shadows-dnsr\ffx_denoiser_shadows_util.h">
      <Filter>FFX Packages\ffx-shadows-dnsr</Filter>
    </ClInclude>
  </ItemGroup>
  <ItemGroup>
    <FxCompile Include="$(MSBuildThisFileDirectory)CS\bvh_primitivesCS_geometryspace.hlsl">
      <Filter>Compute Shaders\BVH</Filter>
    </FxCompile>
    <FxCompile Include="$(MSBuildThisFileDirectory)CS\bvh_propagateaabbCS.hlsl">
      <Filter>Compute Shaders\BVH</Filter>
    </FxCompile>
    <FxCompile Include="$(MSBuildThisFileDirectory)CS\bvh_hierarchyCS.hlsl">
      <Filter>Compute Shaders\BVH</Filter>
    </FxCompile>
    <FxCompile Include="$(MSBuildThisFileDirectory)CS\bvh_primitivesCS.hlsl">
      <Filter>Compute Shaders\BVH</Filter>
    </FxCompile>
    <FxCompile Include="$(MSBuildThisFileDirectory)CS\dvrCS.hlsl">
      <Filter>Compute Shaders\Direct Volumes</Filter>
    </FxCompile>
    <FxCompile Include="$(MSBuildThisFileDirectory)CS\dvrCS_woKB.hlsl">
      <Filter>Compute Shaders\Direct Volumes</Filter>
    </FxCompile>
    <FxCompile Include="$(MSBuildThisFileDirectory)CS\gpusortlib_sortCS.hlsl">
      <Filter>Compute Shaders\Sort</Filter>
    </FxCompile>
    <FxCompile Include="$(MSBuildThisFileDirectory)CS\gpusortlib_sortInnerCS.hlsl">
      <Filter>Compute Shaders\Sort</Filter>
    </FxCompile>
    <FxCompile Include="$(MSBuildThisFileDirectory)CS\gpusortlib_sortStepCS.hlsl">
      <Filter>Compute Shaders\Sort</Filter>
    </FxCompile>
    <FxCompile Include="$(MSBuildThisFileDirectory)CS\gpusortlib_kickoffSortCS.hlsl">
      <Filter>Compute Shaders\Sort</Filter>
    </FxCompile>
    <FxCompile Include="$(MSBuildThisFileDirectory)CS\lightCullingCS.hlsl">
      <Filter>Compute Shaders\Rendering Processing</Filter>
    </FxCompile>
    <FxCompile Include="$(MSBuildThisFileDirectory)CS\lightCullingCS_ADVANCED.hlsl">
      <Filter>Compute Shaders\Rendering Processing</Filter>
    </FxCompile>
    <FxCompile Include="$(MSBuildThisFileDirectory)CS\lightCullingCS_ADVANCED_DEBUG.hlsl">
      <Filter>Compute Shaders\Rendering Processing</Filter>
    </FxCompile>
    <FxCompile Include="$(MSBuildThisFileDirectory)CS\lightCullingCS_DEBUG.hlsl">
      <Filter>Compute Shaders\Rendering Processing</Filter>
    </FxCompile>
    <FxCompile Include="$(MSBuildThisFileDirectory)CS\meshlet_prepareCS.hlsl">
      <Filter>Compute Shaders\Rendering Processing</Filter>
    </FxCompile>
    <FxCompile Include="$(MSBuildThisFileDirectory)CS\view_resolveCS.hlsl">
      <Filter>Compute Shaders\Rendering Processing</Filter>
    </FxCompile>
    <FxCompile Include="$(MSBuildThisFileDirectory)CS\view_resolveCS_MSAA.hlsl">
      <Filter>Compute Shaders\Rendering Processing</Filter>
    </FxCompile>
    <FxCompile Include="$(MSBuildThisFileDirectory)CS\wetmap_updateCS.hlsl">
      <Filter>Compute Shaders\Rendering Processing</Filter>
    </FxCompile>
    <FxCompile Include="$(MSBuildThisFileDirectory)CS\tonemapCS.hlsl">
      <Filter>Compute Shaders\Post Processing Chains</Filter>
    </FxCompile>
    <FxCompile Include="$(MSBuildThisFileDirectory)CS\blur_gaussian_wide_unorm4CS.hlsl">
      <Filter>Compute Shaders\Image Processing</Filter>
    </FxCompile>
    <FxCompile Include="$(MSBuildThisFileDirectory)CS\blockcompressCS_BC1.hlsl">
      <Filter>Compute Shaders\Image Processing</Filter>
    </FxCompile>
    <FxCompile Include="$(MSBuildThisFileDirectory)CS\blockcompressCS_BC3.hlsl">
      <Filter>Compute Shaders\Image Processing</Filter>
    </FxCompile>
    <FxCompile Include="$(MSBuildThisFileDirectory)CS\blockcompressCS_BC4.hlsl">
      <Filter>Compute Shaders\Image Processing</Filter>
    </FxCompile>
    <FxCompile Include="$(MSBuildThisFileDirectory)CS\blockcompressCS_BC5.hlsl">
      <Filter>Compute Shaders\Image Processing</Filter>
    </FxCompile>
    <FxCompile Include="$(MSBuildThisFileDirectory)CS\blockcompressCS_BC6H.hlsl">
      <Filter>Compute Shaders\Image Processing</Filter>
    </FxCompile>
    <FxCompile Include="$(MSBuildThisFileDirectory)CS\blockcompressCS_BC6H_cubemap.hlsl">
      <Filter>Compute Shaders\Image Processing</Filter>
    </FxCompile>
    <FxCompile Include="$(MSBuildThisFileDirectory)CS\blur_gaussian_float1CS.hlsl">
      <Filter>Compute Shaders\Image Processing</Filter>
    </FxCompile>
    <FxCompile Include="$(MSBuildThisFileDirectory)CS\blur_gaussian_float3CS.hlsl">
      <Filter>Compute Shaders\Image Processing</Filter>
    </FxCompile>
    <FxCompile Include="$(MSBuildThisFileDirectory)CS\blur_gaussian_float4CS.hlsl">
      <Filter>Compute Shaders\Image Processing</Filter>
    </FxCompile>
    <FxCompile Include="$(MSBuildThisFileDirectory)CS\blur_gaussian_unorm1CS.hlsl">
      <Filter>Compute Shaders\Image Processing</Filter>
    </FxCompile>
    <FxCompile Include="$(MSBuildThisFileDirectory)CS\blur_gaussian_unorm4CS.hlsl">
      <Filter>Compute Shaders\Image Processing</Filter>
    </FxCompile>
    <FxCompile Include="$(MSBuildThisFileDirectory)CS\blur_gaussian_wide_float1CS.hlsl">
      <Filter>Compute Shaders\Image Processing</Filter>
    </FxCompile>
    <FxCompile Include="$(MSBuildThisFileDirectory)CS\blur_gaussian_wide_float3CS.hlsl">
      <Filter>Compute Shaders\Image Processing</Filter>
    </FxCompile>
    <FxCompile Include="$(MSBuildThisFileDirectory)CS\blur_gaussian_wide_float4CS.hlsl">
      <Filter>Compute Shaders\Image Processing</Filter>
    </FxCompile>
    <FxCompile Include="$(MSBuildThisFileDirectory)CS\blur_gaussian_wide_unorm1CS.hlsl">
      <Filter>Compute Shaders\Image Processing</Filter>
    </FxCompile>
    <FxCompile Include="$(MSBuildThisFileDirectory)CS\generateMIPChainCubeCS_unorm4.hlsl">
      <Filter>Compute Shaders\Image Processing</Filter>
    </FxCompile>
    <FxCompile Include="$(MSBuildThisFileDirectory)CS\generateMIPChain2DCS_float4.hlsl">
      <Filter>Compute Shaders\Image Processing</Filter>
    </FxCompile>
    <FxCompile Include="$(MSBuildThisFileDirectory)CS\generateMIPChain2DCS_unorm4.hlsl">
      <Filter>Compute Shaders\Image Processing</Filter>
    </FxCompile>
    <FxCompile Include="$(MSBuildThisFileDirectory)CS\generateMIPChain3DCS_float4.hlsl">
      <Filter>Compute Shaders\Image Processing</Filter>
    </FxCompile>
    <FxCompile Include="$(MSBuildThisFileDirectory)CS\generateMIPChain3DCS_unorm4.hlsl">
      <Filter>Compute Shaders\Image Processing</Filter>
    </FxCompile>
    <FxCompile Include="$(MSBuildThisFileDirectory)CS\generateMIPChainCubeArrayCS_float4.hlsl">
      <Filter>Compute Shaders\Image Processing</Filter>
    </FxCompile>
    <FxCompile Include="$(MSBuildThisFileDirectory)CS\generateMIPChainCubeArrayCS_unorm4.hlsl">
      <Filter>Compute Shaders\Image Processing</Filter>
    </FxCompile>
    <FxCompile Include="$(MSBuildThisFileDirectory)CS\generateMIPChainCubeCS_float4.hlsl">
      <Filter>Compute Shaders\Image Processing</Filter>
    </FxCompile>
    <FxCompile Include="$(MSBuildThisFileDirectory)PS\imagePS.hlsl">
      <Filter>Raster-Pipeline Shaders\PS</Filter>
    </FxCompile>
    <FxCompile Include="$(MSBuildThisFileDirectory)PS\meshPS.hlsl">
      <Filter>Raster-Pipeline Shaders\PS</Filter>
    </FxCompile>
    <FxCompile Include="$(MSBuildThisFileDirectory)PS\meshPS_debug.hlsl">
      <Filter>Raster-Pipeline Shaders\PS</Filter>
    </FxCompile>
    <FxCompile Include="$(MSBuildThisFileDirectory)PS\meshPS_prepass.hlsl">
      <Filter>Raster-Pipeline Shaders\PS</Filter>
    </FxCompile>
    <FxCompile Include="$(MSBuildThisFileDirectory)PS\meshPS_prepass_alphatest.hlsl">
      <Filter>Raster-Pipeline Shaders\PS</Filter>
    </FxCompile>
    <FxCompile Include="$(MSBuildThisFileDirectory)PS\meshPS_prepass_depthonly.hlsl">
      <Filter>Raster-Pipeline Shaders\PS</Filter>
    </FxCompile>
    <FxCompile Include="$(MSBuildThisFileDirectory)PS\meshPS_prepass_depthonly_alphatest.hlsl">
      <Filter>Raster-Pipeline Shaders\PS</Filter>
    </FxCompile>
    <FxCompile Include="$(MSBuildThisFileDirectory)PS\meshPS_simple.hlsl">
      <Filter>Raster-Pipeline Shaders\PS</Filter>
    </FxCompile>
    <FxCompile Include="$(MSBuildThisFileDirectory)PS\vertexcolorPS.hlsl">
      <Filter>Raster-Pipeline Shaders\PS</Filter>
    </FxCompile>
    <FxCompile Include="$(MSBuildThisFileDirectory)PS\debugPS.hlsl">
      <Filter>Raster-Pipeline Shaders\PS</Filter>
    </FxCompile>
    <FxCompile Include="$(MSBuildThisFileDirectory)VS\imageVS.hlsl">
      <Filter>Raster-Pipeline Shaders\VS</Filter>
    </FxCompile>
    <FxCompile Include="$(MSBuildThisFileDirectory)VS\meshVS_debug.hlsl">
      <Filter>Raster-Pipeline Shaders\VS</Filter>
    </FxCompile>
    <FxCompile Include="$(MSBuildThisFileDirectory)VS\meshVS_common.hlsl">
      <Filter>Raster-Pipeline Shaders\VS</Filter>
    </FxCompile>
    <FxCompile Include="$(MSBuildThisFileDirectory)VS\meshVS_prepass.hlsl">
      <Filter>Raster-Pipeline Shaders\VS</Filter>
    </FxCompile>
    <FxCompile Include="$(MSBuildThisFileDirectory)VS\meshVS_prepass_alphatest.hlsl">
      <Filter>Raster-Pipeline Shaders\VS</Filter>
    </FxCompile>
    <FxCompile Include="$(MSBuildThisFileDirectory)VS\meshVS_prepass_alphatest_tessellation.hlsl">
      <Filter>Raster-Pipeline Shaders\VS</Filter>
    </FxCompile>
    <FxCompile Include="$(MSBuildThisFileDirectory)VS\meshVS_prepass_tessellation.hlsl">
      <Filter>Raster-Pipeline Shaders\VS</Filter>
    </FxCompile>
    <FxCompile Include="$(MSBuildThisFileDirectory)VS\meshVS_simple.hlsl">
      <Filter>Raster-Pipeline Shaders\VS</Filter>
    </FxCompile>
    <FxCompile Include="$(MSBuildThisFileDirectory)VS\occludeeVS.hlsl">
      <Filter>Raster-Pipeline Shaders\VS</Filter>
    </FxCompile>
    <FxCompile Include="$(MSBuildThisFileDirectory)VS\vertexcolorVS.hlsl">
      <Filter>Raster-Pipeline Shaders\VS</Filter>
    </FxCompile>
    <FxCompile Include="$(MSBuildThisFileDirectory)CS\gsplat_replicateCS.hlsl">
      <Filter>Compute Shaders\GaussianSplatting</Filter>
    </FxCompile>
    <FxCompile Include="$(MSBuildThisFileDirectory)CS\gsplat_identifyTileRangeCS.hlsl">
      <Filter>Compute Shaders\GaussianSplatting</Filter>
    </FxCompile>
    <FxCompile Include="$(MSBuildThisFileDirectory)CS\gsplat_preprocessCS.hlsl">
      <Filter>Compute Shaders\GaussianSplatting</Filter>
    </FxCompile>
    <FxCompile Include="$(MSBuildThisFileDirectory)CS\meshSlicerCS.hlsl">
      <Filter>Compute Shaders\Direct Volumes</Filter>
    </FxCompile>
    <FxCompile Include="$(MSBuildThisFileDirectory)CS\slicerOutlineCS.hlsl">
      <Filter>Compute Shaders\Direct Volumes</Filter>
    </FxCompile>
    <FxCompile Include="$(MSBuildThisFileDirectory)CS\slicerResolveCS_KB2.hlsl">
      <Filter>Compute Shaders\Direct Volumes</Filter>
    </FxCompile>
    <FxCompile Include="$(MSBuildThisFileDirectory)CS\meshSlicerCS_curvedplane.hlsl">
      <Filter>Compute Shaders\Direct Volumes</Filter>
    </FxCompile>
    <FxCompile Include="$(MSBuildThisFileDirectory)GS\thicknessLineGS.hlsl">
      <Filter>Raster-Pipeline Shaders\GS</Filter>
    </FxCompile>
    <FxCompile Include="$(MSBuildThisFileDirectory)CS\dvrCS_curved_slicer_2KB.hlsl">
      <Filter>Compute Shaders\Direct Volumes</Filter>
    </FxCompile>
    <FxCompile Include="$(MSBuildThisFileDirectory)CS\dvrCS_slicer_2KB.hlsl">
      <Filter>Compute Shaders\Direct Volumes</Filter>
    </FxCompile>
    <FxCompile Include="$(MSBuildThisFileDirectory)CS\dvrCS_slicer_nothickness.hlsl">
      <Filter>Compute Shaders\Direct Volumes</Filter>
    </FxCompile>
    <FxCompile Include="$(MSBuildThisFileDirectory)CS\dvrCS_xray_woKB.hlsl">
      <Filter>Compute Shaders\Direct Volumes</Filter>
    </FxCompile>
    <FxCompile Include="$(MSBuildThisFileDirectory)CS\dvrCS_slicer_xray_2KB.hlsl">
      <Filter>Compute Shaders\Direct Volumes</Filter>
    </FxCompile>
    <FxCompile Include="$(MSBuildThisFileDirectory)CS\dvrCS_curved_slicer_xray_2KB.hlsl">
      <Filter>Compute Shaders\Direct Volumes</Filter>
    </FxCompile>
    <FxCompile Include="$(MSBuildThisFileDirectory)CS\dvrCS_curved_slicer_nothickness.hlsl">
      <Filter>Compute Shaders\Direct Volumes</Filter>
    </FxCompile>
    <FxCompile Include="$(MSBuildThisFileDirectory)CS\temporalaaCS.hlsl">
      <Filter>Compute Shaders\Post Processing Chains</Filter>
    </FxCompile>
    <FxCompile Include="$(MSBuildThisFileDirectory)CS\gpusortlib_sortCS_uint64.hlsl">
      <Filter>Compute Shaders\Sort</Filter>
    </FxCompile>
    <FxCompile Include="$(MSBuildThisFileDirectory)CS\gpusortlib_sortInnerCS_uint64.hlsl">
      <Filter>Compute Shaders\Sort</Filter>
    </FxCompile>
    <FxCompile Include="$(MSBuildThisFileDirectory)CS\gpusortlib_sortStepCS_uint64.hlsl">
      <Filter>Compute Shaders\Sort</Filter>
    </FxCompile>
    <FxCompile Include="$(MSBuildThisFileDirectory)CS\gs_histCS.hlsl">
      <Filter>Compute Shaders\GaussianSplatting\unused</Filter>
    </FxCompile>
    <FxCompile Include="$(MSBuildThisFileDirectory)CS\gs_sortCS.hlsl">
      <Filter>Compute Shaders\GaussianSplatting\unused</Filter>
    </FxCompile>
    <FxCompile Include="$(MSBuildThisFileDirectory)CS\gsplat_offsetCS.hlsl">
      <Filter>Compute Shaders\GaussianSplatting\unused</Filter>
    </FxCompile>
    <FxCompile Include="$(MSBuildThisFileDirectory)CS\gsplat_blendCS.hlsl">
      <Filter>Compute Shaders\GaussianSplatting</Filter>
    </FxCompile>
    <FxCompile Include="$(MSBuildThisFileDirectory)VS\meshVS_primitive.hlsl">
      <Filter>Raster-Pipeline Shaders\VS</Filter>
    </FxCompile>
    <FxCompile Include="$(MSBuildThisFileDirectory)CS\gsplat_indirectCS.hlsl">
      <Filter>Compute Shaders\GaussianSplatting</Filter>
    </FxCompile>
    <FxCompile Include="$(MSBuildThisFileDirectory)CS\upsample_bilateral_float1CS.hlsl">
      <Filter>Compute Shaders\Image Processing</Filter>
    </FxCompile>
    <FxCompile Include="$(MSBuildThisFileDirectory)CS\upsample_bilateral_float4CS.hlsl">
      <Filter>Compute Shaders\Image Processing</Filter>
    </FxCompile>
    <FxCompile Include="$(MSBuildThisFileDirectory)CS\downsample4xCS.hlsl">
      <Filter>Compute Shaders\Image Processing</Filter>
    </FxCompile>
    <FxCompile Include="$(MSBuildThisFileDirectory)VS\fontVS.hlsl">
      <Filter>Raster-Pipeline Shaders\VS</Filter>
    </FxCompile>
    <FxCompile Include="$(MSBuildThisFileDirectory)PS\fontPS.hlsl">
      <Filter>Raster-Pipeline Shaders\PS</Filter>
    </FxCompile>
    <FxCompile Include="$(MSBuildThisFileDirectory)PS\imagePS_sprite.hlsl">
      <Filter>Raster-Pipeline Shaders\PS</Filter>
    </FxCompile>
    <FxCompile Include="$(MSBuildThisFileDirectory)VS\vPointLightVS.hlsl">
      <Filter>Raster-Pipeline Shaders\VS</Filter>
    </FxCompile>
    <FxCompile Include="$(MSBuildThisFileDirectory)VS\vSpotLightVS.hlsl">
      <Filter>Raster-Pipeline Shaders\VS</Filter>
    </FxCompile>
    <FxCompile Include="$(MSBuildThisFileDirectory)PS\lightVisualizerPS.hlsl">
      <Filter>Raster-Pipeline Shaders\PS</Filter>
    </FxCompile>
    <FxCompile Include="$(MSBuildThisFileDirectory)PS\volumetricLightPS_Directional.hlsl">
      <Filter>Raster-Pipeline Shaders\PS</Filter>
    </FxCompile>
    <FxCompile Include="$(MSBuildThisFileDirectory)PS\volumetricLightPS_Point.hlsl">
      <Filter>Raster-Pipeline Shaders\PS</Filter>
    </FxCompile>
    <FxCompile Include="$(MSBuildThisFileDirectory)PS\volumetricLightPS_Spot.hlsl">
      <Filter>Raster-Pipeline Shaders\PS</Filter>
    </FxCompile>
    <FxCompile Include="$(MSBuildThisFileDirectory)VS\envMapVS.hlsl">
      <Filter>Raster-Pipeline Shaders\VS</Filter>
    </FxCompile>
    <FxCompile Include="$(MSBuildThisFileDirectory)VS\shadowVS.hlsl">
      <Filter>Raster-Pipeline Shaders\VS</Filter>
    </FxCompile>
    <FxCompile Include="$(MSBuildThisFileDirectory)VS\shadowVS_alphatest.hlsl">
      <Filter>Raster-Pipeline Shaders\VS</Filter>
    </FxCompile>
    <FxCompile Include="$(MSBuildThisFileDirectory)VS\shadowVS_transparent.hlsl">
      <Filter>Raster-Pipeline Shaders\VS</Filter>
    </FxCompile>
    <FxCompile Include="$(MSBuildThisFileDirectory)VS\meshVS_voxelizer.hlsl">
      <Filter>Raster-Pipeline Shaders\VS</Filter>
    </FxCompile>
    <FxCompile Include="$(MSBuildThisFileDirectory)VS\envMapVS_sky.hlsl">
      <Filter>Raster-Pipeline Shaders\VS</Filter>
    </FxCompile>
    <FxCompile Include="$(MSBuildThisFileDirectory)PS\envMapPS.hlsl">
      <Filter>Raster-Pipeline Shaders\PS</Filter>
    </FxCompile>
    <FxCompile Include="$(MSBuildThisFileDirectory)PS\envMapPS_sky_dynamic.hlsl">
      <Filter>Raster-Pipeline Shaders\PS</Filter>
    </FxCompile>
    <FxCompile Include="$(MSBuildThisFileDirectory)PS\envMapPS_sky_static.hlsl">
      <Filter>Raster-Pipeline Shaders\PS</Filter>
    </FxCompile>
    <FxCompile Include="$(MSBuildThisFileDirectory)PS\envMapPS_basic.hlsl">
      <Filter>Raster-Pipeline Shaders\PS</Filter>
    </FxCompile>
    <FxCompile Include="$(MSBuildThisFileDirectory)PS\envMapPS_advanced.hlsl">
      <Filter>Raster-Pipeline Shaders\PS</Filter>
    </FxCompile>
    <FxCompile Include="$(MSBuildThisFileDirectory)CS\filterEnvMapCS.hlsl">
      <Filter>Compute Shaders\Post Processing Chains</Filter>
    </FxCompile>
    <FxCompile Include="$(MSBuildThisFileDirectory)PS\cubeMapPS.hlsl">
      <Filter>Raster-Pipeline Shaders\PS</Filter>
    </FxCompile>
    <FxCompile Include="$(MSBuildThisFileDirectory)PS\shadowPS_alphatest.hlsl">
      <Filter>Raster-Pipeline Shaders\PS</Filter>
    </FxCompile>
    <FxCompile Include="$(MSBuildThisFileDirectory)PS\shadowPS_transparent.hlsl">
      <Filter>Raster-Pipeline Shaders\PS</Filter>
    </FxCompile>
    <FxCompile Include="$(MSBuildThisFileDirectory)PS\shadowPS_water.hlsl">
      <Filter>Raster-Pipeline Shaders\PS</Filter>
    </FxCompile>
    <FxCompile Include="$(MSBuildThisFileDirectory)CS\rtshadowCS_denoise_filter.hlsl">
      <Filter>Compute Shaders\RayTracing</Filter>
    </FxCompile>
    <FxCompile Include="$(MSBuildThisFileDirectory)CS\rtshadowCS_denoise_temporal.hlsl">
      <Filter>Compute Shaders\RayTracing</Filter>
    </FxCompile>
    <FxCompile Include="$(MSBuildThisFileDirectory)CS\rtshadowCS_denoise_tileclassification.hlsl">
      <Filter>Compute Shaders\RayTracing</Filter>
    </FxCompile>
    <FxCompile Include="$(MSBuildThisFileDirectory)CS\rtshadowCS_upsample.hlsl">
      <Filter>Compute Shaders\RayTracing</Filter>
    </FxCompile>
    <FxCompile Include="$(MSBuildThisFileDirectory)CS\rtshadowCS.hlsl">
      <Filter>Compute Shaders\RayTracing</Filter>
    </FxCompile>
    <FxCompile Include="$(MSBuildThisFileDirectory)CS\screenspaceshadowCS.hlsl">
      <Filter>Compute Shaders\ScrrenSpace</Filter>
    </FxCompile>
    <FxCompile Include="$(MSBuildThisFileDirectory)GS\meshGS_voxelizer.hlsl">
      <Filter>Raster-Pipeline Shaders\GS</Filter>
    </FxCompile>
    <FxCompile Include="$(MSBuildThisFileDirectory)PS\meshPS_voxelizer.hlsl">
      <Filter>Raster-Pipeline Shaders\PS</Filter>
    </FxCompile>
    <FxCompile Include="$(MSBuildThisFileDirectory)VS\voxelVS.hlsl">
      <Filter>Raster-Pipeline Shaders\VS</Filter>
    </FxCompile>
    <FxCompile Include="$(MSBuildThisFileDirectory)PS\voxelPS.hlsl">
      <Filter>Raster-Pipeline Shaders\PS</Filter>
    </FxCompile>
    <FxCompile Include="$(MSBuildThisFileDirectory)GS\voxelGS.hlsl">
      <Filter>Raster-Pipeline Shaders\GS</Filter>
    </FxCompile>
    <FxCompile Include="$(MSBuildThisFileDirectory)VS\volumetricLightVS_directional.hlsl">
      <Filter>Raster-Pipeline Shaders\VS</Filter>
    </FxCompile>
    <FxCompile Include="$(MSBuildThisFileDirectory)VS\volumetricLightVS_point.hlsl">
      <Filter>Raster-Pipeline Shaders\VS</Filter>
    </FxCompile>
    <FxCompile Include="$(MSBuildThisFileDirectory)VS\volumetricLightVS_spot.hlsl">
      <Filter>Raster-Pipeline Shaders\VS</Filter>
    </FxCompile>
    <FxCompile Include="$(MSBuildThisFileDirectory)VS\skyVS.hlsl">
      <Filter>Raster-Pipeline Shaders\VS</Filter>
    </FxCompile>
    <FxCompile Include="$(MSBuildThisFileDirectory)PS\sunPS.hlsl">
      <Filter>Raster-Pipeline Shaders\PS</Filter>
    </FxCompile>
    <FxCompile Include="$(MSBuildThisFileDirectory)PS\skyPS_dynamic.hlsl">
      <Filter>Raster-Pipeline Shaders\PS</Filter>
    </FxCompile>
    <FxCompile Include="$(MSBuildThisFileDirectory)PS\skyPS_static.hlsl">
      <Filter>Raster-Pipeline Shaders\PS</Filter>
    </FxCompile>
  </ItemGroup>
</Project>