<?xml version="1.0" encoding="utf-8"?>
<Project ToolsVersion="4.0" xmlns="http://schemas.microsoft.com/developer/msbuild/2003">
  <ItemGroup>
    <ClCompile Include="samplerBlueNoiseErrorDistribution_128x128_OptimizedFor_2d2d2d2d_1spp.cpp">
      <Filter>Resources</Filter>
    </ClCompile>
    <ClCompile Include="ShaderLoader.cpp">
      <Filter>Shaders</Filter>
    </ClCompile>
    <ClCompile Include="ShaderCompiler.cpp">
      <Filter>Shaders</Filter>
    </ClCompile>
    <ClCompile Include="TextureHelper.cpp">
      <Filter>Utility</Filter>
    </ClCompile>
    <ClCompile Include="Image.cpp">
      <Filter>Processing</Filter>
    </ClCompile>
    <ClCompile Include="SortLib.cpp">
      <Filter>Processing</Filter>
    </ClCompile>
    <ClCompile Include="ShaderEngine.cpp" />
    <ClCompile Include="GPUBVH.cpp">
      <Filter>Processing</Filter>
    </ClCompile>
    <ClCompile Include="DirectVolumes_Detail.cpp">
      <Filter>Renderer\Source</Filter>
    </ClCompile>
    <ClCompile Include="GaussianSplatting_Detail.cpp">
      <Filter>Renderer\Source</Filter>
    </ClCompile>
    <ClCompile Include="Renderer.cpp">
      <Filter>Renderer\Source</Filter>
    </ClCompile>
    <ClCompile Include="RenderPath3D_Detail.cpp">
      <Filter>Renderer\Source</Filter>
    </ClCompile>
    <ClCompile Include="PostProcessingChain_Detail.cpp">
      <Filter>Renderer\Source</Filter>
    </ClCompile>
    <ClCompile Include="DeferredProcessing_Detail.cpp">
      <Filter>Renderer\Source</Filter>
    </ClCompile>
    <ClCompile Include="SceneUpdate_Detail.cpp">
      <Filter>Renderer\Source</Filter>
    </ClCompile>
    <ClCompile Include="DebugShapes_Detail.cpp">
      <Filter>Renderer\Source</Filter>
    </ClCompile>
    <ClCompile Include="RenderPath2D_Detail.cpp">
      <Filter>Renderer\Source</Filter>
    </ClCompile>
    <ClCompile Include="GaussianSplatting.cpp">
      <Filter>Processing</Filter>
    </ClCompile>
    <ClCompile Include="Font.cpp">
      <Filter>Processing</Filter>
    </ClCompile>
    <ClCompile Include="ShadowMap_Details.cpp">
      <Filter>Renderer\Source</Filter>
    </ClCompile>
    <ClCompile Include="SpriteDraw_Details.cpp">
      <Filter>Renderer\Source</Filter>
    </ClCompile>
    <ClCompile Include="DebugVisualizer_Details.cpp">
      <Filter>Renderer\Source</Filter>
    </ClCompile>
    <ClCompile Include="Environment_Detail.cpp">
      <Filter>Renderer\Source</Filter>
    </ClCompile>
  </ItemGroup>
  <ItemGroup>
    <ClInclude Include="Utility\dxcapi.h">
      <Filter>Utility</Filter>
    </ClInclude>
    <ClInclude Include="waterripple.h">
      <Filter>Resources</Filter>
    </ClInclude>
    <ClInclude Include="sheenLUT.h">
      <Filter>Resources</Filter>
    </ClInclude>
    <ClInclude Include="ShaderCompiler.h">
      <Filter>Shaders</Filter>
    </ClInclude>
    <ClInclude Include="TextureHelper.h">
      <Filter>Utility</Filter>
    </ClInclude>
    <ClInclude Include="Noise.h">
      <Filter>Utility</Filter>
    </ClInclude>
    <ClInclude Include="ShaderLoader.h">
      <Filter>Shaders</Filter>
    </ClInclude>
    <ClInclude Include="Image.h">
      <Filter>Processing</Filter>
    </ClInclude>
    <ClInclude Include="SortLib.h">
      <Filter>Processing</Filter>
    </ClInclude>
    <ClInclude Include="ShaderEngine.h" />
    <ClInclude Include="GPUBVH.h">
      <Filter>Processing</Filter>
    </ClInclude>
    <ClInclude Include="Renderer.h">
      <Filter>Renderer\Header</Filter>
    </ClInclude>
    <ClInclude Include="RenderPath3D_Detail.h">
      <Filter>Renderer\Header</Filter>
    </ClInclude>
    <ClInclude Include="GaussianSplatting.h">
      <Filter>Processing</Filter>
    </ClInclude>
    <ClInclude Include="Font.h">
      <Filter>Processing</Filter>
    </ClInclude>
    <ClInclude Include="Scene_Detail.h">
      <Filter>Renderer\Header</Filter>
    </ClInclude>
  </ItemGroup>
  <ItemGroup>
    <Filter Include="Shaders">
      <UniqueIdentifier>{e99cb271-8fde-4718-ac12-b01cc63fddf5}</UniqueIdentifier>
    </Filter>
    <Filter Include="Utility">
      <UniqueIdentifier>{bf283072-045c-4e50-aa3b-198bb0c8af69}</UniqueIdentifier>
    </Filter>
    <Filter Include="Resources">
      <UniqueIdentifier>{dfad21a7-1cf0-4c0c-a0ce-3f1637b1ec56}</UniqueIdentifier>
    </Filter>
    <Filter Include="Renderer">
      <UniqueIdentifier>{de20a3d7-11bc-43e1-bc7c-58aef3807cc1}</UniqueIdentifier>
    </Filter>
    <Filter Include="Processing">
      <UniqueIdentifier>{585799be-32e6-4d47-9526-6ab374165d0e}</UniqueIdentifier>
    </Filter>
    <Filter Include="Renderer\Header">
      <UniqueIdentifier>{13a11900-a87e-4f13-9480-8d53b53caaf1}</UniqueIdentifier>
    </Filter>
    <Filter Include="Renderer\Source">
      <UniqueIdentifier>{1d8dae60-c4c9-4073-8ccc-226a8828cf07}</UniqueIdentifier>
    </Filter>
  </ItemGroup>
</Project>