<?xml version="1.0" encoding="utf-8"?>
<Project ToolsVersion="4.0" xmlns="http://schemas.microsoft.com/developer/msbuild/2003">
  <ItemGroup>
    <ClCompile Include="samplerBlueNoiseErrorDistribution_128x128_OptimizedFor_2d2d2d2d_1spp.cpp">
      <Filter>Resources</Filter>
    </ClCompile>
    <ClCompile Include="ShaderLoader.cpp">
      <Filter>Shaders</Filter>
    </ClCompile>
    <ClCompile Include="ShaderCompiler.cpp">
      <Filter>Shaders</Filter>
    </ClCompile>
    <ClCompile Include="TextureHelper.cpp">
      <Filter>Utility</Filter>
    </ClCompile>
    <ClCompile Include="Random.cpp">
      <Filter>Utility</Filter>
    </ClCompile>
    <ClCompile Include="Renderer.cpp">
      <Filter>Renderer</Filter>
    </ClCompile>
    <ClCompile Include="RenderPath3D_Details.cpp">
      <Filter>Renderer</Filter>
    </ClCompile>
    <ClCompile Include="SceneResUpdate.cpp">
      <Filter>Scene</Filter>
    </ClCompile>
    <ClCompile Include="Image.cpp">
      <Filter>Processing</Filter>
    </ClCompile>
    <ClCompile Include="SortLib.cpp">
      <Filter>Processing</Filter>
    </ClCompile>
    <ClCompile Include="ShaderEngine.cpp" />
    <ClCompile Include="GaussianSplatting_Details.cpp">
      <Filter>Renderer</Filter>
    </ClCompile>
    <ClCompile Include="DirectVolumes_Details.cpp">
      <Filter>Renderer</Filter>
    </ClCompile>
  </ItemGroup>
  <ItemGroup>
    <ClInclude Include="Utility\dxcapi.h">
      <Filter>Utility</Filter>
    </ClInclude>
    <ClInclude Include="waterripple.h">
      <Filter>Resources</Filter>
    </ClInclude>
    <ClInclude Include="sheenLUT.h">
      <Filter>Resources</Filter>
    </ClInclude>
    <ClInclude Include="ShaderCompiler.h">
      <Filter>Shaders</Filter>
    </ClInclude>
    <ClInclude Include="TextureHelper.h">
      <Filter>Utility</Filter>
    </ClInclude>
    <ClInclude Include="Noise.h">
      <Filter>Utility</Filter>
    </ClInclude>
    <ClInclude Include="Random.h">
      <Filter>Utility</Filter>
    </ClInclude>
    <ClInclude Include="ShaderLoader.h">
      <Filter>Shaders</Filter>
    </ClInclude>
    <ClInclude Include="Renderer.h">
      <Filter>Renderer</Filter>
    </ClInclude>
    <ClInclude Include="RenderPath3D_Details.h">
      <Filter>Renderer</Filter>
    </ClInclude>
    <ClInclude Include="Image.h">
      <Filter>Processing</Filter>
    </ClInclude>
    <ClInclude Include="SortLib.h">
      <Filter>Processing</Filter>
    </ClInclude>
    <ClInclude Include="ShaderEngine.h" />
  </ItemGroup>
  <ItemGroup>
    <Filter Include="Shaders">
      <UniqueIdentifier>{e99cb271-8fde-4718-ac12-b01cc63fddf5}</UniqueIdentifier>
    </Filter>
    <Filter Include="Shaders\Interop">
      <UniqueIdentifier>{2df084ac-20b5-4d9b-8276-c3c8dd9179a6}</UniqueIdentifier>
    </Filter>
    <Filter Include="Utility">
      <UniqueIdentifier>{bf283072-045c-4e50-aa3b-198bb0c8af69}</UniqueIdentifier>
    </Filter>
    <Filter Include="Resources">
      <UniqueIdentifier>{dfad21a7-1cf0-4c0c-a0ce-3f1637b1ec56}</UniqueIdentifier>
    </Filter>
    <Filter Include="Renderer">
      <UniqueIdentifier>{de20a3d7-11bc-43e1-bc7c-58aef3807cc1}</UniqueIdentifier>
    </Filter>
    <Filter Include="Scene">
      <UniqueIdentifier>{d912dc8d-dec7-48f8-8abc-e92d2570f031}</UniqueIdentifier>
    </Filter>
    <Filter Include="Processing">
      <UniqueIdentifier>{585799be-32e6-4d47-9526-6ab374165d0e}</UniqueIdentifier>
    </Filter>
  </ItemGroup>
</Project>