<?xml version="1.0" encoding="utf-8"?>
<Project ToolsVersion="4.0" xmlns="http://schemas.microsoft.com/developer/msbuild/2003">
  <ItemGroup>
    <Filter Include="Common">
      <UniqueIdentifier>{7aa9d8b6-827d-496a-9916-ce1df652ad78}</UniqueIdentifier>
    </Filter>
    <Filter Include="Libs">
      <UniqueIdentifier>{d2d8b131-06df-4f3c-9cec-aca14abc464d}</UniqueIdentifier>
    </Filter>
    <Filter Include="Utils">
      <UniqueIdentifier>{2d378dfe-7ac5-43ba-838f-a29987f71127}</UniqueIdentifier>
    </Filter>
    <Filter Include="Common\Backend">
      <UniqueIdentifier>{c12d6c79-e70d-436e-8ea8-c35432313ec0}</UniqueIdentifier>
    </Filter>
    <Filter Include="Libs\LibHelpers">
      <UniqueIdentifier>{728623c7-530a-458a-88d2-48889f0d0737}</UniqueIdentifier>
    </Filter>
    <Filter Include="HighlevelAPIs">
      <UniqueIdentifier>{5ff741b1-0d48-48b3-a433-ad3c209a02ce}</UniqueIdentifier>
    </Filter>
  </ItemGroup>
  <ItemGroup>
    <ClInclude Include="$(MSBuildThisFileDirectory)Common\Archive.h">
      <Filter>Common</Filter>
    </ClInclude>
    <ClInclude Include="$(MSBuildThisFileDirectory)Common\Canvas.h">
      <Filter>Common</Filter>
    </ClInclude>
    <ClInclude Include="$(MSBuildThisFileDirectory)Common\RenderPath.h">
      <Filter>Common</Filter>
    </ClInclude>
    <ClInclude Include="$(MSBuildThisFileDirectory)Common\RenderPath2D.h">
      <Filter>Common</Filter>
    </ClInclude>
    <ClInclude Include="$(MSBuildThisFileDirectory)Common\RenderPath3D.h">
      <Filter>Common</Filter>
    </ClInclude>
    <ClInclude Include="$(MSBuildThisFileDirectory)Common\Version.h">
      <Filter>Common</Filter>
    </ClInclude>
    <ClInclude Include="$(MSBuildThisFileDirectory)Common\Config.h">
      <Filter>Common</Filter>
    </ClInclude>
    <ClInclude Include="$(MSBuildThisFileDirectory)Utils\ECS.h">
      <Filter>Utils</Filter>
    </ClInclude>
    <ClInclude Include="$(MSBuildThisFileDirectory)Utils\JobSystem.h">
      <Filter>Utils</Filter>
    </ClInclude>
    <ClInclude Include="$(MSBuildThisFileDirectory)Utils\Profiler.h">
      <Filter>Utils</Filter>
    </ClInclude>
    <ClInclude Include="$(MSBuildThisFileDirectory)Utils\Backlog.h">
      <Filter>Utils</Filter>
    </ClInclude>
    <ClInclude Include="$(MSBuildThisFileDirectory)Libs\LibHelpers\MathHelper.h">
      <Filter>Libs\LibHelpers</Filter>
    </ClInclude>
    <ClInclude Include="$(MSBuildThisFileDirectory)HighlevelAPIs\VzEngineAPIs.h">
      <Filter>HighlevelAPIs</Filter>
    </ClInclude>
    <ClInclude Include="$(MSBuildThisFileDirectory)Common\ComponentManager.h">
      <Filter>Common</Filter>
    </ClInclude>
    <ClInclude Include="$(MSBuildThisFileDirectory)Common\SceneManager.h">
      <Filter>Common</Filter>
    </ClInclude>
    <ClInclude Include="$(MSBuildThisFileDirectory)Common\ResourceManager.h">
      <Filter>Common</Filter>
    </ClInclude>
  </ItemGroup>
  <ItemGroup>
    <ClCompile Include="$(MSBuildThisFileDirectory)Common\Archive.cpp">
      <Filter>Common</Filter>
    </ClCompile>
  </ItemGroup>
</Project>