<?xml version="1.0" encoding="utf-8"?>
<Project ToolsVersion="4.0" xmlns="http://schemas.microsoft.com/developer/msbuild/2003">
  <ItemGroup>
    <Filter Include="Common">
      <UniqueIdentifier>{7aa9d8b6-827d-496a-9916-ce1df652ad78}</UniqueIdentifier>
    </Filter>
    <Filter Include="Libs">
      <UniqueIdentifier>{d2d8b131-06df-4f3c-9cec-aca14abc464d}</UniqueIdentifier>
    </Filter>
    <Filter Include="Utils">
      <UniqueIdentifier>{2d378dfe-7ac5-43ba-838f-a29987f71127}</UniqueIdentifier>
    </Filter>
    <Filter Include="Common\Backend">
      <UniqueIdentifier>{c12d6c79-e70d-436e-8ea8-c35432313ec0}</UniqueIdentifier>
    </Filter>
    <Filter Include="Libs\DirectXMath">
      <UniqueIdentifier>{10cde5e9-38d1-44a5-9174-73ab7ff9992d}</UniqueIdentifier>
    </Filter>
    <Filter Include="Components">
      <UniqueIdentifier>{1ef74076-5448-4106-bc13-a82f3500293f}</UniqueIdentifier>
    </Filter>
    <Filter Include="ThirdParty">
      <UniqueIdentifier>{0c7ca975-abff-4991-8de0-a6383a28fdcc}</UniqueIdentifier>
    </Filter>
    <Filter Include="ThirdParty\stb">
      <UniqueIdentifier>{688a54fb-4423-47fd-a9a0-bc7636f15743}</UniqueIdentifier>
    </Filter>
    <Filter Include="HighAPIs">
      <UniqueIdentifier>{5ff741b1-0d48-48b3-a433-ad3c209a02ce}</UniqueIdentifier>
    </Filter>
    <Filter Include="Shader">
      <UniqueIdentifier>{b5637265-6ec9-4ad3-8c45-9583726f9fd4}</UniqueIdentifier>
    </Filter>
  </ItemGroup>
  <ItemGroup>
    <ClInclude Include="$(MSBuildThisFileDirectory)Common\Archive.h">
      <Filter>Common</Filter>
    </ClInclude>
    <ClInclude Include="$(MSBuildThisFileDirectory)Common\Canvas.h">
      <Filter>Common</Filter>
    </ClInclude>
    <ClInclude Include="$(MSBuildThisFileDirectory)Common\Version.h">
      <Filter>Common</Filter>
    </ClInclude>
    <ClInclude Include="$(MSBuildThisFileDirectory)Common\Config.h">
      <Filter>Common</Filter>
    </ClInclude>
    <ClInclude Include="$(MSBuildThisFileDirectory)Utils\ECS.h">
      <Filter>Utils</Filter>
    </ClInclude>
    <ClInclude Include="$(MSBuildThisFileDirectory)Utils\JobSystem.h">
      <Filter>Utils</Filter>
    </ClInclude>
    <ClInclude Include="$(MSBuildThisFileDirectory)Utils\Profiler.h">
      <Filter>Utils</Filter>
    </ClInclude>
    <ClInclude Include="$(MSBuildThisFileDirectory)Utils\Backlog.h">
      <Filter>Utils</Filter>
    </ClInclude>
    <ClInclude Include="$(MSBuildThisFileDirectory)Common\ComponentManager.h">
      <Filter>Common</Filter>
    </ClInclude>
    <ClInclude Include="$(MSBuildThisFileDirectory)Common\SceneManager.h">
      <Filter>Common</Filter>
    </ClInclude>
    <ClInclude Include="$(MSBuildThisFileDirectory)Common\ResourceManager.h">
      <Filter>Common</Filter>
    </ClInclude>
    <ClInclude Include="$(MSBuildThisFileDirectory)Utils\Timer.h">
      <Filter>Utils</Filter>
    </ClInclude>
    <ClInclude Include="$(MSBuildThisFileDirectory)Utils\Platform.h">
      <Filter>Utils</Filter>
    </ClInclude>
    <ClInclude Include="$(MSBuildThisFileDirectory)Utils\Helpers.h">
      <Filter>Utils</Filter>
    </ClInclude>
    <ClInclude Include="$(MSBuildThisFileDirectory)Libs\Math.h">
      <Filter>Libs</Filter>
    </ClInclude>
    <ClInclude Include="$(MSBuildThisFileDirectory)Libs\DirectXMath\DirectXCollision.h">
      <Filter>Libs\DirectXMath</Filter>
    </ClInclude>
    <ClInclude Include="$(MSBuildThisFileDirectory)Libs\DirectXMath\DirectXColors.h">
      <Filter>Libs\DirectXMath</Filter>
    </ClInclude>
    <ClInclude Include="$(MSBuildThisFileDirectory)Libs\DirectXMath\DirectXMath.h">
      <Filter>Libs\DirectXMath</Filter>
    </ClInclude>
    <ClInclude Include="$(MSBuildThisFileDirectory)Libs\DirectXMath\DirectXMathCommon.h">
      <Filter>Libs\DirectXMath</Filter>
    </ClInclude>
    <ClInclude Include="$(MSBuildThisFileDirectory)Libs\DirectXMath\DirectXPackedVector.h">
      <Filter>Libs\DirectXMath</Filter>
    </ClInclude>
    <ClInclude Include="$(MSBuildThisFileDirectory)Utils\Color.h">
      <Filter>Utils</Filter>
    </ClInclude>
    <ClInclude Include="$(MSBuildThisFileDirectory)Common\Backend\GBackendDevice.h">
      <Filter>Common\Backend</Filter>
    </ClInclude>
    <ClInclude Include="$(MSBuildThisFileDirectory)Common\Backend\GBackend.h">
      <Filter>Common\Backend</Filter>
    </ClInclude>
    <ClInclude Include="$(MSBuildThisFileDirectory)Common\RenderPath.h">
      <Filter>Common</Filter>
    </ClInclude>
    <ClInclude Include="$(MSBuildThisFileDirectory)Common\RenderPath2D.h">
      <Filter>Common</Filter>
    </ClInclude>
    <ClInclude Include="$(MSBuildThisFileDirectory)Common\RenderPath3D.h">
      <Filter>Common</Filter>
    </ClInclude>
    <ClInclude Include="$(MSBuildThisFileDirectory)Components\Components.h">
      <Filter>Components</Filter>
    </ClInclude>
    <ClInclude Include="$(MSBuildThisFileDirectory)ThirdParty\stb_image.h">
      <Filter>ThirdParty\stb</Filter>
    </ClInclude>
    <ClInclude Include="$(MSBuildThisFileDirectory)Common\Backend\TextureHelper.h">
      <Filter>Common\Backend</Filter>
    </ClInclude>
    <ClInclude Include="$(MSBuildThisFileDirectory)Utils\Random.h">
      <Filter>Utils</Filter>
    </ClInclude>
    <ClInclude Include="$(MSBuildThisFileDirectory)Utils\Spinlock.h">
      <Filter>Utils</Filter>
    </ClInclude>
    <ClInclude Include="$(MSBuildThisFileDirectory)Utils\Noise.h">
      <Filter>Utils</Filter>
    </ClInclude>
    <ClInclude Include="$(MSBuildThisFileDirectory)Common\waterripple.h">
      <Filter>Common</Filter>
    </ClInclude>
    <ClInclude Include="$(MSBuildThisFileDirectory)Utils\EventHandler.h">
      <Filter>Utils</Filter>
    </ClInclude>
    <ClInclude Include="$(MSBuildThisFileDirectory)ThirdParty\dds.h">
      <Filter>ThirdParty</Filter>
    </ClInclude>
    <ClInclude Include="$(MSBuildThisFileDirectory)ThirdParty\lodepng.h">
      <Filter>ThirdParty</Filter>
    </ClInclude>
    <ClInclude Include="$(MSBuildThisFileDirectory)ThirdParty\stb_image_write.h">
      <Filter>ThirdParty</Filter>
    </ClInclude>
    <ClInclude Include="$(MSBuildThisFileDirectory)ThirdParty\stb_truetype.h">
      <Filter>ThirdParty</Filter>
    </ClInclude>
    <ClInclude Include="$(MSBuildThisFileDirectory)ThirdParty\h264.h">
      <Filter>ThirdParty</Filter>
    </ClInclude>
    <ClInclude Include="$(MSBuildThisFileDirectory)ThirdParty\mikktspace.h">
      <Filter>ThirdParty</Filter>
    </ClInclude>
    <ClInclude Include="$(MSBuildThisFileDirectory)ThirdParty\minimp4.h">
      <Filter>ThirdParty</Filter>
    </ClInclude>
    <ClInclude Include="$(MSBuildThisFileDirectory)ThirdParty\qoi.h">
      <Filter>ThirdParty</Filter>
    </ClInclude>
    <ClInclude Include="$(MSBuildThisFileDirectory)ThirdParty\stb_rect_pack.h">
      <Filter>ThirdParty</Filter>
    </ClInclude>
    <ClInclude Include="$(MSBuildThisFileDirectory)HighAPIs\VzEngineAPIs.h">
      <Filter>HighAPIs</Filter>
    </ClInclude>
    <ClInclude Include="$(MSBuildThisFileDirectory)HighAPIs\VzGeometry.h">
      <Filter>HighAPIs</Filter>
    </ClInclude>
    <ClInclude Include="$(MSBuildThisFileDirectory)HighAPIs\VzLight.h">
      <Filter>HighAPIs</Filter>
    </ClInclude>
    <ClInclude Include="$(MSBuildThisFileDirectory)HighAPIs\VzMaterial.h">
      <Filter>HighAPIs</Filter>
    </ClInclude>
    <ClInclude Include="$(MSBuildThisFileDirectory)HighAPIs\VzMI.h">
      <Filter>HighAPIs</Filter>
    </ClInclude>
    <ClInclude Include="$(MSBuildThisFileDirectory)HighAPIs\VzRenderer.h">
      <Filter>HighAPIs</Filter>
    </ClInclude>
    <ClInclude Include="$(MSBuildThisFileDirectory)HighAPIs\VzTexture.h">
      <Filter>HighAPIs</Filter>
    </ClInclude>
    <ClInclude Include="$(MSBuildThisFileDirectory)HighAPIs\VzActor.h">
      <Filter>HighAPIs</Filter>
    </ClInclude>
    <ClInclude Include="$(MSBuildThisFileDirectory)HighAPIs\VzCamera.h">
      <Filter>HighAPIs</Filter>
    </ClInclude>
    <ClInclude Include="$(MSBuildThisFileDirectory)HighAPIs\VzClasses.h">
      <Filter>HighAPIs</Filter>
    </ClInclude>
    <ClInclude Include="$(MSBuildThisFileDirectory)components\ComponentFactory.h">
      <Filter>Components</Filter>
    </ClInclude>
    <ClInclude Include="$(MSBuildThisFileDirectory)VzEnums.h" />
    <ClInclude Include="$(MSBuildThisFileDirectory)Components\GComponents.h">
      <Filter>Components</Filter>
    </ClInclude>
    <ClInclude Include="$(MSBuildThisFileDirectory)CommonInclude.h" />
    <ClInclude Include="$(MSBuildThisFileDirectory)Common\Backend\wiGraphicsDevice_DX11.h">
      <Filter>Common\Backend</Filter>
    </ClInclude>
    <ClInclude Include="$(MSBuildThisFileDirectory)Common\Backend\FontHelper.h">
      <Filter>Common\Backend</Filter>
    </ClInclude>
    <ClInclude Include="$(MSBuildThisFileDirectory)Common\Backend\RenderInterface.h">
      <Filter>Common\Backend</Filter>
    </ClInclude>
    <ClInclude Include="$(MSBuildThisFileDirectory)Shader\ShaderInterop.h">
      <Filter>Shader</Filter>
    </ClInclude>
    <ClInclude Include="$(MSBuildThisFileDirectory)Shader\ShaderInterop_Font.h">
      <Filter>Shader</Filter>
    </ClInclude>
    <ClInclude Include="$(MSBuildThisFileDirectory)ThirdParty\RectPacker.h">
      <Filter>ThirdParty</Filter>
    </ClInclude>
    <ClInclude Include="$(MSBuildThisFileDirectory)ThirdParty\liberation_sans.h">
      <Filter>ThirdParty</Filter>
    </ClInclude>
    <ClInclude Include="$(MSBuildThisFileDirectory)Shader\ShaderInterop_Renderer.h">
      <Filter>Shader</Filter>
    </ClInclude>
  </ItemGroup>
  <ItemGroup>
    <ClCompile Include="$(MSBuildThisFileDirectory)Common\Archive.cpp">
      <Filter>Common</Filter>
    </ClCompile>
    <ClCompile Include="$(MSBuildThisFileDirectory)Utils\JobSystem.cpp">
      <Filter>Utils</Filter>
    </ClCompile>
    <ClCompile Include="$(MSBuildThisFileDirectory)Utils\Backlog.cpp">
      <Filter>Utils</Filter>
    </ClCompile>
    <ClCompile Include="$(MSBuildThisFileDirectory)Utils\Helpers.cpp">
      <Filter>Utils</Filter>
    </ClCompile>
    <ClCompile Include="$(MSBuildThisFileDirectory)Libs\Math.cpp">
      <Filter>Libs</Filter>
    </ClCompile>
    <ClCompile Include="$(MSBuildThisFileDirectory)Common\RenderPath2D.cpp">
      <Filter>Common</Filter>
    </ClCompile>
    <ClCompile Include="$(MSBuildThisFileDirectory)Common\RenderPath3D.cpp">
      <Filter>Common</Filter>
    </ClCompile>
    <ClCompile Include="$(MSBuildThisFileDirectory)ThirdParty\stb_image.cpp">
      <Filter>ThirdParty\stb</Filter>
    </ClCompile>
    <ClCompile Include="$(MSBuildThisFileDirectory)Common\Backend\TextureHelper.cpp">
      <Filter>Common\Backend</Filter>
    </ClCompile>
    <ClCompile Include="$(MSBuildThisFileDirectory)Utils\Random.cpp">
      <Filter>Utils</Filter>
    </ClCompile>
    <ClCompile Include="$(MSBuildThisFileDirectory)Utils\EventHandler.cpp">
      <Filter>Utils</Filter>
    </ClCompile>
    <ClCompile Include="$(MSBuildThisFileDirectory)ThirdParty\lodepng.cpp">
      <Filter>ThirdParty</Filter>
    </ClCompile>
    <ClCompile Include="$(MSBuildThisFileDirectory)ThirdParty\basisu_common.cpp">
      <Filter>ThirdParty</Filter>
    </ClCompile>
    <ClCompile Include="$(MSBuildThisFileDirectory)Utils\samplerBlueNoiseErrorDistribution_128x128_OptimizedFor_2d2d2d2d_1spp.cpp">
      <Filter>Utils</Filter>
    </ClCompile>
    <ClCompile Include="$(MSBuildThisFileDirectory)HighAPIs\VzEngineAPIs.cpp">
      <Filter>HighAPIs</Filter>
    </ClCompile>
    <ClCompile Include="$(MSBuildThisFileDirectory)Components\BasicComponents.cpp">
      <Filter>Components</Filter>
    </ClCompile>
    <ClCompile Include="$(MSBuildThisFileDirectory)Components\MInstanceComponent.cpp">
      <Filter>Components</Filter>
    </ClCompile>
    <ClCompile Include="$(MSBuildThisFileDirectory)Components\TextureComponent.cpp">
      <Filter>Components</Filter>
    </ClCompile>
    <ClCompile Include="$(MSBuildThisFileDirectory)Components\RenderableComponent.cpp">
      <Filter>Components</Filter>
    </ClCompile>
    <ClCompile Include="$(MSBuildThisFileDirectory)Components\LightComponent.cpp">
      <Filter>Components</Filter>
    </ClCompile>
    <ClCompile Include="$(MSBuildThisFileDirectory)Components\CameraComponent.cpp">
      <Filter>Components</Filter>
    </ClCompile>
    <ClCompile Include="$(MSBuildThisFileDirectory)Components\TransformComponent.cpp">
      <Filter>Components</Filter>
    </ClCompile>
    <ClCompile Include="$(MSBuildThisFileDirectory)Components\MaterialComponent.cpp">
      <Filter>Components</Filter>
    </ClCompile>
    <ClCompile Include="$(MSBuildThisFileDirectory)components\ComponentFactory.cpp">
      <Filter>Components</Filter>
    </ClCompile>
    <ClCompile Include="$(MSBuildThisFileDirectory)Components\ComponentSerializer.cpp">
      <Filter>Components</Filter>
    </ClCompile>
    <ClCompile Include="$(MSBuildThisFileDirectory)Common\ResourceManager.cpp">
      <Filter>Common</Filter>
    </ClCompile>
    <ClCompile Include="$(MSBuildThisFileDirectory)Common\Backend\wiGraphicsDevice_DX11.cpp">
      <Filter>Common\Backend</Filter>
    </ClCompile>
    <ClCompile Include="$(MSBuildThisFileDirectory)Common\Backend\FontHelper.cpp">
      <Filter>Common\Backend</Filter>
    </ClCompile>
    <ClCompile Include="$(MSBuildThisFileDirectory)Common\Backend\RenderInterface.cpp">
      <Filter>Common\Backend</Filter>
    </ClCompile>
  </ItemGroup>
  <ItemGroup>
    <None Include="$(MSBuildThisFileDirectory)Libs\DirectXMath\DirectXCollision.inl">
      <Filter>Libs\DirectXMath</Filter>
    </None>
    <None Include="$(MSBuildThisFileDirectory)Libs\DirectXMath\DirectXMathConvert.inl">
      <Filter>Libs\DirectXMath</Filter>
    </None>
    <None Include="$(MSBuildThisFileDirectory)Libs\DirectXMath\DirectXMathMatrix.inl">
      <Filter>Libs\DirectXMath</Filter>
    </None>
    <None Include="$(MSBuildThisFileDirectory)Libs\DirectXMath\DirectXMathMisc.inl">
      <Filter>Libs\DirectXMath</Filter>
    </None>
    <None Include="$(MSBuildThisFileDirectory)Libs\DirectXMath\DirectXMathVector.inl">
      <Filter>Libs\DirectXMath</Filter>
    </None>
    <None Include="$(MSBuildThisFileDirectory)Libs\DirectXMath\DirectXPackedVector.inl">
      <Filter>Libs\DirectXMath</Filter>
    </None>
  </ItemGroup>
</Project>