<?xml version="1.0" encoding="utf-8"?>
<Project ToolsVersion="4.0" xmlns="http://schemas.microsoft.com/developer/msbuild/2003">
  <ItemGroup>
    <Filter Include="Common">
      <UniqueIdentifier>{7aa9d8b6-827d-496a-9916-ce1df652ad78}</UniqueIdentifier>
    </Filter>
    <Filter Include="Utils">
      <UniqueIdentifier>{2d378dfe-7ac5-43ba-838f-a29987f71127}</UniqueIdentifier>
    </Filter>
    <Filter Include="Common\Backend">
      <UniqueIdentifier>{c12d6c79-e70d-436e-8ea8-c35432313ec0}</UniqueIdentifier>
    </Filter>
    <Filter Include="Components">
      <UniqueIdentifier>{1ef74076-5448-4106-bc13-a82f3500293f}</UniqueIdentifier>
    </Filter>
    <Filter Include="ThirdParty">
      <UniqueIdentifier>{0c7ca975-abff-4991-8de0-a6383a28fdcc}</UniqueIdentifier>
    </Filter>
    <Filter Include="ThirdParty\stb">
      <UniqueIdentifier>{688a54fb-4423-47fd-a9a0-bc7636f15743}</UniqueIdentifier>
    </Filter>
    <Filter Include="HighAPIs">
      <UniqueIdentifier>{5ff741b1-0d48-48b3-a433-ad3c209a02ce}</UniqueIdentifier>
    </Filter>
    <Filter Include="Components\APIs">
      <UniqueIdentifier>{1700b8a5-9b4b-4d80-92e7-a7df65dd0853}</UniqueIdentifier>
    </Filter>
    <Filter Include="HighAPIs\APIs">
      <UniqueIdentifier>{38103698-f842-44d4-9f97-60f80578e7c0}</UniqueIdentifier>
    </Filter>
    <Filter Include="HighAPIs\APIs\Common">
      <UniqueIdentifier>{8edbdea1-b3f3-4d9d-ab0e-dd8c6dcefb8a}</UniqueIdentifier>
    </Filter>
    <Filter Include="HighAPIs\APIs\Components">
      <UniqueIdentifier>{3dec64ff-fb3f-42f3-ae98-269b75258a1d}</UniqueIdentifier>
    </Filter>
    <Filter Include="HighAPIs\APIs\ComponentsSrc">
      <UniqueIdentifier>{d6b212d0-c61d-4fdc-9bef-6a692fc64042}</UniqueIdentifier>
    </Filter>
    <Filter Include="Libs %28header only%29">
      <UniqueIdentifier>{d2d8b131-06df-4f3c-9cec-aca14abc464d}</UniqueIdentifier>
    </Filter>
    <Filter Include="Libs %28header only%29\DirectXMath">
      <UniqueIdentifier>{10cde5e9-38d1-44a5-9174-73ab7ff9992d}</UniqueIdentifier>
    </Filter>
    <Filter Include="Utils\UTIL_EXPORT">
      <UniqueIdentifier>{0e18ec7f-8058-4218-9048-ec0f4ca4800e}</UniqueIdentifier>
    </Filter>
    <Filter Include="Utils\Header Only">
      <UniqueIdentifier>{e3c597f1-dc00-4e24-ad2d-cf5dbaebabd3}</UniqueIdentifier>
    </Filter>
    <Filter Include="Utils\Src">
      <UniqueIdentifier>{f4b528db-3157-44f7-9b2f-3df59fcac99b}</UniqueIdentifier>
    </Filter>
  </ItemGroup>
  <ItemGroup>
    <ClInclude Include="$(MSBuildThisFileDirectory)Common\Archive.h">
      <Filter>Common</Filter>
    </ClInclude>
    <ClInclude Include="$(MSBuildThisFileDirectory)Common\Canvas.h">
      <Filter>Common</Filter>
    </ClInclude>
    <ClInclude Include="$(MSBuildThisFileDirectory)Common\Version.h">
      <Filter>Common</Filter>
    </ClInclude>
    <ClInclude Include="$(MSBuildThisFileDirectory)Common\Config.h">
      <Filter>Common</Filter>
    </ClInclude>
    <ClInclude Include="$(MSBuildThisFileDirectory)Common\SceneManager.h">
      <Filter>Common</Filter>
    </ClInclude>
    <ClInclude Include="$(MSBuildThisFileDirectory)Common\ResourceManager.h">
      <Filter>Common</Filter>
    </ClInclude>
    <ClInclude Include="$(MSBuildThisFileDirectory)Libs\Math.h">
      <Filter>Libs %28header only%29</Filter>
    </ClInclude>
    <ClInclude Include="$(MSBuildThisFileDirectory)Libs\DirectXMath\DirectXCollision.h">
      <Filter>Libs %28header only%29\DirectXMath</Filter>
    </ClInclude>
    <ClInclude Include="$(MSBuildThisFileDirectory)Libs\DirectXMath\DirectXColors.h">
      <Filter>Libs %28header only%29\DirectXMath</Filter>
    </ClInclude>
    <ClInclude Include="$(MSBuildThisFileDirectory)Libs\DirectXMath\DirectXMath.h">
      <Filter>Libs %28header only%29\DirectXMath</Filter>
    </ClInclude>
    <ClInclude Include="$(MSBuildThisFileDirectory)Libs\DirectXMath\DirectXMathCommon.h">
      <Filter>Libs %28header only%29\DirectXMath</Filter>
    </ClInclude>
    <ClInclude Include="$(MSBuildThisFileDirectory)Libs\DirectXMath\DirectXPackedVector.h">
      <Filter>Libs %28header only%29\DirectXMath</Filter>
    </ClInclude>
    <ClInclude Include="$(MSBuildThisFileDirectory)Common\Backend\GBackendDevice.h">
      <Filter>Common\Backend</Filter>
    </ClInclude>
    <ClInclude Include="$(MSBuildThisFileDirectory)Common\Backend\GBackend.h">
      <Filter>Common\Backend</Filter>
    </ClInclude>
    <ClInclude Include="$(MSBuildThisFileDirectory)Common\RenderPath.h">
      <Filter>Common</Filter>
    </ClInclude>
    <ClInclude Include="$(MSBuildThisFileDirectory)Common\RenderPath2D.h">
      <Filter>Common</Filter>
    </ClInclude>
    <ClInclude Include="$(MSBuildThisFileDirectory)Common\RenderPath3D.h">
      <Filter>Common</Filter>
    </ClInclude>
    <ClInclude Include="$(MSBuildThisFileDirectory)ThirdParty\stb_image.h">
      <Filter>ThirdParty\stb</Filter>
    </ClInclude>
    <ClInclude Include="$(MSBuildThisFileDirectory)Common\Backend\TextureHelper.h">
      <Filter>Common\Backend</Filter>
    </ClInclude>
    <ClInclude Include="$(MSBuildThisFileDirectory)Common\waterripple.h">
      <Filter>Common</Filter>
    </ClInclude>
    <ClInclude Include="$(MSBuildThisFileDirectory)ThirdParty\dds.h">
      <Filter>ThirdParty</Filter>
    </ClInclude>
    <ClInclude Include="$(MSBuildThisFileDirectory)ThirdParty\lodepng.h">
      <Filter>ThirdParty</Filter>
    </ClInclude>
    <ClInclude Include="$(MSBuildThisFileDirectory)ThirdParty\stb_image_write.h">
      <Filter>ThirdParty</Filter>
    </ClInclude>
    <ClInclude Include="$(MSBuildThisFileDirectory)ThirdParty\stb_truetype.h">
      <Filter>ThirdParty</Filter>
    </ClInclude>
    <ClInclude Include="$(MSBuildThisFileDirectory)ThirdParty\h264.h">
      <Filter>ThirdParty</Filter>
    </ClInclude>
    <ClInclude Include="$(MSBuildThisFileDirectory)ThirdParty\mikktspace.h">
      <Filter>ThirdParty</Filter>
    </ClInclude>
    <ClInclude Include="$(MSBuildThisFileDirectory)ThirdParty\minimp4.h">
      <Filter>ThirdParty</Filter>
    </ClInclude>
    <ClInclude Include="$(MSBuildThisFileDirectory)ThirdParty\qoi.h">
      <Filter>ThirdParty</Filter>
    </ClInclude>
    <ClInclude Include="$(MSBuildThisFileDirectory)ThirdParty\stb_rect_pack.h">
      <Filter>ThirdParty</Filter>
    </ClInclude>
    <ClInclude Include="$(MSBuildThisFileDirectory)CommonInclude.h" />
    <ClInclude Include="$(MSBuildThisFileDirectory)ThirdParty\RectPacker.h">
      <Filter>ThirdParty</Filter>
    </ClInclude>
    <ClInclude Include="$(MSBuildThisFileDirectory)ThirdParty\liberation_sans.h">
      <Filter>ThirdParty</Filter>
    </ClInclude>
    <ClInclude Include="$(MSBuildThisFileDirectory)Common\Backend\GRendererInterface.h">
      <Filter>Common\Backend</Filter>
    </ClInclude>
    <ClInclude Include="$(MSBuildThisFileDirectory)Components\Components.h">
      <Filter>Components\APIs</Filter>
    </ClInclude>
    <ClInclude Include="$(MSBuildThisFileDirectory)Components\GComponents.h">
      <Filter>Components\APIs</Filter>
    </ClInclude>
    <ClInclude Include="$(MSBuildThisFileDirectory)Libs\PrimitiveHelper.h">
      <Filter>Libs %28header only%29</Filter>
    </ClInclude>
    <ClInclude Include="$(MSBuildThisFileDirectory)HighAPIs\VzEngineAPIs.h">
      <Filter>HighAPIs\APIs\Common</Filter>
    </ClInclude>
    <ClInclude Include="$(MSBuildThisFileDirectory)HighAPIs\VzComponentAPIs.h">
      <Filter>HighAPIs\APIs\Common</Filter>
    </ClInclude>
    <ClInclude Include="$(MSBuildThisFileDirectory)HighAPIs\VzActor.h">
      <Filter>HighAPIs\APIs\Components</Filter>
    </ClInclude>
    <ClInclude Include="$(MSBuildThisFileDirectory)HighAPIs\VzCamera.h">
      <Filter>HighAPIs\APIs\Components</Filter>
    </ClInclude>
    <ClInclude Include="$(MSBuildThisFileDirectory)HighAPIs\VzGeometry.h">
      <Filter>HighAPIs\APIs\Components</Filter>
    </ClInclude>
    <ClInclude Include="$(MSBuildThisFileDirectory)HighAPIs\VzLight.h">
      <Filter>HighAPIs\APIs\Components</Filter>
    </ClInclude>
    <ClInclude Include="$(MSBuildThisFileDirectory)HighAPIs\VzMaterial.h">
      <Filter>HighAPIs\APIs\Components</Filter>
    </ClInclude>
    <ClInclude Include="$(MSBuildThisFileDirectory)HighAPIs\VzRenderer.h">
      <Filter>HighAPIs\APIs\Components</Filter>
    </ClInclude>
    <ClInclude Include="$(MSBuildThisFileDirectory)HighAPIs\VzScene.h">
      <Filter>HighAPIs\APIs\Components</Filter>
    </ClInclude>
    <ClInclude Include="$(MSBuildThisFileDirectory)HighAPIs\VzTexture.h">
      <Filter>HighAPIs\APIs\Components</Filter>
    </ClInclude>
    <ClInclude Include="$(MSBuildThisFileDirectory)HighAPIs\VzArchive.h">
      <Filter>HighAPIs\APIs\Common</Filter>
    </ClInclude>
    <ClInclude Include="$(MSBuildThisFileDirectory)Common\Initializer.h">
      <Filter>Common</Filter>
    </ClInclude>
    <ClInclude Include="$(MSBuildThisFileDirectory)Utils\Spinlock.h">
      <Filter>Utils\Header Only</Filter>
    </ClInclude>
    <ClInclude Include="$(MSBuildThisFileDirectory)Utils\Timer.h">
      <Filter>Utils\Header Only</Filter>
    </ClInclude>
    <ClInclude Include="$(MSBuildThisFileDirectory)Utils\Color.h">
      <Filter>Utils\Header Only</Filter>
    </ClInclude>
    <ClInclude Include="$(MSBuildThisFileDirectory)Utils\Backlog.h">
      <Filter>Utils\UTIL_EXPORT</Filter>
    </ClInclude>
    <ClInclude Include="$(MSBuildThisFileDirectory)Utils\EventHandler.h">
      <Filter>Utils\UTIL_EXPORT</Filter>
    </ClInclude>
    <ClInclude Include="$(MSBuildThisFileDirectory)Utils\Helpers.h">
      <Filter>Utils\Header Only</Filter>
    </ClInclude>
    <ClInclude Include="$(MSBuildThisFileDirectory)Utils\JobSystem.h">
      <Filter>Utils\UTIL_EXPORT</Filter>
    </ClInclude>
    <ClInclude Include="$(MSBuildThisFileDirectory)Utils\Platform.h">
      <Filter>Utils\UTIL_EXPORT</Filter>
    </ClInclude>
    <ClInclude Include="$(MSBuildThisFileDirectory)Utils\Profiler.h">
      <Filter>Utils\UTIL_EXPORT</Filter>
    </ClInclude>
    <ClInclude Include="$(MSBuildThisFileDirectory)Utils\ECS.h">
      <Filter>Utils\Src</Filter>
    </ClInclude>
    <ClInclude Include="$(MSBuildThisFileDirectory)Utils\Helpers2.h">
      <Filter>Utils\Src</Filter>
    </ClInclude>
    <ClInclude Include="$(MSBuildThisFileDirectory)Utils\Invocable.h">
      <Filter>Utils\Src</Filter>
    </ClInclude>
    <ClInclude Include="$(MSBuildThisFileDirectory)Utils\Noise.h">
      <Filter>Utils\Src</Filter>
    </ClInclude>
    <ClInclude Include="$(MSBuildThisFileDirectory)Utils\Random.h">
      <Filter>Utils\Src</Filter>
    </ClInclude>
  </ItemGroup>
  <ItemGroup>
    <ClCompile Include="$(MSBuildThisFileDirectory)Common\Archive.cpp">
      <Filter>Common</Filter>
    </ClCompile>
    <ClCompile Include="$(MSBuildThisFileDirectory)Common\RenderPath2D.cpp">
      <Filter>Common</Filter>
    </ClCompile>
    <ClCompile Include="$(MSBuildThisFileDirectory)Common\RenderPath3D.cpp">
      <Filter>Common</Filter>
    </ClCompile>
    <ClCompile Include="$(MSBuildThisFileDirectory)ThirdParty\stb_image.cpp">
      <Filter>ThirdParty\stb</Filter>
    </ClCompile>
    <ClCompile Include="$(MSBuildThisFileDirectory)Common\Backend\TextureHelper.cpp">
      <Filter>Common\Backend</Filter>
    </ClCompile>
    <ClCompile Include="$(MSBuildThisFileDirectory)ThirdParty\lodepng.cpp">
      <Filter>ThirdParty</Filter>
    </ClCompile>
    <ClCompile Include="$(MSBuildThisFileDirectory)ThirdParty\basisu_common.cpp">
      <Filter>ThirdParty</Filter>
    </ClCompile>
    <ClCompile Include="$(MSBuildThisFileDirectory)HighAPIs\VzEngineAPIs.cpp">
      <Filter>HighAPIs</Filter>
    </ClCompile>
    <ClCompile Include="$(MSBuildThisFileDirectory)Components\BasicComponents.cpp">
      <Filter>Components</Filter>
    </ClCompile>
    <ClCompile Include="$(MSBuildThisFileDirectory)Components\TextureComponent.cpp">
      <Filter>Components</Filter>
    </ClCompile>
    <ClCompile Include="$(MSBuildThisFileDirectory)Components\GeometryComponent.cpp">
      <Filter>Components</Filter>
    </ClCompile>
    <ClCompile Include="$(MSBuildThisFileDirectory)Components\MaterialComponent.cpp">
      <Filter>Components</Filter>
    </ClCompile>
    <ClCompile Include="$(MSBuildThisFileDirectory)components\ComponentFactory.cpp">
      <Filter>Components</Filter>
    </ClCompile>
    <ClCompile Include="$(MSBuildThisFileDirectory)Components\ComponentSerializer.cpp">
      <Filter>Components</Filter>
    </ClCompile>
    <ClCompile Include="$(MSBuildThisFileDirectory)Common\ResourceManager.cpp">
      <Filter>Common</Filter>
    </ClCompile>
    <ClCompile Include="$(MSBuildThisFileDirectory)Components\Scene.cpp">
      <Filter>Components</Filter>
    </ClCompile>
    <ClCompile Include="$(MSBuildThisFileDirectory)Common\Canvas.cpp">
      <Filter>Common</Filter>
    </ClCompile>
    <ClCompile Include="$(MSBuildThisFileDirectory)HighAPIs\VzRenderer.cpp">
      <Filter>HighAPIs\APIs\ComponentsSrc</Filter>
    </ClCompile>
    <ClCompile Include="$(MSBuildThisFileDirectory)HighAPIs\VzActor.cpp">
      <Filter>HighAPIs\APIs\ComponentsSrc</Filter>
    </ClCompile>
    <ClCompile Include="$(MSBuildThisFileDirectory)HighAPIs\VzComponentAPIs.cpp">
      <Filter>HighAPIs\APIs\ComponentsSrc</Filter>
    </ClCompile>
    <ClCompile Include="$(MSBuildThisFileDirectory)HighAPIs\VzGeometry.cpp">
      <Filter>HighAPIs\APIs\ComponentsSrc</Filter>
    </ClCompile>
    <ClCompile Include="$(MSBuildThisFileDirectory)HighAPIs\VzMaterial.cpp">
      <Filter>HighAPIs\APIs\ComponentsSrc</Filter>
    </ClCompile>
    <ClCompile Include="$(MSBuildThisFileDirectory)Common\Initializer.cpp">
      <Filter>Common</Filter>
    </ClCompile>
    <ClCompile Include="$(MSBuildThisFileDirectory)Common\Version.cpp">
      <Filter>Common</Filter>
    </ClCompile>
    <ClCompile Include="$(MSBuildThisFileDirectory)Utils\Backlog.cpp">
      <Filter>Utils\Src</Filter>
    </ClCompile>
    <ClCompile Include="$(MSBuildThisFileDirectory)Utils\EventHandler.cpp">
      <Filter>Utils\Src</Filter>
    </ClCompile>
    <ClCompile Include="$(MSBuildThisFileDirectory)Utils\Helpers2.cpp">
      <Filter>Utils\Src</Filter>
    </ClCompile>
    <ClCompile Include="$(MSBuildThisFileDirectory)Utils\JobSystem.cpp">
      <Filter>Utils\Src</Filter>
    </ClCompile>
    <ClCompile Include="$(MSBuildThisFileDirectory)Utils\Random.cpp">
      <Filter>Utils\Src</Filter>
    </ClCompile>
    <ClCompile Include="$(MSBuildThisFileDirectory)Utils\samplerBlueNoiseErrorDistribution_128x128_OptimizedFor_2d2d2d2d_1spp.cpp">
      <Filter>Utils\Src</Filter>
    </ClCompile>
    <ClCompile Include="$(MSBuildThisFileDirectory)Utils\Profiler.cpp">
      <Filter>Utils\Src</Filter>
    </ClCompile>
  </ItemGroup>
  <ItemGroup>
    <None Include="$(MSBuildThisFileDirectory)Libs\DirectXMath\DirectXCollision.inl">
      <Filter>Libs %28header only%29\DirectXMath</Filter>
    </None>
    <None Include="$(MSBuildThisFileDirectory)Libs\DirectXMath\DirectXMathConvert.inl">
      <Filter>Libs %28header only%29\DirectXMath</Filter>
    </None>
    <None Include="$(MSBuildThisFileDirectory)Libs\DirectXMath\DirectXMathMatrix.inl">
      <Filter>Libs %28header only%29\DirectXMath</Filter>
    </None>
    <None Include="$(MSBuildThisFileDirectory)Libs\DirectXMath\DirectXMathMisc.inl">
      <Filter>Libs %28header only%29\DirectXMath</Filter>
    </None>
    <None Include="$(MSBuildThisFileDirectory)Libs\DirectXMath\DirectXMathVector.inl">
      <Filter>Libs %28header only%29\DirectXMath</Filter>
    </None>
    <None Include="$(MSBuildThisFileDirectory)Libs\DirectXMath\DirectXPackedVector.inl">
      <Filter>Libs %28header only%29\DirectXMath</Filter>
    </None>
  </ItemGroup>
</Project>