<?xml version="1.0" encoding="utf-8"?>
<Project ToolsVersion="4.0" xmlns="http://schemas.microsoft.com/developer/msbuild/2003">
  <ItemGroup>
    <Filter Include="CommonHF">
      <UniqueIdentifier>{f92570bb-a5e3-4b03-ad7a-99124815d443}</UniqueIdentifier>
    </Filter>
    <Filter Include="Pipeline Shaders">
      <UniqueIdentifier>{580a4773-9b45-44e9-bc46-568927e883eb}</UniqueIdentifier>
    </Filter>
    <Filter Include="Pipeline Shaders\PS">
      <UniqueIdentifier>{89e1659f-8e03-4d4a-b866-7b4c7876f0fa}</UniqueIdentifier>
    </Filter>
    <Filter Include="Pipeline Shaders\VS">
      <UniqueIdentifier>{23dbb783-f920-42dd-a8a6-112587b07d22}</UniqueIdentifier>
    </Filter>
    <Filter Include="Batch %28root%29">
      <UniqueIdentifier>{87ef205b-9f03-4c75-9fa3-a0a1c697c1b2}</UniqueIdentifier>
    </Filter>
    <Filter Include="Common %28root%29">
      <UniqueIdentifier>{7a984d49-29e9-4f9b-99f8-db65d12cf319}</UniqueIdentifier>
    </Filter>
    <Filter Include="Interop %28root%29">
      <UniqueIdentifier>{cba31e7b-f882-4efc-af50-f0d4f29c7e3e}</UniqueIdentifier>
    </Filter>
    <Filter Include="Pipeline Shaders\CS">
      <UniqueIdentifier>{bfa6fdaf-e093-4e65-bdee-a6905930c1ed}</UniqueIdentifier>
    </Filter>
  </ItemGroup>
  <ItemGroup>
    <None Include="$(MSBuildThisFileDirectory)Shaders\CommonHF\brdf.hlsli">
      <Filter>CommonHF</Filter>
    </None>
    <None Include="$(MSBuildThisFileDirectory)Shaders\CommonHF\fogHF.hlsli">
      <Filter>CommonHF</Filter>
    </None>
    <None Include="$(MSBuildThisFileDirectory)Shaders\CommonHF\lightingHF.hlsli">
      <Filter>CommonHF</Filter>
    </None>
    <None Include="$(MSBuildThisFileDirectory)Shaders\CommonHF\objectHF.hlsli">
      <Filter>CommonHF</Filter>
    </None>
    <None Include="$(MSBuildThisFileDirectory)Shaders\CommonHF\shadingHF.hlsli">
      <Filter>CommonHF</Filter>
    </None>
    <None Include="$(MSBuildThisFileDirectory)Shaders\CommonHF\surfaceHF.hlsli">
      <Filter>CommonHF</Filter>
    </None>
    <None Include="$(MSBuildThisFileDirectory)Shaders\CommonHF\shadowHF.hlsli">
      <Filter>CommonHF</Filter>
    </None>
    <None Include="$(MSBuildThisFileDirectory)Shaders\CommonHF\voxelConeTracingHF.hlsli">
      <Filter>CommonHF</Filter>
    </None>
    <None Include="$(MSBuildThisFileDirectory)Shaders\compile.bat">
      <Filter>Batch %28root%29</Filter>
    </None>
    <None Include="$(MSBuildThisFileDirectory)Shaders\ColorSpaceUtility.hlsli">
      <Filter>Common %28root%29</Filter>
    </None>
    <None Include="$(MSBuildThisFileDirectory)Shaders\Globals.hlsli">
      <Filter>Common %28root%29</Filter>
    </None>
    <None Include="$(MSBuildThisFileDirectory)Shaders\PixelPacking_R11G11B10.hlsli">
      <Filter>Common %28root%29</Filter>
    </None>
    <None Include="$(MSBuildThisFileDirectory)Shaders\PixelPacking_RGBE.hlsli">
      <Filter>Common %28root%29</Filter>
    </None>
    <None Include="$(MSBuildThisFileDirectory)Shaders\CommonHF\raytracingHF.hlsli">
      <Filter>CommonHF</Filter>
    </None>
    <None Include="$(MSBuildThisFileDirectory)Shaders\CommonHF\imageHF.hlsli">
      <Filter>CommonHF</Filter>
    </None>
    <None Include="$(MSBuildThisFileDirectory)Shaders\CommonHF\cullingShaderHF.hlsli">
      <Filter>CommonHF</Filter>
    </None>
  </ItemGroup>
  <ItemGroup>
    <ClInclude Include="$(MSBuildThisFileDirectory)Shaders\ShaderInterop.h">
      <Filter>Interop %28root%29</Filter>
    </ClInclude>
    <ClInclude Include="$(MSBuildThisFileDirectory)Shaders\ShaderInterop_DDGI.h">
      <Filter>Interop %28root%29</Filter>
    </ClInclude>
    <ClInclude Include="$(MSBuildThisFileDirectory)Shaders\ShaderInterop_SurfelGI.h">
      <Filter>Interop %28root%29</Filter>
    </ClInclude>
    <ClInclude Include="$(MSBuildThisFileDirectory)Shaders\ShaderInterop_VXGI.h">
      <Filter>Interop %28root%29</Filter>
    </ClInclude>
    <ClInclude Include="$(MSBuildThisFileDirectory)Shaders\ShaderInterop_BVH.h">
      <Filter>Interop %28root%29</Filter>
    </ClInclude>
    <ClInclude Include="$(MSBuildThisFileDirectory)Shaders\ShaderInterop_Raytracing.h">
      <Filter>Interop %28root%29</Filter>
    </ClInclude>
    <ClInclude Include="$(MSBuildThisFileDirectory)Shaders\ShaderInterop_Postprocess.h">
      <Filter>Interop %28root%29</Filter>
    </ClInclude>
  </ItemGroup>
  <ItemGroup>
    <FxCompile Include="$(MSBuildThisFileDirectory)Shaders\VS\meshVS_common.hlsl">
      <Filter>Pipeline Shaders\VS</Filter>
    </FxCompile>
    <FxCompile Include="$(MSBuildThisFileDirectory)Shaders\VS\meshVS_debug.hlsl">
      <Filter>Pipeline Shaders\VS</Filter>
    </FxCompile>
    <FxCompile Include="$(MSBuildThisFileDirectory)Shaders\VS\meshVS_simple.hlsl">
      <Filter>Pipeline Shaders\VS</Filter>
    </FxCompile>
    <FxCompile Include="$(MSBuildThisFileDirectory)Shaders\VS\vertexcolorVS.hlsl">
      <Filter>Pipeline Shaders\VS</Filter>
    </FxCompile>
    <FxCompile Include="$(MSBuildThisFileDirectory)Shaders\PS\meshPS.hlsl">
      <Filter>Pipeline Shaders\PS</Filter>
    </FxCompile>
    <FxCompile Include="$(MSBuildThisFileDirectory)Shaders\PS\meshPS_debug.hlsl">
      <Filter>Pipeline Shaders\PS</Filter>
    </FxCompile>
    <FxCompile Include="$(MSBuildThisFileDirectory)Shaders\PS\meshPS_simple.hlsl">
      <Filter>Pipeline Shaders\PS</Filter>
    </FxCompile>
    <FxCompile Include="$(MSBuildThisFileDirectory)Shaders\PS\meshPS_UNLIT.hlsl">
      <Filter>Pipeline Shaders\PS</Filter>
    </FxCompile>
    <FxCompile Include="$(MSBuildThisFileDirectory)Shaders\PS\meshPS_PBR.hlsl">
      <Filter>Pipeline Shaders\PS</Filter>
    </FxCompile>
    <FxCompile Include="$(MSBuildThisFileDirectory)Shaders\PS\meshPS_PHONG.hlsl">
      <Filter>Pipeline Shaders\PS</Filter>
    </FxCompile>
    <FxCompile Include="$(MSBuildThisFileDirectory)Shaders\VS\occludeeVS.hlsl">
      <Filter>Pipeline Shaders\VS</Filter>
    </FxCompile>
    <FxCompile Include="$(MSBuildThisFileDirectory)Shaders\PS\vertexcolorPS.hlsl">
      <Filter>Pipeline Shaders\PS</Filter>
    </FxCompile>
    <FxCompile Include="$(MSBuildThisFileDirectory)Shaders\CS\view_resolveCS_MSAA.hlsl">
      <Filter>Pipeline Shaders\CS</Filter>
    </FxCompile>
    <FxCompile Include="$(MSBuildThisFileDirectory)Shaders\CS\view_resolveCS.hlsl">
      <Filter>Pipeline Shaders\CS</Filter>
    </FxCompile>
    <FxCompile Include="$(MSBuildThisFileDirectory)Shaders\VS\imageVS.hlsl">
      <Filter>Pipeline Shaders\VS</Filter>
    </FxCompile>
    <FxCompile Include="$(MSBuildThisFileDirectory)Shaders\PS\imagePS.hlsl">
      <Filter>Pipeline Shaders\PS</Filter>
    </FxCompile>
    <FxCompile Include="$(MSBuildThisFileDirectory)Shaders\VS\meshVS_prepass.hlsl">
      <Filter>Pipeline Shaders\VS</Filter>
    </FxCompile>
    <FxCompile Include="$(MSBuildThisFileDirectory)Shaders\VS\meshVS_prepass_alphatest.hlsl">
      <Filter>Pipeline Shaders\VS</Filter>
    </FxCompile>
    <FxCompile Include="$(MSBuildThisFileDirectory)Shaders\VS\meshVS_prepass_alphatest_tessellation.hlsl">
      <Filter>Pipeline Shaders\VS</Filter>
    </FxCompile>
    <FxCompile Include="$(MSBuildThisFileDirectory)Shaders\VS\meshVS_prepass_tessellation.hlsl">
      <Filter>Pipeline Shaders\VS</Filter>
    </FxCompile>
    <FxCompile Include="$(MSBuildThisFileDirectory)Shaders\PS\meshPS_prepass.hlsl">
      <Filter>Pipeline Shaders\PS</Filter>
    </FxCompile>
    <FxCompile Include="$(MSBuildThisFileDirectory)Shaders\PS\meshPS_prepass_alphatest.hlsl">
      <Filter>Pipeline Shaders\PS</Filter>
    </FxCompile>
    <FxCompile Include="$(MSBuildThisFileDirectory)Shaders\PS\meshPS_prepass_depthonly.hlsl">
      <Filter>Pipeline Shaders\PS</Filter>
    </FxCompile>
    <FxCompile Include="$(MSBuildThisFileDirectory)Shaders\PS\meshPS_prepass_depthonly_alphatest.hlsl">
      <Filter>Pipeline Shaders\PS</Filter>
    </FxCompile>
    <FxCompile Include="$(MSBuildThisFileDirectory)Shaders\CS\lightCullingCS.hlsl">
      <Filter>Pipeline Shaders\CS</Filter>
    </FxCompile>
    <FxCompile Include="$(MSBuildThisFileDirectory)Shaders\CS\lightCullingCS_ADVANCED.hlsl">
      <Filter>Pipeline Shaders\CS</Filter>
    </FxCompile>
    <FxCompile Include="$(MSBuildThisFileDirectory)Shaders\CS\lightCullingCS_ADVANCED_DEBUG.hlsl">
      <Filter>Pipeline Shaders\CS</Filter>
    </FxCompile>
    <FxCompile Include="$(MSBuildThisFileDirectory)Shaders\CS\lightCullingCS_DEBUG.hlsl">
      <Filter>Pipeline Shaders\CS</Filter>
    </FxCompile>
    <FxCompile Include="$(MSBuildThisFileDirectory)Shaders\CS\generateMIPChainCubeArrayCS_unorm4.hlsl">
      <Filter>Pipeline Shaders\CS</Filter>
    </FxCompile>
    <FxCompile Include="$(MSBuildThisFileDirectory)Shaders\CS\generateMIPChainCubeArrayCS_float4.hlsl">
      <Filter>Pipeline Shaders\CS</Filter>
    </FxCompile>
    <FxCompile Include="$(MSBuildThisFileDirectory)Shaders\CS\generateMIPChainCubeCS_unorm4.hlsl">
      <Filter>Pipeline Shaders\CS</Filter>
    </FxCompile>
    <FxCompile Include="$(MSBuildThisFileDirectory)Shaders\CS\generateMIPChainCubeCS_float4.hlsl">
      <Filter>Pipeline Shaders\CS</Filter>
    </FxCompile>
    <FxCompile Include="$(MSBuildThisFileDirectory)Shaders\CS\generateMIPChain3DCS_unorm4.hlsl">
      <Filter>Pipeline Shaders\CS</Filter>
    </FxCompile>
    <FxCompile Include="$(MSBuildThisFileDirectory)Shaders\CS\generateMIPChain2DCS_float4.hlsl">
      <Filter>Pipeline Shaders\CS</Filter>
    </FxCompile>
    <FxCompile Include="$(MSBuildThisFileDirectory)Shaders\CS\generateMIPChain2DCS_unorm4.hlsl">
      <Filter>Pipeline Shaders\CS</Filter>
    </FxCompile>
    <FxCompile Include="$(MSBuildThisFileDirectory)Shaders\CS\generateMIPChain3DCS_float4.hlsl">
      <Filter>Pipeline Shaders\CS</Filter>
    </FxCompile>
    <FxCompile Include="$(MSBuildThisFileDirectory)Shaders\CS\blur_gaussian_float4CS.hlsl">
      <Filter>Pipeline Shaders\CS</Filter>
    </FxCompile>
    <FxCompile Include="$(MSBuildThisFileDirectory)Shaders\CS\blur_gaussian_unorm1CS.hlsl">
      <Filter>Pipeline Shaders\CS</Filter>
    </FxCompile>
    <FxCompile Include="$(MSBuildThisFileDirectory)Shaders\CS\blur_gaussian_unorm4CS.hlsl">
      <Filter>Pipeline Shaders\CS</Filter>
    </FxCompile>
    <FxCompile Include="$(MSBuildThisFileDirectory)Shaders\CS\blur_gaussian_wide_float1CS.hlsl">
      <Filter>Pipeline Shaders\CS</Filter>
    </FxCompile>
    <FxCompile Include="$(MSBuildThisFileDirectory)Shaders\CS\blur_gaussian_wide_float3CS.hlsl">
      <Filter>Pipeline Shaders\CS</Filter>
    </FxCompile>
    <FxCompile Include="$(MSBuildThisFileDirectory)Shaders\CS\blur_gaussian_wide_float4CS.hlsl">
      <Filter>Pipeline Shaders\CS</Filter>
    </FxCompile>
    <FxCompile Include="$(MSBuildThisFileDirectory)Shaders\CS\blur_gaussian_wide_unorm1CS.hlsl">
      <Filter>Pipeline Shaders\CS</Filter>
    </FxCompile>
    <FxCompile Include="$(MSBuildThisFileDirectory)Shaders\CS\blur_gaussian_wide_unorm4CS.hlsl">
      <Filter>Pipeline Shaders\CS</Filter>
    </FxCompile>
    <FxCompile Include="$(MSBuildThisFileDirectory)Shaders\CS\blur_gaussian_float1CS.hlsl">
      <Filter>Pipeline Shaders\CS</Filter>
    </FxCompile>
    <FxCompile Include="$(MSBuildThisFileDirectory)Shaders\CS\blur_gaussian_float3CS.hlsl">
      <Filter>Pipeline Shaders\CS</Filter>
    </FxCompile>
  </ItemGroup>
</Project>