<?xml version="1.0" encoding="utf-8"?>
<Project ToolsVersion="4.0" xmlns="http://schemas.microsoft.com/developer/msbuild/2003">
  <ItemGroup>
    <ClCompile Include="GraphicsDevice_DX12.cpp" />
    <ClCompile Include="PluginInterface.cpp" />
    <ClCompile Include="Renderer.cpp" />
    <ClCompile Include="RenderInitializer.cpp" />
    <ClCompile Include="ShaderLoader.cpp" />
    <ClCompile Include="ShaderCompiler.cpp" />
    <ClCompile Include="SceneResUpdate.cpp" />
    <ClCompile Include="TextureHelper.cpp" />
    <ClCompile Include="Random.cpp" />
    <ClCompile Include="samplerBlueNoiseErrorDistribution_128x128_OptimizedFor_2d2d2d2d_1spp.cpp">
      <Filter>Resources</Filter>
    </ClCompile>
  </ItemGroup>
  <ItemGroup>
    <ClInclude Include="GraphicsDevice_DX12.h" />
    <ClInclude Include="D3D12MemAlloc.h" />
    <ClInclude Include="PluginInterface.h" />
    <ClInclude Include="Shaders\ShaderInterop.h">
      <Filter>Shaders\Interop</Filter>
    </ClInclude>
    <ClInclude Include="Renderer.h" />
    <ClInclude Include="ShaderCompiler.h" />
    <ClInclude Include="Utility\dxcapi.h">
      <Filter>Utility</Filter>
    </ClInclude>
    <ClInclude Include="TextureHelper.h" />
    <ClInclude Include="Noise.h" />
    <ClInclude Include="Random.h" />
    <ClInclude Include="waterripple.h">
      <Filter>Resources</Filter>
    </ClInclude>
    <ClInclude Include="sheenLUT.h">
      <Filter>Resources</Filter>
    </ClInclude>
  </ItemGroup>
  <ItemGroup>
    <Filter Include="Shaders">
      <UniqueIdentifier>{e99cb271-8fde-4718-ac12-b01cc63fddf5}</UniqueIdentifier>
    </Filter>
    <Filter Include="Shaders\Interop">
      <UniqueIdentifier>{2df084ac-20b5-4d9b-8276-c3c8dd9179a6}</UniqueIdentifier>
    </Filter>
    <Filter Include="Shaders\Common">
      <UniqueIdentifier>{f5da2235-9254-4069-a4a5-cbe96fabd781}</UniqueIdentifier>
    </Filter>
    <Filter Include="Utility">
      <UniqueIdentifier>{bf283072-045c-4e50-aa3b-198bb0c8af69}</UniqueIdentifier>
    </Filter>
    <Filter Include="Resources">
      <UniqueIdentifier>{dfad21a7-1cf0-4c0c-a0ce-3f1637b1ec56}</UniqueIdentifier>
    </Filter>
  </ItemGroup>
  <ItemGroup>
    <None Include="Shaders\Globals.hlsli">
      <Filter>Shaders\Common</Filter>
    </None>
    <None Include="Shaders\ColorSpaceUtility.hlsli">
      <Filter>Shaders\Common</Filter>
    </None>
    <None Include="Shaders\PixelPacking_RGBE.hlsli">
      <Filter>Shaders\Common</Filter>
    </None>
    <None Include="Shaders\PixelPacking_R11G11B10.hlsli">
      <Filter>Shaders\Common</Filter>
    </None>
  </ItemGroup>
</Project>