<?xml version="1.0" encoding="utf-8"?>
<Project ToolsVersion="4.0" xmlns="http://schemas.microsoft.com/developer/msbuild/2003">
  <ItemGroup>
    <ClCompile Include="GraphicsDevice_DX12.cpp" />
    <ClCompile Include="GraphicsInterface.cpp" />
    <ClCompile Include="Renderer.cpp" />
    <ClCompile Include="RenderInitializer.cpp" />
    <ClCompile Include="ShaderLoader.cpp" />
  </ItemGroup>
  <ItemGroup>
    <ClInclude Include="GraphicsDevice_DX12.h" />
    <ClInclude Include="D3D12MemAlloc.h" />
    <ClInclude Include="GraphicsInterface.h" />
    <ClInclude Include="Shaders\ShaderInterop.h">
      <Filter>Shaders\Interop</Filter>
    </ClInclude>
    <ClInclude Include="Renderer.h" />
  </ItemGroup>
  <ItemGroup>
    <Filter Include="Shaders">
      <UniqueIdentifier>{e99cb271-8fde-4718-ac12-b01cc63fddf5}</UniqueIdentifier>
    </Filter>
    <Filter Include="Shaders\Interop">
      <UniqueIdentifier>{2df084ac-20b5-4d9b-8276-c3c8dd9179a6}</UniqueIdentifier>
    </Filter>
    <Filter Include="Shaders\Common">
      <UniqueIdentifier>{f5da2235-9254-4069-a4a5-cbe96fabd781}</UniqueIdentifier>
    </Filter>
  </ItemGroup>
  <ItemGroup>
    <None Include="Shaders\Globals.hlsli">
      <Filter>Shaders\Common</Filter>
    </None>
    <None Include="Shaders\ColorSpaceUtility.hlsli">
      <Filter>Shaders\Common</Filter>
    </None>
    <None Include="Shaders\PixelPacking_RGBE.hlsli">
      <Filter>Shaders\Common</Filter>
    </None>
    <None Include="Shaders\PixelPacking_R11G11B10.hlsli">
      <Filter>Shaders\Common</Filter>
    </None>
  </ItemGroup>
</Project>